
Microsoft Visual Studio Solution File, Format Version 11.00
# Visual C# Express 2010
Project("{FAE04EC0-301F-11D3-BF4B-00C04F79EFBC}") = "AmaroK86.ImageMipMapHandler", "AmaroK86.ImageMipMapHandler\AmaroK86.ImageMipMapHandler.csproj", "{4740CDBD-DC9C-4964-BAE0-8C401340ED95}"
EndProject
Project("{FAE04EC0-301F-11D3-BF4B-00C04F79EFBC}") = "AmaroK86.ImageFormat", "..\AmaroK86.ImageFormat\AmaroK86.ImageFormat\AmaroK86.ImageFormat.csproj", "{F1C6A2A0-5F1A-414A-BE17-A2FDA2A79E7F}"
EndProject
Project("{FAE04EC0-301F-11D3-BF4B-00C04F79EFBC}") = "Gibbed.IO", "..\..\Tools\Gibbed.IO\Gibbed.IO.csproj", "{047857BA-DAA3-4CA7-AFB8-A1B082B28C6A}"
EndProject
Global
	GlobalSection(SolutionConfigurationPlatforms) = preSolution
		Debug|Any CPU = Debug|Any CPU
		Debug|Mixed Platforms = Debug|Mixed Platforms
		Debug|x86 = Debug|x86
		Release|Any CPU = Release|Any CPU
		Release|Mixed Platforms = Release|Mixed Platforms
		Release|x86 = Release|x86
	EndGlobalSection
	GlobalSection(ProjectConfigurationPlatforms) = postSolution
		{4740CDBD-DC9C-4964-BAE0-8C401340ED95}.Debug|Any CPU.ActiveCfg = Debug|Any CPU
		{4740CDBD-DC9C-4964-BAE0-8C401340ED95}.Debug|Any CPU.Build.0 = Debug|Any CPU
		{4740CDBD-DC9C-4964-BAE0-8C401340ED95}.Debug|Mixed Platforms.ActiveCfg = Debug|Any CPU
		{4740CDBD-DC9C-4964-BAE0-8C401340ED95}.Debug|Mixed Platforms.Build.0 = Debug|Any CPU
		{4740CDBD-DC9C-4964-BAE0-8C401340ED95}.Debug|x86.ActiveCfg = Debug|Any CPU
		{4740CDBD-DC9C-4964-BAE0-8C401340ED95}.Release|Any CPU.ActiveCfg = Release|Any CPU
		{4740CDBD-DC9C-4964-BAE0-8C401340ED95}.Release|Any CPU.Build.0 = Release|Any CPU
		{4740CDBD-DC9C-4964-BAE0-8C401340ED95}.Release|Mixed Platforms.ActiveCfg = Release|Any CPU
		{4740CDBD-DC9C-4964-BAE0-8C401340ED95}.Release|Mixed Platforms.Build.0 = Release|Any CPU
		{4740CDBD-DC9C-4964-BAE0-8C401340ED95}.Release|x86.ActiveCfg = Release|Any CPU
		{F1C6A2A0-5F1A-414A-BE17-A2FDA2A79E7F}.Debug|Any CPU.ActiveCfg = Debug|Any CPU
		{F1C6A2A0-5F1A-414A-BE17-A2FDA2A79E7F}.Debug|Any CPU.Build.0 = Debug|Any CPU
		{F1C6A2A0-5F1A-414A-BE17-A2FDA2A79E7F}.Debug|Mixed Platforms.ActiveCfg = Debug|Any CPU
		{F1C6A2A0-5F1A-414A-BE17-A2FDA2A79E7F}.Debug|Mixed Platforms.Build.0 = Debug|Any CPU
		{F1C6A2A0-5F1A-414A-BE17-A2FDA2A79E7F}.Debug|x86.ActiveCfg = Debug|Any CPU
		{F1C6A2A0-5F1A-414A-BE17-A2FDA2A79E7F}.Release|Any CPU.ActiveCfg = Release|Any CPU
		{F1C6A2A0-5F1A-414A-BE17-A2FDA2A79E7F}.Release|Any CPU.Build.0 = Release|Any CPU
		{F1C6A2A0-5F1A-414A-BE17-A2FDA2A79E7F}.Release|Mixed Platforms.ActiveCfg = Release|Any CPU
		{F1C6A2A0-5F1A-414A-BE17-A2FDA2A79E7F}.Release|Mixed Platforms.Build.0 = Release|Any CPU
		{F1C6A2A0-5F1A-414A-BE17-A2FDA2A79E7F}.Release|x86.ActiveCfg = Release|Any CPU
		{047857BA-DAA3-4CA7-AFB8-A1B082B28C6A}.Debug|Any CPU.ActiveCfg = Debug|Any CPU
		{047857BA-DAA3-4CA7-AFB8-A1B082B28C6A}.Debug|Any CPU.Build.0 = Debug|Any CPU
		{047857BA-DAA3-4CA7-AFB8-A1B082B28C6A}.Debug|Mixed Platforms.ActiveCfg = Debug|Any CPU
		{047857BA-DAA3-4CA7-AFB8-A1B082B28C6A}.Debug|Mixed Platforms.Build.0 = Debug|Any CPU
		{047857BA-DAA3-4CA7-AFB8-A1B082B28C6A}.Debug|x86.ActiveCfg = Debug|Any CPU
		{047857BA-DAA3-4CA7-AFB8-A1B082B28C6A}.Release|Any CPU.ActiveCfg = Release|Any CPU
		{047857BA-DAA3-4CA7-AFB8-A1B082B28C6A}.Release|Any CPU.Build.0 = Release|Any CPU
		{047857BA-DAA3-4CA7-AFB8-A1B082B28C6A}.Release|Mixed Platforms.ActiveCfg = Release|Any CPU
		{047857BA-DAA3-4CA7-AFB8-A1B082B28C6A}.Release|Mixed Platforms.Build.0 = Release|Any CPU
		{047857BA-DAA3-4CA7-AFB8-A1B082B28C6A}.Release|x86.ActiveCfg = Release|Any CPU
		{FA5CA87C-442F-41EB-93AC-C306D30906B9}.Debug|Any CPU.ActiveCfg = Debug|x86
		{FA5CA87C-442F-41EB-93AC-C306D30906B9}.Debug|Mixed Platforms.ActiveCfg = Debug|x86
		{FA5CA87C-442F-41EB-93AC-C306D30906B9}.Debug|Mixed Platforms.Build.0 = Debug|x86
		{FA5CA87C-442F-41EB-93AC-C306D30906B9}.Debug|x86.ActiveCfg = Debug|x86
		{FA5CA87C-442F-41EB-93AC-C306D30906B9}.Debug|x86.Build.0 = Debug|x86
		{FA5CA87C-442F-41EB-93AC-C306D30906B9}.Release|Any CPU.ActiveCfg = Release|x86
		{FA5CA87C-442F-41EB-93AC-C306D30906B9}.Release|Mixed Platforms.ActiveCfg = Release|x86
		{FA5CA87C-442F-41EB-93AC-C306D30906B9}.Release|Mixed Platforms.Build.0 = Release|x86
		{FA5CA87C-442F-41EB-93AC-C306D30906B9}.Release|x86.ActiveCfg = Release|x86
		{FA5CA87C-442F-41EB-93AC-C306D30906B9}.Release|x86.Build.0 = Release|x86
	EndGlobalSection
	GlobalSection(SolutionProperties) = preSolution
		HideSolutionNode = FALSE
	EndGlobalSection
EndGlobal
