Microsoft Visual Studio Solution File, Format Version 12.00
# Visual Studio 15
VisualStudioVersion = 15.0.27703.2026
MinimumVisualStudioVersion = 10.0.40219.1
Project("{FAE04EC0-301F-11D3-BF4B-00C04F79EFBC}") = "ME3Explorer", "ME3Explorer\ME3Explorer.csproj", "{60E91B60-FCEE-4B36-967E-4022D8A54F2F}"
	ProjectSection(ProjectDependencies) = postProject
		{947A6918-AD71-4F61-BC63-8DA7997E10E6} = {947A6918-AD71-4F61-BC63-8DA7997E10E6}
		{DA4F02E3-0B5E-42CD-B8D9-5583FA51D66E} = {DA4F02E3-0B5E-42CD-B8D9-5583FA51D66E}
	EndProjectSection
EndProject
Project("{FAE04EC0-301F-11D3-BF4B-00C04F79EFBC}") = "SevenZip", "Tools\SevenZip\SevenZip.csproj", "{B6C4D3B4-1267-48D5-8C3B-C86FF3E517A9}"
EndProject
Project("{FAE04EC0-301F-11D3-BF4B-00C04F79EFBC}") = "Gibbed.IO", "Tools\Gibbed.IO\Gibbed.IO.csproj", "{047857BA-DAA3-4CA7-AFB8-A1B082B28C6A}"
EndProject
Project("{FAE04EC0-301F-11D3-BF4B-00C04F79EFBC}") = "Gibbed.MassEffect3.FileFormats", "Tools\Gibbed.MassEffect3.FileFormats\Gibbed.MassEffect3.FileFormats.csproj", "{681DB2CE-E3EB-4110-AC50-F53EACA66E99}"
EndProject
Project("{FAE04EC0-301F-11D3-BF4B-00C04F79EFBC}") = "AmaroK86Lib", "AmaroK86\AmaroK86Lib.csproj", "{9010228E-4393-47E2-9DEE-FB5090A1D1AB}"
EndProject
Project("{FAE04EC0-301F-11D3-BF4B-00C04F79EFBC}") = "Be.Windows.Forms.HexBox", "Be.Windows.Forms.HexBox\Be.Windows.Forms.HexBox.csproj", "{26C5F25F-B450-4CAF-AD8B-B8D11AE73457}"
EndProject
Project("{FAE04EC0-301F-11D3-BF4B-00C04F79EFBC}") = "UDKExplorer", "UDKExplorer\UDKExplorer.csproj", "{F660E850-DA7A-41A6-AE77-4AB4F21D8F33}"
EndProject
Project("{FAE04EC0-301F-11D3-BF4B-00C04F79EFBC}") = "SaltTPF", "SaltTPF\SaltTPF.csproj", "{8637A2AA-E1FB-4EC9-88A5-688D7D1F7921}"
EndProject
Project("{FAE04EC0-301F-11D3-BF4B-00C04F79EFBC}") = "ME3LibWV", "ME3LibWV\ME3LibWV.csproj", "{A8E1981A-0A8C-4C7A-9175-B5F0C085F639}"
EndProject
Project("{FAE04EC0-301F-11D3-BF4B-00C04F79EFBC}") = "KFreonLib", "KFreonLib\KFreonLib.csproj", "{8B07ED45-42F4-4B0E-A581-2C257F77241E}"
EndProject
Project("{FAE04EC0-301F-11D3-BF4B-00C04F79EFBC}") = "Piccolo", "Piccolo\Piccolo.csproj", "{DAF03684-BB0B-4528-BFEE-8A3FBFC9FC4A}"
EndProject
Project("{FAE04EC0-301F-11D3-BF4B-00C04F79EFBC}") = "UDKLibWV", "UDKLibWV\UDKLibWV.csproj", "{40FB6624-5444-43DC-8B73-863A3D91E1F3}"
EndProject
Project("{FAE04EC0-301F-11D3-BF4B-00C04F79EFBC}") = "HexConverter", "HexConverter\HexConverter.csproj", "{BC67F053-755A-45E9-B157-8B063F1F6509}"
EndProject
Project("{FAE04EC0-301F-11D3-BF4B-00C04F79EFBC}") = "Gammtek.Conduit.Core", "Gammtek.Conduit.Core\Gammtek.Conduit.Core.csproj", "{9F364D6B-5046-4186-B684-968B52AFCB81}"
EndProject
Project("{FAE04EC0-301F-11D3-BF4B-00C04F79EFBC}") = "HexConverterWPF", "HexConverterWPF\HexConverterWPF.csproj", "{947A6918-AD71-4F61-BC63-8DA7997E10E6}"
EndProject
Project("{FAE04EC0-301F-11D3-BF4B-00C04F79EFBC}") = "NAudio", "NAudio\NAudio.csproj", "{DA4F02E3-0B5E-42CD-B8D9-5583FA51D66E}"
EndProject
Global
	GlobalSection(SolutionConfigurationPlatforms) = preSolution
		Debug|Any CPU = Debug|Any CPU
		Debug|x64 = Debug|x64
		Release|Any CPU = Release|Any CPU
		Release|x64 = Release|x64
	EndGlobalSection
	GlobalSection(ProjectConfigurationPlatforms) = postSolution
		{60E91B60-FCEE-4B36-967E-4022D8A54F2F}.Debug|Any CPU.ActiveCfg = Debug|Any CPU
		{60E91B60-FCEE-4B36-967E-4022D8A54F2F}.Debug|Any CPU.Build.0 = Debug|Any CPU
		{60E91B60-FCEE-4B36-967E-4022D8A54F2F}.Debug|x64.ActiveCfg = Debug|x64
		{60E91B60-FCEE-4B36-967E-4022D8A54F2F}.Debug|x64.Build.0 = Debug|x64
		{60E91B60-FCEE-4B36-967E-4022D8A54F2F}.Release|Any CPU.ActiveCfg = Release|Any CPU
		{60E91B60-FCEE-4B36-967E-4022D8A54F2F}.Release|Any CPU.Build.0 = Release|Any CPU
		{60E91B60-FCEE-4B36-967E-4022D8A54F2F}.Release|x64.ActiveCfg = Release|x64
		{60E91B60-FCEE-4B36-967E-4022D8A54F2F}.Release|x64.Build.0 = Release|x64
		{B6C4D3B4-1267-48D5-8C3B-C86FF3E517A9}.Debug|Any CPU.ActiveCfg = Debug|x64
		{B6C4D3B4-1267-48D5-8C3B-C86FF3E517A9}.Debug|x64.ActiveCfg = Debug|x64
		{B6C4D3B4-1267-48D5-8C3B-C86FF3E517A9}.Debug|x64.Build.0 = Debug|x64
		{B6C4D3B4-1267-48D5-8C3B-C86FF3E517A9}.Release|Any CPU.ActiveCfg = Release|x64
		{B6C4D3B4-1267-48D5-8C3B-C86FF3E517A9}.Release|x64.ActiveCfg = Release|x64
		{B6C4D3B4-1267-48D5-8C3B-C86FF3E517A9}.Release|x64.Build.0 = Release|x64
		{047857BA-DAA3-4CA7-AFB8-A1B082B28C6A}.Debug|Any CPU.ActiveCfg = Debug|Any CPU
		{047857BA-DAA3-4CA7-AFB8-A1B082B28C6A}.Debug|Any CPU.Build.0 = Debug|Any CPU
		{047857BA-DAA3-4CA7-AFB8-A1B082B28C6A}.Debug|x64.ActiveCfg = Debug|x64
		{047857BA-DAA3-4CA7-AFB8-A1B082B28C6A}.Debug|x64.Build.0 = Debug|x64
		{047857BA-DAA3-4CA7-AFB8-A1B082B28C6A}.Release|Any CPU.ActiveCfg = Release|Any CPU
		{047857BA-DAA3-4CA7-AFB8-A1B082B28C6A}.Release|Any CPU.Build.0 = Release|Any CPU
		{047857BA-DAA3-4CA7-AFB8-A1B082B28C6A}.Release|x64.ActiveCfg = Release|x64
		{047857BA-DAA3-4CA7-AFB8-A1B082B28C6A}.Release|x64.Build.0 = Release|x64
		{681DB2CE-E3EB-4110-AC50-F53EACA66E99}.Debug|Any CPU.ActiveCfg = Debug|Any CPU
		{681DB2CE-E3EB-4110-AC50-F53EACA66E99}.Debug|Any CPU.Build.0 = Debug|Any CPU
		{681DB2CE-E3EB-4110-AC50-F53EACA66E99}.Debug|x64.ActiveCfg = Debug|x64
		{681DB2CE-E3EB-4110-AC50-F53EACA66E99}.Debug|x64.Build.0 = Debug|x64
		{681DB2CE-E3EB-4110-AC50-F53EACA66E99}.Release|Any CPU.ActiveCfg = Release|Any CPU
		{681DB2CE-E3EB-4110-AC50-F53EACA66E99}.Release|Any CPU.Build.0 = Release|Any CPU
		{681DB2CE-E3EB-4110-AC50-F53EACA66E99}.Release|x64.ActiveCfg = Release|x64
		{681DB2CE-E3EB-4110-AC50-F53EACA66E99}.Release|x64.Build.0 = Release|x64
		{9010228E-4393-47E2-9DEE-FB5090A1D1AB}.Debug|Any CPU.ActiveCfg = Debug|Any CPU
		{9010228E-4393-47E2-9DEE-FB5090A1D1AB}.Debug|Any CPU.Build.0 = Debug|Any CPU
		{9010228E-4393-47E2-9DEE-FB5090A1D1AB}.Debug|x64.ActiveCfg = Debug|x64
		{9010228E-4393-47E2-9DEE-FB5090A1D1AB}.Debug|x64.Build.0 = Debug|x64
		{9010228E-4393-47E2-9DEE-FB5090A1D1AB}.Release|Any CPU.ActiveCfg = Release|Any CPU
		{9010228E-4393-47E2-9DEE-FB5090A1D1AB}.Release|Any CPU.Build.0 = Release|Any CPU
		{9010228E-4393-47E2-9DEE-FB5090A1D1AB}.Release|x64.ActiveCfg = Release|x64
		{9010228E-4393-47E2-9DEE-FB5090A1D1AB}.Release|x64.Build.0 = Release|x64
		{26C5F25F-B450-4CAF-AD8B-B8D11AE73457}.Debug|Any CPU.ActiveCfg = Debug|Any CPU
		{26C5F25F-B450-4CAF-AD8B-B8D11AE73457}.Debug|Any CPU.Build.0 = Debug|Any CPU
		{26C5F25F-B450-4CAF-AD8B-B8D11AE73457}.Debug|x64.ActiveCfg = Debug|x64
		{26C5F25F-B450-4CAF-AD8B-B8D11AE73457}.Debug|x64.Build.0 = Debug|x64
		{26C5F25F-B450-4CAF-AD8B-B8D11AE73457}.Release|Any CPU.ActiveCfg = Release|Any CPU
		{26C5F25F-B450-4CAF-AD8B-B8D11AE73457}.Release|Any CPU.Build.0 = Release|Any CPU
		{26C5F25F-B450-4CAF-AD8B-B8D11AE73457}.Release|x64.ActiveCfg = Release|x64
		{26C5F25F-B450-4CAF-AD8B-B8D11AE73457}.Release|x64.Build.0 = Release|x64
		{F660E850-DA7A-41A6-AE77-4AB4F21D8F33}.Debug|Any CPU.ActiveCfg = Debug|Any CPU
		{F660E850-DA7A-41A6-AE77-4AB4F21D8F33}.Debug|Any CPU.Build.0 = Debug|Any CPU
		{F660E850-DA7A-41A6-AE77-4AB4F21D8F33}.Debug|x64.ActiveCfg = Debug|x64
		{F660E850-DA7A-41A6-AE77-4AB4F21D8F33}.Debug|x64.Build.0 = Debug|x64
		{F660E850-DA7A-41A6-AE77-4AB4F21D8F33}.Release|Any CPU.ActiveCfg = Release|Any CPU
		{F660E850-DA7A-41A6-AE77-4AB4F21D8F33}.Release|Any CPU.Build.0 = Release|Any CPU
		{F660E850-DA7A-41A6-AE77-4AB4F21D8F33}.Release|x64.ActiveCfg = Release|x64
		{F660E850-DA7A-41A6-AE77-4AB4F21D8F33}.Release|x64.Build.0 = Release|x64
		{8637A2AA-E1FB-4EC9-88A5-688D7D1F7921}.Debug|Any CPU.ActiveCfg = Debug|Any CPU
		{8637A2AA-E1FB-4EC9-88A5-688D7D1F7921}.Debug|Any CPU.Build.0 = Debug|Any CPU
		{8637A2AA-E1FB-4EC9-88A5-688D7D1F7921}.Debug|x64.ActiveCfg = Debug|x64
		{8637A2AA-E1FB-4EC9-88A5-688D7D1F7921}.Debug|x64.Build.0 = Debug|x64
		{8637A2AA-E1FB-4EC9-88A5-688D7D1F7921}.Release|Any CPU.ActiveCfg = Release|Any CPU
		{8637A2AA-E1FB-4EC9-88A5-688D7D1F7921}.Release|Any CPU.Build.0 = Release|Any CPU
		{8637A2AA-E1FB-4EC9-88A5-688D7D1F7921}.Release|x64.ActiveCfg = Release|x64
		{8637A2AA-E1FB-4EC9-88A5-688D7D1F7921}.Release|x64.Build.0 = Release|x64
		{A8E1981A-0A8C-4C7A-9175-B5F0C085F639}.Debug|Any CPU.ActiveCfg = Debug|Any CPU
		{A8E1981A-0A8C-4C7A-9175-B5F0C085F639}.Debug|Any CPU.Build.0 = Debug|Any CPU
		{A8E1981A-0A8C-4C7A-9175-B5F0C085F639}.Debug|x64.ActiveCfg = Debug|x64
		{A8E1981A-0A8C-4C7A-9175-B5F0C085F639}.Debug|x64.Build.0 = Debug|x64
		{A8E1981A-0A8C-4C7A-9175-B5F0C085F639}.Release|Any CPU.ActiveCfg = Release|Any CPU
		{A8E1981A-0A8C-4C7A-9175-B5F0C085F639}.Release|Any CPU.Build.0 = Release|Any CPU
		{A8E1981A-0A8C-4C7A-9175-B5F0C085F639}.Release|x64.ActiveCfg = Release|x64
		{A8E1981A-0A8C-4C7A-9175-B5F0C085F639}.Release|x64.Build.0 = Release|x64
		{8B07ED45-42F4-4B0E-A581-2C257F77241E}.Debug|Any CPU.ActiveCfg = Debug|Any CPU
		{8B07ED45-42F4-4B0E-A581-2C257F77241E}.Debug|Any CPU.Build.0 = Debug|Any CPU
		{8B07ED45-42F4-4B0E-A581-2C257F77241E}.Debug|x64.ActiveCfg = Debug|x64
		{8B07ED45-42F4-4B0E-A581-2C257F77241E}.Debug|x64.Build.0 = Debug|x64
		{8B07ED45-42F4-4B0E-A581-2C257F77241E}.Release|Any CPU.ActiveCfg = Release|Any CPU
		{8B07ED45-42F4-4B0E-A581-2C257F77241E}.Release|Any CPU.Build.0 = Release|Any CPU
		{8B07ED45-42F4-4B0E-A581-2C257F77241E}.Release|x64.ActiveCfg = Release|x64
		{8B07ED45-42F4-4B0E-A581-2C257F77241E}.Release|x64.Build.0 = Release|x64
		{DAF03684-BB0B-4528-BFEE-8A3FBFC9FC4A}.Debug|Any CPU.ActiveCfg = Debug|Any CPU
		{DAF03684-BB0B-4528-BFEE-8A3FBFC9FC4A}.Debug|Any CPU.Build.0 = Debug|Any CPU
		{DAF03684-BB0B-4528-BFEE-8A3FBFC9FC4A}.Debug|x64.ActiveCfg = Debug|x64
		{DAF03684-BB0B-4528-BFEE-8A3FBFC9FC4A}.Debug|x64.Build.0 = Debug|x64
		{DAF03684-BB0B-4528-BFEE-8A3FBFC9FC4A}.Release|Any CPU.ActiveCfg = Release|Any CPU
		{DAF03684-BB0B-4528-BFEE-8A3FBFC9FC4A}.Release|Any CPU.Build.0 = Release|Any CPU
		{DAF03684-BB0B-4528-BFEE-8A3FBFC9FC4A}.Release|x64.ActiveCfg = Release|x64
		{DAF03684-BB0B-4528-BFEE-8A3FBFC9FC4A}.Release|x64.Build.0 = Release|x64
		{40FB6624-5444-43DC-8B73-863A3D91E1F3}.Debug|Any CPU.ActiveCfg = Debug|Any CPU
		{40FB6624-5444-43DC-8B73-863A3D91E1F3}.Debug|Any CPU.Build.0 = Debug|Any CPU
		{40FB6624-5444-43DC-8B73-863A3D91E1F3}.Debug|x64.ActiveCfg = Debug|x64
		{40FB6624-5444-43DC-8B73-863A3D91E1F3}.Debug|x64.Build.0 = Debug|x64
		{40FB6624-5444-43DC-8B73-863A3D91E1F3}.Release|Any CPU.ActiveCfg = Release|Any CPU
		{40FB6624-5444-43DC-8B73-863A3D91E1F3}.Release|Any CPU.Build.0 = Release|Any CPU
		{40FB6624-5444-43DC-8B73-863A3D91E1F3}.Release|x64.ActiveCfg = Release|x64
		{40FB6624-5444-43DC-8B73-863A3D91E1F3}.Release|x64.Build.0 = Release|x64
		{BC67F053-755A-45E9-B157-8B063F1F6509}.Debug|Any CPU.ActiveCfg = Debug|Any CPU
		{BC67F053-755A-45E9-B157-8B063F1F6509}.Debug|Any CPU.Build.0 = Debug|Any CPU
		{BC67F053-755A-45E9-B157-8B063F1F6509}.Debug|x64.ActiveCfg = Debug|x64
		{BC67F053-755A-45E9-B157-8B063F1F6509}.Debug|x64.Build.0 = Debug|x64
		{BC67F053-755A-45E9-B157-8B063F1F6509}.Release|Any CPU.ActiveCfg = Release|Any CPU
		{BC67F053-755A-45E9-B157-8B063F1F6509}.Release|Any CPU.Build.0 = Release|Any CPU
		{BC67F053-755A-45E9-B157-8B063F1F6509}.Release|x64.ActiveCfg = Release|x64
		{BC67F053-755A-45E9-B157-8B063F1F6509}.Release|x64.Build.0 = Release|x64
		{9F364D6B-5046-4186-B684-968B52AFCB81}.Debug|Any CPU.ActiveCfg = Debug|Any CPU
		{9F364D6B-5046-4186-B684-968B52AFCB81}.Debug|Any CPU.Build.0 = Debug|Any CPU
		{9F364D6B-5046-4186-B684-968B52AFCB81}.Debug|x64.ActiveCfg = Debug|x64
		{9F364D6B-5046-4186-B684-968B52AFCB81}.Debug|x64.Build.0 = Debug|x64
		{9F364D6B-5046-4186-B684-968B52AFCB81}.Release|Any CPU.ActiveCfg = Release|Any CPU
		{9F364D6B-5046-4186-B684-968B52AFCB81}.Release|Any CPU.Build.0 = Release|Any CPU
		{9F364D6B-5046-4186-B684-968B52AFCB81}.Release|x64.ActiveCfg = Release|x64
		{9F364D6B-5046-4186-B684-968B52AFCB81}.Release|x64.Build.0 = Release|x64
		{947A6918-AD71-4F61-BC63-8DA7997E10E6}.Debug|Any CPU.ActiveCfg = Debug|Any CPU
		{947A6918-AD71-4F61-BC63-8DA7997E10E6}.Debug|Any CPU.Build.0 = Debug|Any CPU
		{947A6918-AD71-4F61-BC63-8DA7997E10E6}.Debug|x64.ActiveCfg = Debug|x64
		{947A6918-AD71-4F61-BC63-8DA7997E10E6}.Debug|x64.Build.0 = Debug|x64
		{947A6918-AD71-4F61-BC63-8DA7997E10E6}.Release|Any CPU.ActiveCfg = Release|Any CPU
		{947A6918-AD71-4F61-BC63-8DA7997E10E6}.Release|Any CPU.Build.0 = Release|Any CPU
		{947A6918-AD71-4F61-BC63-8DA7997E10E6}.Release|x64.ActiveCfg = Release|x64
		{947A6918-AD71-4F61-BC63-8DA7997E10E6}.Release|x64.Build.0 = Release|x64
		{DA4F02E3-0B5E-42CD-B8D9-5583FA51D66E}.Debug|Any CPU.ActiveCfg = Debug|Any CPU
		{DA4F02E3-0B5E-42CD-B8D9-5583FA51D66E}.Debug|Any CPU.Build.0 = Debug|Any CPU
		{DA4F02E3-0B5E-42CD-B8D9-5583FA51D66E}.Debug|x64.ActiveCfg = Debug|Any CPU
		{DA4F02E3-0B5E-42CD-B8D9-5583FA51D66E}.Debug|x64.Build.0 = Debug|Any CPU
		{DA4F02E3-0B5E-42CD-B8D9-5583FA51D66E}.Release|Any CPU.ActiveCfg = Release|Any CPU
		{DA4F02E3-0B5E-42CD-B8D9-5583FA51D66E}.Release|Any CPU.Build.0 = Release|Any CPU
		{DA4F02E3-0B5E-42CD-B8D9-5583FA51D66E}.Release|x64.ActiveCfg = Release|Any CPU
		{DA4F02E3-0B5E-42CD-B8D9-5583FA51D66E}.Release|x64.Build.0 = Release|Any CPU
	EndGlobalSection
	GlobalSection(SolutionProperties) = preSolution
		HideSolutionNode = FALSE
	EndGlobalSection
	GlobalSection(ExtensibilityGlobals) = postSolution
		SolutionGuid = {17DE3D1F-A50B-4EFD-9B03-6C0B42D39949}
	EndGlobalSection
	GlobalSection(Performance) = preSolution
		HasPerformanceSessions = true
	EndGlobalSection
	GlobalSection(Performance) = preSolution
		HasPerformanceSessions = true
	EndGlobalSection
	GlobalSection(Performance) = preSolution
		HasPerformanceSessions = true
	EndGlobalSection
	GlobalSection(Performance) = preSolution
		HasPerformanceSessions = true
	EndGlobalSection
	GlobalSection(Performance) = preSolution
		HasPerformanceSessions = true
	EndGlobalSection
EndGlobal
