
Microsoft Visual Studio Solution File, Format Version 12.00
# Visual Studio 14
VisualStudioVersion = 14.0.24720.0
MinimumVisualStudioVersion = 10.0.40219.1
Project("{FAE04EC0-301F-11D3-BF4B-00C04F79EFBC}") = "ME3Explorer", "ME3Explorer\ME3Explorer.csproj", "{3F331CEF-807F-4D38-9123-1B65E6871701}"
EndProject
Project("{FAE04EC0-301F-11D3-BF4B-00C04F79EFBC}") = "AmaroK86.MassEffect3.DLCBase", "AmaroK86\AmaroK86.MassEffect3.DLCBase\AmaroK86.MassEffect3.DLCBase\AmaroK86.MassEffect3.DLCBase.csproj", "{3E5A67F3-CF3A-4CB2-A291-7882BEF2FE02}"
	ProjectSection(ProjectDependencies) = postProject
		{047857BA-DAA3-4CA7-AFB8-A1B082B28C6A} = {047857BA-DAA3-4CA7-AFB8-A1B082B28C6A}
	EndProjectSection
EndProject
Project("{FAE04EC0-301F-11D3-BF4B-00C04F79EFBC}") = "SevenZip", "Tools\SevenZip\SevenZip.csproj", "{B6C4D3B4-1267-48D5-8C3B-C86FF3E517A9}"
EndProject
Project("{FAE04EC0-301F-11D3-BF4B-00C04F79EFBC}") = "Gibbed.IO", "Tools\Gibbed.IO\Gibbed.IO.csproj", "{047857BA-DAA3-4CA7-AFB8-A1B082B28C6A}"
EndProject
Project("{FAE04EC0-301F-11D3-BF4B-00C04F79EFBC}") = "Gibbed.MassEffect3.FileFormats", "Tools\Gibbed.MassEffect3.FileFormats\Gibbed.MassEffect3.FileFormats.csproj", "{681DB2CE-E3EB-4110-AC50-F53EACA66E99}"
EndProject
Project("{FAE04EC0-301F-11D3-BF4B-00C04F79EFBC}") = "AmaroK86.MassEffect3.DLCEditor", "AmaroK86\AmaroK86.MassEffect3.DLCEditor\AmaroK86.MassEffect3.DLCEditor\AmaroK86.MassEffect3.DLCEditor.csproj", "{5FD88B3C-B192-42BE-8B05-9CAC3F7405FB}"
EndProject
Project("{FAE04EC0-301F-11D3-BF4B-00C04F79EFBC}") = "AmaroK86.MassEffect3.ZlibBlock", "AmaroK86\AmaroK86.MassEffect3.ZlibBlock\AmaroK86.MassEffect3.ZlibBlock\AmaroK86.MassEffect3.ZlibBlock.csproj", "{9010228E-4393-47E2-9DEE-FB5090A1D1AB}"
EndProject
Project("{FAE04EC0-301F-11D3-BF4B-00C04F79EFBC}") = "Be.Windows.Forms.HexBox", "Be.Windows.Forms.HexBox\Be.Windows.Forms.HexBox.csproj", "{26C5F25F-B450-4CAF-AD8B-B8D11AE73457}"
EndProject
Project("{FAE04EC0-301F-11D3-BF4B-00C04F79EFBC}") = "AmaroK86.ImageFormat", "AmaroK86\AmaroK86.ImageFormat\AmaroK86.ImageFormat\AmaroK86.ImageFormat.csproj", "{F1C6A2A0-5F1A-414A-BE17-A2FDA2A79E7F}"
EndProject
Project("{FAE04EC0-301F-11D3-BF4B-00C04F79EFBC}") = "AmaroK86.ImageMipMapHandler", "AmaroK86\AmaroK86.ImageMipMapHandler\AmaroK86.ImageMipMapHandler\AmaroK86.ImageMipMapHandler.csproj", "{4740CDBD-DC9C-4964-BAE0-8C401340ED95}"
EndProject
Project("{FAE04EC0-301F-11D3-BF4B-00C04F79EFBC}") = "NDesk.Options", "Tools\NDesk.Options\NDesk.Options.csproj", "{C98A6CD6-9422-4B35-8B7A-F520D75534D1}"
EndProject
Project("{FAE04EC0-301F-11D3-BF4B-00C04F79EFBC}") = "UDKExplorer", "UDKExplorer\UDKExplorer.csproj", "{F660E850-DA7A-41A6-AE77-4AB4F21D8F33}"
EndProject
Project("{FAE04EC0-301F-11D3-BF4B-00C04F79EFBC}") = "ME2Explorer", "ME2Explorer\ME2Explorer.csproj", "{AFA017ED-5E32-459C-A204-8D9C6C1657FC}"
EndProject
Project("{FAE04EC0-301F-11D3-BF4B-00C04F79EFBC}") = "ME1Explorer", "ME1Explorer\ME1Explorer.csproj", "{7F42E08B-02A9-4469-97F2-2D60F27DEA5B}"
EndProject
Project("{FAE04EC0-301F-11D3-BF4B-00C04F79EFBC}") = "SaltTPF", "SaltTPF\SaltTPF.csproj", "{8637A2AA-E1FB-4EC9-88A5-688D7D1F7921}"
EndProject
Project("{FAE04EC0-301F-11D3-BF4B-00C04F79EFBC}") = "ME3VanillaMaker", "ME3VanillaMaker\ME3VanillaMaker.csproj", "{2D2226F5-75D2-4AEE-9799-EAAB9FC931AF}"
EndProject
Project("{FAE04EC0-301F-11D3-BF4B-00C04F79EFBC}") = "ME3LibWV", "ME3LibWV\ME3LibWV.csproj", "{A8E1981A-0A8C-4C7A-9175-B5F0C085F639}"
EndProject
Project("{FAE04EC0-301F-11D3-BF4B-00C04F79EFBC}") = "ME3Creator", "ME3Creator\ME3Creator.csproj", "{5ABA4120-7379-479E-BE61-C452C10A1810}"
EndProject
Project("{FAE04EC0-301F-11D3-BF4B-00C04F79EFBC}") = "UDKLibWV", "UDKLibWV\UDKLibWV.csproj", "{40FB6624-5444-43DC-8B73-863A3D91E1F3}"
EndProject
Project("{FAE04EC0-301F-11D3-BF4B-00C04F79EFBC}") = "KFreonLib", "KFreonLib\KFreonLib.csproj", "{8B07ED45-42F4-4B0E-A581-2C257F77241E}"
EndProject
Project("{FAE04EC0-301F-11D3-BF4B-00C04F79EFBC}") = "Piccolo", "Piccolo\Piccolo.csproj", "{DAF03684-BB0B-4528-BFEE-8A3FBFC9FC4A}"
EndProject
Global
	GlobalSection(SolutionConfigurationPlatforms) = preSolution
		Debug|Any CPU = Debug|Any CPU
		Debug|Mixed Platforms = Debug|Mixed Platforms
		Debug|x64 = Debug|x64
		Debug|x86 = Debug|x86
		Release|Any CPU = Release|Any CPU
		Release|Mixed Platforms = Release|Mixed Platforms
		Release|x64 = Release|x64
		Release|x86 = Release|x86
	EndGlobalSection
	GlobalSection(ProjectConfigurationPlatforms) = postSolution
		{3F331CEF-807F-4D38-9123-1B65E6871701}.Debug|Any CPU.ActiveCfg = Debug|x86
		{3F331CEF-807F-4D38-9123-1B65E6871701}.Debug|Any CPU.Build.0 = Debug|x86
		{3F331CEF-807F-4D38-9123-1B65E6871701}.Debug|Mixed Platforms.ActiveCfg = Debug|x86
		{3F331CEF-807F-4D38-9123-1B65E6871701}.Debug|Mixed Platforms.Build.0 = Debug|x86
		{3F331CEF-807F-4D38-9123-1B65E6871701}.Debug|x64.ActiveCfg = Debug|x86
		{3F331CEF-807F-4D38-9123-1B65E6871701}.Debug|x86.ActiveCfg = Debug|x86
		{3F331CEF-807F-4D38-9123-1B65E6871701}.Debug|x86.Build.0 = Debug|x86
		{3F331CEF-807F-4D38-9123-1B65E6871701}.Release|Any CPU.ActiveCfg = Release|x86
		{3F331CEF-807F-4D38-9123-1B65E6871701}.Release|Any CPU.Build.0 = Release|x86
		{3F331CEF-807F-4D38-9123-1B65E6871701}.Release|Mixed Platforms.ActiveCfg = Release|x86
		{3F331CEF-807F-4D38-9123-1B65E6871701}.Release|Mixed Platforms.Build.0 = Release|x86
		{3F331CEF-807F-4D38-9123-1B65E6871701}.Release|x64.ActiveCfg = Release|x86
		{3F331CEF-807F-4D38-9123-1B65E6871701}.Release|x86.ActiveCfg = Release|x86
		{3F331CEF-807F-4D38-9123-1B65E6871701}.Release|x86.Build.0 = Release|x86
		{3E5A67F3-CF3A-4CB2-A291-7882BEF2FE02}.Debug|Any CPU.ActiveCfg = Debug|x86
		{3E5A67F3-CF3A-4CB2-A291-7882BEF2FE02}.Debug|Any CPU.Build.0 = Debug|x86
		{3E5A67F3-CF3A-4CB2-A291-7882BEF2FE02}.Debug|Mixed Platforms.ActiveCfg = Debug|x86
		{3E5A67F3-CF3A-4CB2-A291-7882BEF2FE02}.Debug|Mixed Platforms.Build.0 = Debug|x86
		{3E5A67F3-CF3A-4CB2-A291-7882BEF2FE02}.Debug|x64.ActiveCfg = Debug|x86
		{3E5A67F3-CF3A-4CB2-A291-7882BEF2FE02}.Debug|x86.ActiveCfg = Debug|x86
		{3E5A67F3-CF3A-4CB2-A291-7882BEF2FE02}.Debug|x86.Build.0 = Debug|x86
		{3E5A67F3-CF3A-4CB2-A291-7882BEF2FE02}.Release|Any CPU.ActiveCfg = Release|x86
		{3E5A67F3-CF3A-4CB2-A291-7882BEF2FE02}.Release|Any CPU.Build.0 = Release|x86
		{3E5A67F3-CF3A-4CB2-A291-7882BEF2FE02}.Release|Mixed Platforms.ActiveCfg = Release|x86
		{3E5A67F3-CF3A-4CB2-A291-7882BEF2FE02}.Release|Mixed Platforms.Build.0 = Release|x86
		{3E5A67F3-CF3A-4CB2-A291-7882BEF2FE02}.Release|x64.ActiveCfg = Release|x86
		{3E5A67F3-CF3A-4CB2-A291-7882BEF2FE02}.Release|x86.ActiveCfg = Release|x86
		{3E5A67F3-CF3A-4CB2-A291-7882BEF2FE02}.Release|x86.Build.0 = Release|x86
		{B6C4D3B4-1267-48D5-8C3B-C86FF3E517A9}.Debug|Any CPU.ActiveCfg = Debug|x86
		{B6C4D3B4-1267-48D5-8C3B-C86FF3E517A9}.Debug|Any CPU.Build.0 = Debug|x86
		{B6C4D3B4-1267-48D5-8C3B-C86FF3E517A9}.Debug|Mixed Platforms.ActiveCfg = Debug|x86
		{B6C4D3B4-1267-48D5-8C3B-C86FF3E517A9}.Debug|Mixed Platforms.Build.0 = Debug|x86
		{B6C4D3B4-1267-48D5-8C3B-C86FF3E517A9}.Debug|x64.ActiveCfg = Debug|x86
		{B6C4D3B4-1267-48D5-8C3B-C86FF3E517A9}.Debug|x86.ActiveCfg = Debug|x86
		{B6C4D3B4-1267-48D5-8C3B-C86FF3E517A9}.Debug|x86.Build.0 = Debug|x86
		{B6C4D3B4-1267-48D5-8C3B-C86FF3E517A9}.Release|Any CPU.ActiveCfg = Release|x86
		{B6C4D3B4-1267-48D5-8C3B-C86FF3E517A9}.Release|Any CPU.Build.0 = Release|x86
		{B6C4D3B4-1267-48D5-8C3B-C86FF3E517A9}.Release|Mixed Platforms.ActiveCfg = Release|x86
		{B6C4D3B4-1267-48D5-8C3B-C86FF3E517A9}.Release|Mixed Platforms.Build.0 = Release|x86
		{B6C4D3B4-1267-48D5-8C3B-C86FF3E517A9}.Release|x64.ActiveCfg = Release|x86
		{B6C4D3B4-1267-48D5-8C3B-C86FF3E517A9}.Release|x86.ActiveCfg = Release|x86
		{B6C4D3B4-1267-48D5-8C3B-C86FF3E517A9}.Release|x86.Build.0 = Release|x86
		{047857BA-DAA3-4CA7-AFB8-A1B082B28C6A}.Debug|Any CPU.ActiveCfg = Debug|Any CPU
		{047857BA-DAA3-4CA7-AFB8-A1B082B28C6A}.Debug|Any CPU.Build.0 = Debug|Any CPU
		{047857BA-DAA3-4CA7-AFB8-A1B082B28C6A}.Debug|Mixed Platforms.ActiveCfg = Debug|Any CPU
		{047857BA-DAA3-4CA7-AFB8-A1B082B28C6A}.Debug|Mixed Platforms.Build.0 = Debug|Any CPU
		{047857BA-DAA3-4CA7-AFB8-A1B082B28C6A}.Debug|x64.ActiveCfg = Debug|Any CPU
		{047857BA-DAA3-4CA7-AFB8-A1B082B28C6A}.Debug|x86.ActiveCfg = Debug|Any CPU
		{047857BA-DAA3-4CA7-AFB8-A1B082B28C6A}.Debug|x86.Build.0 = Debug|Any CPU
		{047857BA-DAA3-4CA7-AFB8-A1B082B28C6A}.Release|Any CPU.ActiveCfg = Release|Any CPU
		{047857BA-DAA3-4CA7-AFB8-A1B082B28C6A}.Release|Any CPU.Build.0 = Release|Any CPU
		{047857BA-DAA3-4CA7-AFB8-A1B082B28C6A}.Release|Mixed Platforms.ActiveCfg = Release|Any CPU
		{047857BA-DAA3-4CA7-AFB8-A1B082B28C6A}.Release|Mixed Platforms.Build.0 = Release|Any CPU
		{047857BA-DAA3-4CA7-AFB8-A1B082B28C6A}.Release|x64.ActiveCfg = Release|Any CPU
		{047857BA-DAA3-4CA7-AFB8-A1B082B28C6A}.Release|x86.ActiveCfg = Release|Any CPU
		{047857BA-DAA3-4CA7-AFB8-A1B082B28C6A}.Release|x86.Build.0 = Release|Any CPU
		{681DB2CE-E3EB-4110-AC50-F53EACA66E99}.Debug|Any CPU.ActiveCfg = Debug|Any CPU
		{681DB2CE-E3EB-4110-AC50-F53EACA66E99}.Debug|Any CPU.Build.0 = Debug|Any CPU
		{681DB2CE-E3EB-4110-AC50-F53EACA66E99}.Debug|Mixed Platforms.ActiveCfg = Debug|Any CPU
		{681DB2CE-E3EB-4110-AC50-F53EACA66E99}.Debug|Mixed Platforms.Build.0 = Debug|Any CPU
		{681DB2CE-E3EB-4110-AC50-F53EACA66E99}.Debug|x64.ActiveCfg = Debug|Any CPU
		{681DB2CE-E3EB-4110-AC50-F53EACA66E99}.Debug|x86.ActiveCfg = Debug|Any CPU
		{681DB2CE-E3EB-4110-AC50-F53EACA66E99}.Debug|x86.Build.0 = Debug|Any CPU
		{681DB2CE-E3EB-4110-AC50-F53EACA66E99}.Release|Any CPU.ActiveCfg = Release|Any CPU
		{681DB2CE-E3EB-4110-AC50-F53EACA66E99}.Release|Any CPU.Build.0 = Release|Any CPU
		{681DB2CE-E3EB-4110-AC50-F53EACA66E99}.Release|Mixed Platforms.ActiveCfg = Release|Any CPU
		{681DB2CE-E3EB-4110-AC50-F53EACA66E99}.Release|Mixed Platforms.Build.0 = Release|Any CPU
		{681DB2CE-E3EB-4110-AC50-F53EACA66E99}.Release|x64.ActiveCfg = Release|Any CPU
		{681DB2CE-E3EB-4110-AC50-F53EACA66E99}.Release|x86.ActiveCfg = Release|Any CPU
		{681DB2CE-E3EB-4110-AC50-F53EACA66E99}.Release|x86.Build.0 = Release|Any CPU
		{5FD88B3C-B192-42BE-8B05-9CAC3F7405FB}.Debug|Any CPU.ActiveCfg = Debug|Any CPU
		{5FD88B3C-B192-42BE-8B05-9CAC3F7405FB}.Debug|Any CPU.Build.0 = Debug|Any CPU
		{5FD88B3C-B192-42BE-8B05-9CAC3F7405FB}.Debug|Mixed Platforms.ActiveCfg = Debug|Any CPU
		{5FD88B3C-B192-42BE-8B05-9CAC3F7405FB}.Debug|Mixed Platforms.Build.0 = Debug|Any CPU
		{5FD88B3C-B192-42BE-8B05-9CAC3F7405FB}.Debug|x64.ActiveCfg = Debug|Any CPU
		{5FD88B3C-B192-42BE-8B05-9CAC3F7405FB}.Debug|x86.ActiveCfg = Debug|Any CPU
		{5FD88B3C-B192-42BE-8B05-9CAC3F7405FB}.Debug|x86.Build.0 = Debug|Any CPU
		{5FD88B3C-B192-42BE-8B05-9CAC3F7405FB}.Release|Any CPU.ActiveCfg = Release|Any CPU
		{5FD88B3C-B192-42BE-8B05-9CAC3F7405FB}.Release|Any CPU.Build.0 = Release|Any CPU
		{5FD88B3C-B192-42BE-8B05-9CAC3F7405FB}.Release|Mixed Platforms.ActiveCfg = Release|Any CPU
		{5FD88B3C-B192-42BE-8B05-9CAC3F7405FB}.Release|Mixed Platforms.Build.0 = Release|Any CPU
		{5FD88B3C-B192-42BE-8B05-9CAC3F7405FB}.Release|x64.ActiveCfg = Release|Any CPU
		{5FD88B3C-B192-42BE-8B05-9CAC3F7405FB}.Release|x86.ActiveCfg = Release|Any CPU
		{5FD88B3C-B192-42BE-8B05-9CAC3F7405FB}.Release|x86.Build.0 = Release|Any CPU
		{9010228E-4393-47E2-9DEE-FB5090A1D1AB}.Debug|Any CPU.ActiveCfg = Debug|Any CPU
		{9010228E-4393-47E2-9DEE-FB5090A1D1AB}.Debug|Any CPU.Build.0 = Debug|Any CPU
		{9010228E-4393-47E2-9DEE-FB5090A1D1AB}.Debug|Mixed Platforms.ActiveCfg = Debug|Any CPU
		{9010228E-4393-47E2-9DEE-FB5090A1D1AB}.Debug|Mixed Platforms.Build.0 = Debug|Any CPU
		{9010228E-4393-47E2-9DEE-FB5090A1D1AB}.Debug|x64.ActiveCfg = Debug|Any CPU
		{9010228E-4393-47E2-9DEE-FB5090A1D1AB}.Debug|x86.ActiveCfg = Debug|Any CPU
		{9010228E-4393-47E2-9DEE-FB5090A1D1AB}.Debug|x86.Build.0 = Debug|Any CPU
		{9010228E-4393-47E2-9DEE-FB5090A1D1AB}.Release|Any CPU.ActiveCfg = Release|Any CPU
		{9010228E-4393-47E2-9DEE-FB5090A1D1AB}.Release|Any CPU.Build.0 = Release|Any CPU
		{9010228E-4393-47E2-9DEE-FB5090A1D1AB}.Release|Mixed Platforms.ActiveCfg = Release|Any CPU
		{9010228E-4393-47E2-9DEE-FB5090A1D1AB}.Release|Mixed Platforms.Build.0 = Release|Any CPU
		{9010228E-4393-47E2-9DEE-FB5090A1D1AB}.Release|x64.ActiveCfg = Release|Any CPU
		{9010228E-4393-47E2-9DEE-FB5090A1D1AB}.Release|x86.ActiveCfg = Release|Any CPU
		{9010228E-4393-47E2-9DEE-FB5090A1D1AB}.Release|x86.Build.0 = Release|Any CPU
		{26C5F25F-B450-4CAF-AD8B-B8D11AE73457}.Debug|Any CPU.ActiveCfg = Debug|Any CPU
		{26C5F25F-B450-4CAF-AD8B-B8D11AE73457}.Debug|Any CPU.Build.0 = Debug|Any CPU
		{26C5F25F-B450-4CAF-AD8B-B8D11AE73457}.Debug|Mixed Platforms.ActiveCfg = Debug|Any CPU
		{26C5F25F-B450-4CAF-AD8B-B8D11AE73457}.Debug|Mixed Platforms.Build.0 = Debug|Any CPU
		{26C5F25F-B450-4CAF-AD8B-B8D11AE73457}.Debug|x64.ActiveCfg = Debug|Any CPU
		{26C5F25F-B450-4CAF-AD8B-B8D11AE73457}.Debug|x86.ActiveCfg = Debug|Any CPU
		{26C5F25F-B450-4CAF-AD8B-B8D11AE73457}.Debug|x86.Build.0 = Debug|Any CPU
		{26C5F25F-B450-4CAF-AD8B-B8D11AE73457}.Release|Any CPU.ActiveCfg = Release|Any CPU
		{26C5F25F-B450-4CAF-AD8B-B8D11AE73457}.Release|Any CPU.Build.0 = Release|Any CPU
		{26C5F25F-B450-4CAF-AD8B-B8D11AE73457}.Release|Mixed Platforms.ActiveCfg = Release|Any CPU
		{26C5F25F-B450-4CAF-AD8B-B8D11AE73457}.Release|Mixed Platforms.Build.0 = Release|Any CPU
		{26C5F25F-B450-4CAF-AD8B-B8D11AE73457}.Release|x64.ActiveCfg = Release|Any CPU
		{26C5F25F-B450-4CAF-AD8B-B8D11AE73457}.Release|x86.ActiveCfg = Release|Any CPU
		{26C5F25F-B450-4CAF-AD8B-B8D11AE73457}.Release|x86.Build.0 = Release|Any CPU
		{F1C6A2A0-5F1A-414A-BE17-A2FDA2A79E7F}.Debug|Any CPU.ActiveCfg = Debug|Any CPU
		{F1C6A2A0-5F1A-414A-BE17-A2FDA2A79E7F}.Debug|Any CPU.Build.0 = Debug|Any CPU
		{F1C6A2A0-5F1A-414A-BE17-A2FDA2A79E7F}.Debug|Mixed Platforms.ActiveCfg = Debug|Any CPU
		{F1C6A2A0-5F1A-414A-BE17-A2FDA2A79E7F}.Debug|Mixed Platforms.Build.0 = Debug|Any CPU
		{F1C6A2A0-5F1A-414A-BE17-A2FDA2A79E7F}.Debug|x64.ActiveCfg = Debug|Any CPU
		{F1C6A2A0-5F1A-414A-BE17-A2FDA2A79E7F}.Debug|x86.ActiveCfg = Debug|Any CPU
		{F1C6A2A0-5F1A-414A-BE17-A2FDA2A79E7F}.Release|Any CPU.ActiveCfg = Release|Any CPU
		{F1C6A2A0-5F1A-414A-BE17-A2FDA2A79E7F}.Release|Any CPU.Build.0 = Release|Any CPU
		{F1C6A2A0-5F1A-414A-BE17-A2FDA2A79E7F}.Release|Mixed Platforms.ActiveCfg = Release|Any CPU
		{F1C6A2A0-5F1A-414A-BE17-A2FDA2A79E7F}.Release|Mixed Platforms.Build.0 = Release|Any CPU
		{F1C6A2A0-5F1A-414A-BE17-A2FDA2A79E7F}.Release|x64.ActiveCfg = Release|Any CPU
		{F1C6A2A0-5F1A-414A-BE17-A2FDA2A79E7F}.Release|x86.ActiveCfg = Release|Any CPU
		{4740CDBD-DC9C-4964-BAE0-8C401340ED95}.Debug|Any CPU.ActiveCfg = Debug|Any CPU
		{4740CDBD-DC9C-4964-BAE0-8C401340ED95}.Debug|Any CPU.Build.0 = Debug|Any CPU
		{4740CDBD-DC9C-4964-BAE0-8C401340ED95}.Debug|Mixed Platforms.ActiveCfg = Debug|Any CPU
		{4740CDBD-DC9C-4964-BAE0-8C401340ED95}.Debug|Mixed Platforms.Build.0 = Debug|Any CPU
		{4740CDBD-DC9C-4964-BAE0-8C401340ED95}.Debug|x64.ActiveCfg = Debug|Any CPU
		{4740CDBD-DC9C-4964-BAE0-8C401340ED95}.Debug|x86.ActiveCfg = Debug|Any CPU
		{4740CDBD-DC9C-4964-BAE0-8C401340ED95}.Release|Any CPU.ActiveCfg = Release|Any CPU
		{4740CDBD-DC9C-4964-BAE0-8C401340ED95}.Release|Any CPU.Build.0 = Release|Any CPU
		{4740CDBD-DC9C-4964-BAE0-8C401340ED95}.Release|Mixed Platforms.ActiveCfg = Release|Any CPU
		{4740CDBD-DC9C-4964-BAE0-8C401340ED95}.Release|Mixed Platforms.Build.0 = Release|Any CPU
		{4740CDBD-DC9C-4964-BAE0-8C401340ED95}.Release|x64.ActiveCfg = Release|Any CPU
		{4740CDBD-DC9C-4964-BAE0-8C401340ED95}.Release|x86.ActiveCfg = Release|Any CPU
		{C98A6CD6-9422-4B35-8B7A-F520D75534D1}.Debug|Any CPU.ActiveCfg = Debug|Any CPU
		{C98A6CD6-9422-4B35-8B7A-F520D75534D1}.Debug|Any CPU.Build.0 = Debug|Any CPU
		{C98A6CD6-9422-4B35-8B7A-F520D75534D1}.Debug|Mixed Platforms.ActiveCfg = Debug|Any CPU
		{C98A6CD6-9422-4B35-8B7A-F520D75534D1}.Debug|Mixed Platforms.Build.0 = Debug|Any CPU
		{C98A6CD6-9422-4B35-8B7A-F520D75534D1}.Debug|x64.ActiveCfg = Debug|Any CPU
		{C98A6CD6-9422-4B35-8B7A-F520D75534D1}.Debug|x86.ActiveCfg = Debug|Any CPU
		{C98A6CD6-9422-4B35-8B7A-F520D75534D1}.Release|Any CPU.ActiveCfg = Release|Any CPU
		{C98A6CD6-9422-4B35-8B7A-F520D75534D1}.Release|Any CPU.Build.0 = Release|Any CPU
		{C98A6CD6-9422-4B35-8B7A-F520D75534D1}.Release|Mixed Platforms.ActiveCfg = Release|Any CPU
		{C98A6CD6-9422-4B35-8B7A-F520D75534D1}.Release|Mixed Platforms.Build.0 = Release|Any CPU
		{C98A6CD6-9422-4B35-8B7A-F520D75534D1}.Release|x64.ActiveCfg = Release|Any CPU
		{C98A6CD6-9422-4B35-8B7A-F520D75534D1}.Release|x86.ActiveCfg = Release|Any CPU
		{F660E850-DA7A-41A6-AE77-4AB4F21D8F33}.Debug|Any CPU.ActiveCfg = Debug|x86
		{F660E850-DA7A-41A6-AE77-4AB4F21D8F33}.Debug|Any CPU.Build.0 = Debug|x86
		{F660E850-DA7A-41A6-AE77-4AB4F21D8F33}.Debug|Mixed Platforms.ActiveCfg = Debug|x86
		{F660E850-DA7A-41A6-AE77-4AB4F21D8F33}.Debug|Mixed Platforms.Build.0 = Debug|x86
		{F660E850-DA7A-41A6-AE77-4AB4F21D8F33}.Debug|x64.ActiveCfg = Debug|x86
		{F660E850-DA7A-41A6-AE77-4AB4F21D8F33}.Debug|x86.ActiveCfg = Debug|x86
		{F660E850-DA7A-41A6-AE77-4AB4F21D8F33}.Debug|x86.Build.0 = Debug|x86
		{F660E850-DA7A-41A6-AE77-4AB4F21D8F33}.Release|Any CPU.ActiveCfg = Release|x86
		{F660E850-DA7A-41A6-AE77-4AB4F21D8F33}.Release|Any CPU.Build.0 = Release|x86
		{F660E850-DA7A-41A6-AE77-4AB4F21D8F33}.Release|Mixed Platforms.ActiveCfg = Release|x86
		{F660E850-DA7A-41A6-AE77-4AB4F21D8F33}.Release|Mixed Platforms.Build.0 = Release|x86
		{F660E850-DA7A-41A6-AE77-4AB4F21D8F33}.Release|x64.ActiveCfg = Release|x86
		{F660E850-DA7A-41A6-AE77-4AB4F21D8F33}.Release|x86.ActiveCfg = Release|x86
		{F660E850-DA7A-41A6-AE77-4AB4F21D8F33}.Release|x86.Build.0 = Release|x86
		{AFA017ED-5E32-459C-A204-8D9C6C1657FC}.Debug|Any CPU.ActiveCfg = Debug|x86
		{AFA017ED-5E32-459C-A204-8D9C6C1657FC}.Debug|Any CPU.Build.0 = Debug|x86
		{AFA017ED-5E32-459C-A204-8D9C6C1657FC}.Debug|Mixed Platforms.ActiveCfg = Debug|x86
		{AFA017ED-5E32-459C-A204-8D9C6C1657FC}.Debug|Mixed Platforms.Build.0 = Debug|x86
		{AFA017ED-5E32-459C-A204-8D9C6C1657FC}.Debug|x64.ActiveCfg = Debug|x86
		{AFA017ED-5E32-459C-A204-8D9C6C1657FC}.Debug|x86.ActiveCfg = Debug|x86
		{AFA017ED-5E32-459C-A204-8D9C6C1657FC}.Debug|x86.Build.0 = Debug|x86
		{AFA017ED-5E32-459C-A204-8D9C6C1657FC}.Release|Any CPU.ActiveCfg = Release|x86
		{AFA017ED-5E32-459C-A204-8D9C6C1657FC}.Release|Any CPU.Build.0 = Release|x86
		{AFA017ED-5E32-459C-A204-8D9C6C1657FC}.Release|Mixed Platforms.ActiveCfg = Release|x86
		{AFA017ED-5E32-459C-A204-8D9C6C1657FC}.Release|Mixed Platforms.Build.0 = Release|x86
		{AFA017ED-5E32-459C-A204-8D9C6C1657FC}.Release|x64.ActiveCfg = Release|x86
		{AFA017ED-5E32-459C-A204-8D9C6C1657FC}.Release|x86.ActiveCfg = Release|x86
		{AFA017ED-5E32-459C-A204-8D9C6C1657FC}.Release|x86.Build.0 = Release|x86
		{7F42E08B-02A9-4469-97F2-2D60F27DEA5B}.Debug|Any CPU.ActiveCfg = Debug|x86
		{7F42E08B-02A9-4469-97F2-2D60F27DEA5B}.Debug|Any CPU.Build.0 = Debug|x86
		{7F42E08B-02A9-4469-97F2-2D60F27DEA5B}.Debug|Mixed Platforms.ActiveCfg = Debug|x86
		{7F42E08B-02A9-4469-97F2-2D60F27DEA5B}.Debug|Mixed Platforms.Build.0 = Debug|x86
		{7F42E08B-02A9-4469-97F2-2D60F27DEA5B}.Debug|x64.ActiveCfg = Debug|x86
		{7F42E08B-02A9-4469-97F2-2D60F27DEA5B}.Debug|x86.ActiveCfg = Debug|x86
		{7F42E08B-02A9-4469-97F2-2D60F27DEA5B}.Debug|x86.Build.0 = Debug|x86
		{7F42E08B-02A9-4469-97F2-2D60F27DEA5B}.Release|Any CPU.ActiveCfg = Release|x86
		{7F42E08B-02A9-4469-97F2-2D60F27DEA5B}.Release|Any CPU.Build.0 = Release|x86
		{7F42E08B-02A9-4469-97F2-2D60F27DEA5B}.Release|Mixed Platforms.ActiveCfg = Release|x86
		{7F42E08B-02A9-4469-97F2-2D60F27DEA5B}.Release|Mixed Platforms.Build.0 = Release|x86
		{7F42E08B-02A9-4469-97F2-2D60F27DEA5B}.Release|x64.ActiveCfg = Release|x86
		{7F42E08B-02A9-4469-97F2-2D60F27DEA5B}.Release|x86.ActiveCfg = Release|x86
		{7F42E08B-02A9-4469-97F2-2D60F27DEA5B}.Release|x86.Build.0 = Release|x86
		{8637A2AA-E1FB-4EC9-88A5-688D7D1F7921}.Debug|Any CPU.ActiveCfg = Debug|Any CPU
		{8637A2AA-E1FB-4EC9-88A5-688D7D1F7921}.Debug|Any CPU.Build.0 = Debug|Any CPU
		{8637A2AA-E1FB-4EC9-88A5-688D7D1F7921}.Debug|Mixed Platforms.ActiveCfg = Debug|Any CPU
		{8637A2AA-E1FB-4EC9-88A5-688D7D1F7921}.Debug|Mixed Platforms.Build.0 = Debug|Any CPU
		{8637A2AA-E1FB-4EC9-88A5-688D7D1F7921}.Debug|x64.ActiveCfg = Debug|Any CPU
		{8637A2AA-E1FB-4EC9-88A5-688D7D1F7921}.Debug|x86.ActiveCfg = Debug|Any CPU
		{8637A2AA-E1FB-4EC9-88A5-688D7D1F7921}.Release|Any CPU.ActiveCfg = Release|Any CPU
		{8637A2AA-E1FB-4EC9-88A5-688D7D1F7921}.Release|Any CPU.Build.0 = Release|Any CPU
		{8637A2AA-E1FB-4EC9-88A5-688D7D1F7921}.Release|Mixed Platforms.ActiveCfg = Release|Any CPU
		{8637A2AA-E1FB-4EC9-88A5-688D7D1F7921}.Release|Mixed Platforms.Build.0 = Release|Any CPU
		{8637A2AA-E1FB-4EC9-88A5-688D7D1F7921}.Release|x64.ActiveCfg = Release|Any CPU
		{8637A2AA-E1FB-4EC9-88A5-688D7D1F7921}.Release|x86.ActiveCfg = Release|Any CPU
		{2D2226F5-75D2-4AEE-9799-EAAB9FC931AF}.Debug|Any CPU.ActiveCfg = Debug|x86
		{2D2226F5-75D2-4AEE-9799-EAAB9FC931AF}.Debug|Any CPU.Build.0 = Debug|x86
		{2D2226F5-75D2-4AEE-9799-EAAB9FC931AF}.Debug|Mixed Platforms.ActiveCfg = Debug|x86
		{2D2226F5-75D2-4AEE-9799-EAAB9FC931AF}.Debug|Mixed Platforms.Build.0 = Debug|x86
		{2D2226F5-75D2-4AEE-9799-EAAB9FC931AF}.Debug|x64.ActiveCfg = Debug|x86
		{2D2226F5-75D2-4AEE-9799-EAAB9FC931AF}.Debug|x86.ActiveCfg = Debug|x86
		{2D2226F5-75D2-4AEE-9799-EAAB9FC931AF}.Debug|x86.Build.0 = Debug|x86
		{2D2226F5-75D2-4AEE-9799-EAAB9FC931AF}.Release|Any CPU.ActiveCfg = Release|x86
		{2D2226F5-75D2-4AEE-9799-EAAB9FC931AF}.Release|Any CPU.Build.0 = Release|x86
		{2D2226F5-75D2-4AEE-9799-EAAB9FC931AF}.Release|Mixed Platforms.ActiveCfg = Release|x86
		{2D2226F5-75D2-4AEE-9799-EAAB9FC931AF}.Release|Mixed Platforms.Build.0 = Release|x86
		{2D2226F5-75D2-4AEE-9799-EAAB9FC931AF}.Release|x64.ActiveCfg = Release|x86
		{2D2226F5-75D2-4AEE-9799-EAAB9FC931AF}.Release|x86.ActiveCfg = Release|x86
		{2D2226F5-75D2-4AEE-9799-EAAB9FC931AF}.Release|x86.Build.0 = Release|x86
		{A8E1981A-0A8C-4C7A-9175-B5F0C085F639}.Debug|Any CPU.ActiveCfg = Debug|Any CPU
		{A8E1981A-0A8C-4C7A-9175-B5F0C085F639}.Debug|Any CPU.Build.0 = Debug|Any CPU
		{A8E1981A-0A8C-4C7A-9175-B5F0C085F639}.Debug|Mixed Platforms.ActiveCfg = Debug|Any CPU
		{A8E1981A-0A8C-4C7A-9175-B5F0C085F639}.Debug|Mixed Platforms.Build.0 = Debug|Any CPU
		{A8E1981A-0A8C-4C7A-9175-B5F0C085F639}.Debug|x64.ActiveCfg = Debug|Any CPU
		{A8E1981A-0A8C-4C7A-9175-B5F0C085F639}.Debug|x86.ActiveCfg = Debug|Any CPU
		{A8E1981A-0A8C-4C7A-9175-B5F0C085F639}.Release|Any CPU.ActiveCfg = Release|Any CPU
		{A8E1981A-0A8C-4C7A-9175-B5F0C085F639}.Release|Any CPU.Build.0 = Release|Any CPU
		{A8E1981A-0A8C-4C7A-9175-B5F0C085F639}.Release|Mixed Platforms.ActiveCfg = Release|Any CPU
		{A8E1981A-0A8C-4C7A-9175-B5F0C085F639}.Release|Mixed Platforms.Build.0 = Release|Any CPU
		{A8E1981A-0A8C-4C7A-9175-B5F0C085F639}.Release|x64.ActiveCfg = Release|Any CPU
		{A8E1981A-0A8C-4C7A-9175-B5F0C085F639}.Release|x86.ActiveCfg = Release|Any CPU
		{5ABA4120-7379-479E-BE61-C452C10A1810}.Debug|Any CPU.ActiveCfg = Debug|x86
		{5ABA4120-7379-479E-BE61-C452C10A1810}.Debug|Any CPU.Build.0 = Debug|x86
		{5ABA4120-7379-479E-BE61-C452C10A1810}.Debug|Mixed Platforms.ActiveCfg = Debug|x86
		{5ABA4120-7379-479E-BE61-C452C10A1810}.Debug|Mixed Platforms.Build.0 = Debug|x86
		{5ABA4120-7379-479E-BE61-C452C10A1810}.Debug|x64.ActiveCfg = Debug|x86
		{5ABA4120-7379-479E-BE61-C452C10A1810}.Debug|x86.ActiveCfg = Debug|x86
		{5ABA4120-7379-479E-BE61-C452C10A1810}.Debug|x86.Build.0 = Debug|x86
		{5ABA4120-7379-479E-BE61-C452C10A1810}.Release|Any CPU.ActiveCfg = Release|x86
		{5ABA4120-7379-479E-BE61-C452C10A1810}.Release|Any CPU.Build.0 = Release|x86
		{5ABA4120-7379-479E-BE61-C452C10A1810}.Release|Mixed Platforms.ActiveCfg = Release|x86
		{5ABA4120-7379-479E-BE61-C452C10A1810}.Release|Mixed Platforms.Build.0 = Release|x86
		{5ABA4120-7379-479E-BE61-C452C10A1810}.Release|x64.ActiveCfg = Release|x86
		{5ABA4120-7379-479E-BE61-C452C10A1810}.Release|x86.ActiveCfg = Release|x86
		{5ABA4120-7379-479E-BE61-C452C10A1810}.Release|x86.Build.0 = Release|x86
		{40FB6624-5444-43DC-8B73-863A3D91E1F3}.Debug|Any CPU.ActiveCfg = Debug|Any CPU
		{40FB6624-5444-43DC-8B73-863A3D91E1F3}.Debug|Any CPU.Build.0 = Debug|Any CPU
		{40FB6624-5444-43DC-8B73-863A3D91E1F3}.Debug|Mixed Platforms.ActiveCfg = Debug|Any CPU
		{40FB6624-5444-43DC-8B73-863A3D91E1F3}.Debug|Mixed Platforms.Build.0 = Debug|Any CPU
		{40FB6624-5444-43DC-8B73-863A3D91E1F3}.Debug|x64.ActiveCfg = Debug|Any CPU
		{40FB6624-5444-43DC-8B73-863A3D91E1F3}.Debug|x86.ActiveCfg = Debug|Any CPU
		{40FB6624-5444-43DC-8B73-863A3D91E1F3}.Release|Any CPU.ActiveCfg = Release|Any CPU
		{40FB6624-5444-43DC-8B73-863A3D91E1F3}.Release|Any CPU.Build.0 = Release|Any CPU
		{40FB6624-5444-43DC-8B73-863A3D91E1F3}.Release|Mixed Platforms.ActiveCfg = Release|Any CPU
		{40FB6624-5444-43DC-8B73-863A3D91E1F3}.Release|Mixed Platforms.Build.0 = Release|Any CPU
		{40FB6624-5444-43DC-8B73-863A3D91E1F3}.Release|x64.ActiveCfg = Release|Any CPU
		{40FB6624-5444-43DC-8B73-863A3D91E1F3}.Release|x86.ActiveCfg = Release|Any CPU
		{8B07ED45-42F4-4B0E-A581-2C257F77241E}.Debug|Any CPU.ActiveCfg = Debug|Any CPU
		{8B07ED45-42F4-4B0E-A581-2C257F77241E}.Debug|Any CPU.Build.0 = Debug|Any CPU
		{8B07ED45-42F4-4B0E-A581-2C257F77241E}.Debug|Mixed Platforms.ActiveCfg = Debug|Any CPU
		{8B07ED45-42F4-4B0E-A581-2C257F77241E}.Debug|Mixed Platforms.Build.0 = Debug|Any CPU
		{8B07ED45-42F4-4B0E-A581-2C257F77241E}.Debug|x64.ActiveCfg = Debug|Any CPU
		{8B07ED45-42F4-4B0E-A581-2C257F77241E}.Debug|x86.ActiveCfg = Debug|Any CPU
		{8B07ED45-42F4-4B0E-A581-2C257F77241E}.Release|Any CPU.ActiveCfg = Release|Any CPU
		{8B07ED45-42F4-4B0E-A581-2C257F77241E}.Release|Any CPU.Build.0 = Release|Any CPU
		{8B07ED45-42F4-4B0E-A581-2C257F77241E}.Release|Mixed Platforms.ActiveCfg = Release|Any CPU
		{8B07ED45-42F4-4B0E-A581-2C257F77241E}.Release|Mixed Platforms.Build.0 = Release|Any CPU
		{8B07ED45-42F4-4B0E-A581-2C257F77241E}.Release|x64.ActiveCfg = Release|Any CPU
		{8B07ED45-42F4-4B0E-A581-2C257F77241E}.Release|x86.ActiveCfg = Release|Any CPU
		{DAF03684-BB0B-4528-BFEE-8A3FBFC9FC4A}.Debug|Any CPU.ActiveCfg = Debug|Any CPU
		{DAF03684-BB0B-4528-BFEE-8A3FBFC9FC4A}.Debug|Any CPU.Build.0 = Debug|Any CPU
		{DAF03684-BB0B-4528-BFEE-8A3FBFC9FC4A}.Debug|Mixed Platforms.ActiveCfg = Debug|Any CPU
		{DAF03684-BB0B-4528-BFEE-8A3FBFC9FC4A}.Debug|Mixed Platforms.Build.0 = Debug|Any CPU
		{DAF03684-BB0B-4528-BFEE-8A3FBFC9FC4A}.Debug|x64.ActiveCfg = Debug|Any CPU
		{DAF03684-BB0B-4528-BFEE-8A3FBFC9FC4A}.Debug|x86.ActiveCfg = Debug|Any CPU
		{DAF03684-BB0B-4528-BFEE-8A3FBFC9FC4A}.Release|Any CPU.ActiveCfg = Release|Any CPU
		{DAF03684-BB0B-4528-BFEE-8A3FBFC9FC4A}.Release|Any CPU.Build.0 = Release|Any CPU
		{DAF03684-BB0B-4528-BFEE-8A3FBFC9FC4A}.Release|Mixed Platforms.ActiveCfg = Release|Any CPU
		{DAF03684-BB0B-4528-BFEE-8A3FBFC9FC4A}.Release|Mixed Platforms.Build.0 = Release|Any CPU
		{DAF03684-BB0B-4528-BFEE-8A3FBFC9FC4A}.Release|x64.ActiveCfg = Release|Any CPU
		{DAF03684-BB0B-4528-BFEE-8A3FBFC9FC4A}.Release|x86.ActiveCfg = Release|Any CPU
	EndGlobalSection
	GlobalSection(SolutionProperties) = preSolution
		HideSolutionNode = FALSE
	EndGlobalSection
EndGlobal
