
Microsoft Visual Studio Solution File, Format Version 11.00
# Visual C# Express 2010
Project("{FAE04EC0-301F-11D3-BF4B-00C04F79EFBC}") = "AmaroK86.MassEffect3.ME3Directory", "AmaroK86.MassEffect3.ME3Directory\AmaroK86.MassEffect3.ME3Directory.csproj", "{4C897537-C3FB-46FE-AD6A-E6D17BD51520}"
EndProject
Global
	GlobalSection(SolutionConfigurationPlatforms) = preSolution
		Debug|Any CPU = Debug|Any CPU
		Release|Any CPU = Release|Any CPU
	EndGlobalSection
	GlobalSection(ProjectConfigurationPlatforms) = postSolution
		{4C897537-C3FB-46FE-AD6A-E6D17BD51520}.Debug|Any CPU.ActiveCfg = Debug|Any CPU
		{4C897537-C3FB-46FE-AD6A-E6D17BD51520}.Debug|Any CPU.Build.0 = Debug|Any CPU
		{4C897537-C3FB-46FE-AD6A-E6D17BD51520}.Release|Any CPU.ActiveCfg = Release|Any CPU
		{4C897537-C3FB-46FE-AD6A-E6D17BD51520}.Release|Any CPU.Build.0 = Release|Any CPU
	EndGlobalSection
	GlobalSection(SolutionProperties) = preSolution
		HideSolutionNode = FALSE
	EndGlobalSection
EndGlobal
