
Microsoft Visual Studio Solution File, Format Version 12.00
# Visual Studio Version 17
VisualStudioVersion = 17.0.32112.339
MinimumVisualStudioVersion = 10.0.40219.1
Project("{9A19103F-16F7-4668-BE54-9A1E7A4F7556}") = "LegendaryExplorer", "LegendaryExplorer\LegendaryExplorer.csproj", "{90722DA5-6E21-4FA5-B625-B832686A10D3}"
	ProjectSection(ProjectDependencies) = postProject
		{371B9FA9-4C90-4AC6-A123-ACED756D6C77} = {371B9FA9-4C90-4AC6-A123-ACED756D6C77}
	EndProjectSection
EndProject
Project("{9A19103F-16F7-4668-BE54-9A1E7A4F7556}") = "LegendaryExplorerCore", "LegendaryExplorerCore\LegendaryExplorerCore.csproj", "{259B8658-3EA1-4C9B-BF6E-EF315768BD3E}"
	ProjectSection(ProjectDependencies) = postProject
		{371B9FA9-4C90-4AC6-A123-ACED756D6C77} = {371B9FA9-4C90-4AC6-A123-ACED756D6C77}
	EndProjectSection
EndProject
Project("{9A19103F-16F7-4668-BE54-9A1E7A4F7556}") = "Be.Windows.Forms.HexBox", "..\SharedProjects\Be.Windows.Forms.HexBox\Be.Windows.Forms.HexBox.csproj", "{39A2FA47-5227-46EA-A7EE-D7666DA6021A}"
EndProject
Project("{9A19103F-16F7-4668-BE54-9A1E7A4F7556}") = "HexConverterWPF", "..\SharedProjects\HexConverterWPF\HexConverterWPF.csproj", "{DEF62ED6-781B-40F9-841B-93151806712C}"
EndProject
Project("{9A19103F-16F7-4668-BE54-9A1E7A4F7556}") = "Piccolo", "..\SharedProjects\Piccolo\Piccolo.csproj", "{6879519E-198F-40D5-9CCB-F108DA1609A1}"
EndProject
Project("{9A19103F-16F7-4668-BE54-9A1E7A4F7556}") = "DotNetProjects.Wpf.Extended.Toolkit", "Xceed.Wpf.Toolkit\DotNetProjects.Wpf.Extended.Toolkit.csproj", "{8B3E290F-A415-46EA-B8E3-708DE9620ABD}"
EndProject
Project("{9A19103F-16F7-4668-BE54-9A1E7A4F7556}") = "LegendaryExplorerCore.Tests", "LegendaryExplorerCore.Tests\LegendaryExplorerCore.Tests.csproj", "{06E31FB6-17D2-477D-81D1-5EB4A908E88B}"
EndProject
Project("{8BC9CEB8-8B4A-11D0-8D11-00A0C91BC942}") = "TexConverter", "TexConverter\TexConverter.vcxproj", "{371B9FA9-4C90-4AC6-A123-ACED756D6C77}"
EndProject
Project("{2150E333-8FDC-42A3-9474-1A3956D46DE8}") = "Solution Items", "Solution Items", "{BCA80F3B-DA9E-40BA-8B3A-0535483C8311}"
	ProjectSection(SolutionItems) = preProject
		.editorconfig = .editorconfig
	EndProjectSection
EndProject
Project("{9A19103F-16F7-4668-BE54-9A1E7A4F7556}") = "LegendaryExplorer.Tests", "LegendaryExplorer.Tests\LegendaryExplorer.Tests.csproj", "{BE144A0B-A717-4E0C-8D5D-D596B1D5BB71}"
EndProject
Project("{9A19103F-16F7-4668-BE54-9A1E7A4F7556}") = "WaveFormRendererLib", "WaveFormRendererLib\WaveFormRendererLib.csproj", "{42899445-4768-4C24-A83A-E76CF39DBE7B}"
EndProject
Project("{9A19103F-16F7-4668-BE54-9A1E7A4F7556}") = "LegendaryExplorerGenerator", "LegendaryExplorerGenerator\LegendaryExplorerGenerator.csproj", "{92EFE80D-478C-4FB1-9D1A-5495A0CF6C81}"
EndProject
Project("{9A19103F-16F7-4668-BE54-9A1E7A4F7556}") = "WwiseTools_DotNet6", "submodules\WwiseTools\WwiseTools_DotNet6\WwiseTools_DotNet6.csproj", "{BF251A45-7189-4E2C-AA08-0308F0E309A7}"
EndProject
Global
	GlobalSection(SolutionConfigurationPlatforms) = preSolution
		Debug|x64 = Debug|x64
		LinuxDebug|x64 = LinuxDebug|x64
		LinuxRelease|x64 = LinuxRelease|x64
		MacDebug|x64 = MacDebug|x64
		MacRelease|x64 = MacRelease|x64
		Profile|x64 = Profile|x64
		Release|x64 = Release|x64
		WinAzureRelease|x64 = WinAzureRelease|x64
		WinAzureTest|x64 = WinAzureTest|x64
		WinDebug|x64 = WinDebug|x64
		WinRelease|x64 = WinRelease|x64
		WPFDebug|x64 = WPFDebug|x64
		WPFRelease|x64 = WPFRelease|x64
	EndGlobalSection
	GlobalSection(ProjectConfigurationPlatforms) = postSolution
		{90722DA5-6E21-4FA5-B625-B832686A10D3}.Debug|x64.ActiveCfg = WinDebug|x64
		{90722DA5-6E21-4FA5-B625-B832686A10D3}.Debug|x64.Build.0 = WinDebug|x64
		{90722DA5-6E21-4FA5-B625-B832686A10D3}.LinuxDebug|x64.ActiveCfg = WinDebug|x64
		{90722DA5-6E21-4FA5-B625-B832686A10D3}.LinuxDebug|x64.Build.0 = WinDebug|x64
		{90722DA5-6E21-4FA5-B625-B832686A10D3}.LinuxRelease|x64.ActiveCfg = WinDebug|x64
		{90722DA5-6E21-4FA5-B625-B832686A10D3}.LinuxRelease|x64.Build.0 = WinDebug|x64
		{90722DA5-6E21-4FA5-B625-B832686A10D3}.MacDebug|x64.ActiveCfg = WinDebug|x64
		{90722DA5-6E21-4FA5-B625-B832686A10D3}.MacDebug|x64.Build.0 = WinDebug|x64
		{90722DA5-6E21-4FA5-B625-B832686A10D3}.MacRelease|x64.ActiveCfg = WinDebug|x64
		{90722DA5-6E21-4FA5-B625-B832686A10D3}.MacRelease|x64.Build.0 = WinDebug|x64
		{90722DA5-6E21-4FA5-B625-B832686A10D3}.Profile|x64.ActiveCfg = WinRelease|x64
		{90722DA5-6E21-4FA5-B625-B832686A10D3}.Profile|x64.Build.0 = WinRelease|x64
		{90722DA5-6E21-4FA5-B625-B832686A10D3}.Release|x64.ActiveCfg = WinAzureRelease|x64
		{90722DA5-6E21-4FA5-B625-B832686A10D3}.Release|x64.Build.0 = WinAzureRelease|x64
		{90722DA5-6E21-4FA5-B625-B832686A10D3}.WinAzureRelease|x64.ActiveCfg = WinAzureRelease|x64
		{90722DA5-6E21-4FA5-B625-B832686A10D3}.WinAzureRelease|x64.Build.0 = WinAzureRelease|x64
		{90722DA5-6E21-4FA5-B625-B832686A10D3}.WinAzureTest|x64.ActiveCfg = WinAzureTest|x64
		{90722DA5-6E21-4FA5-B625-B832686A10D3}.WinAzureTest|x64.Build.0 = WinAzureTest|x64
		{90722DA5-6E21-4FA5-B625-B832686A10D3}.WinDebug|x64.ActiveCfg = WinDebug|x64
		{90722DA5-6E21-4FA5-B625-B832686A10D3}.WinDebug|x64.Build.0 = WinDebug|x64
		{90722DA5-6E21-4FA5-B625-B832686A10D3}.WinRelease|x64.ActiveCfg = WinRelease|x64
		{90722DA5-6E21-4FA5-B625-B832686A10D3}.WinRelease|x64.Build.0 = WinRelease|x64
		{90722DA5-6E21-4FA5-B625-B832686A10D3}.WPFDebug|x64.ActiveCfg = WinDebug|x64
		{90722DA5-6E21-4FA5-B625-B832686A10D3}.WPFDebug|x64.Build.0 = WinDebug|x64
		{90722DA5-6E21-4FA5-B625-B832686A10D3}.WPFRelease|x64.ActiveCfg = WinDebug|x64
		{90722DA5-6E21-4FA5-B625-B832686A10D3}.WPFRelease|x64.Build.0 = WinDebug|x64
		{259B8658-3EA1-4C9B-BF6E-EF315768BD3E}.Debug|x64.ActiveCfg = WPFDebug|x64
		{259B8658-3EA1-4C9B-BF6E-EF315768BD3E}.Debug|x64.Build.0 = WPFDebug|x64
		{259B8658-3EA1-4C9B-BF6E-EF315768BD3E}.LinuxDebug|x64.ActiveCfg = LinuxDebug|x64
		{259B8658-3EA1-4C9B-BF6E-EF315768BD3E}.LinuxDebug|x64.Build.0 = LinuxDebug|x64
		{259B8658-3EA1-4C9B-BF6E-EF315768BD3E}.LinuxRelease|x64.ActiveCfg = LinuxRelease|x64
		{259B8658-3EA1-4C9B-BF6E-EF315768BD3E}.LinuxRelease|x64.Build.0 = LinuxRelease|x64
		{259B8658-3EA1-4C9B-BF6E-EF315768BD3E}.MacDebug|x64.ActiveCfg = MacDebug|x64
		{259B8658-3EA1-4C9B-BF6E-EF315768BD3E}.MacDebug|x64.Build.0 = MacDebug|x64
		{259B8658-3EA1-4C9B-BF6E-EF315768BD3E}.MacRelease|x64.ActiveCfg = MacRelease|x64
		{259B8658-3EA1-4C9B-BF6E-EF315768BD3E}.MacRelease|x64.Build.0 = MacRelease|x64
		{259B8658-3EA1-4C9B-BF6E-EF315768BD3E}.Profile|x64.ActiveCfg = WPFRelease|x64
		{259B8658-3EA1-4C9B-BF6E-EF315768BD3E}.Profile|x64.Build.0 = WPFRelease|x64
		{259B8658-3EA1-4C9B-BF6E-EF315768BD3E}.Release|x64.ActiveCfg = WinRelease|x64
		{259B8658-3EA1-4C9B-BF6E-EF315768BD3E}.Release|x64.Build.0 = WinRelease|x64
		{259B8658-3EA1-4C9B-BF6E-EF315768BD3E}.WinAzureRelease|x64.ActiveCfg = WinAzureRelease|x64
		{259B8658-3EA1-4C9B-BF6E-EF315768BD3E}.WinAzureRelease|x64.Build.0 = WinAzureRelease|x64
		{259B8658-3EA1-4C9B-BF6E-EF315768BD3E}.WinAzureTest|x64.ActiveCfg = WinAzureTest|x64
		{259B8658-3EA1-4C9B-BF6E-EF315768BD3E}.WinAzureTest|x64.Build.0 = WinAzureTest|x64
		{259B8658-3EA1-4C9B-BF6E-EF315768BD3E}.WinDebug|x64.ActiveCfg = WinDebug|x64
		{259B8658-3EA1-4C9B-BF6E-EF315768BD3E}.WinDebug|x64.Build.0 = WinDebug|x64
		{259B8658-3EA1-4C9B-BF6E-EF315768BD3E}.WinRelease|x64.ActiveCfg = WinRelease|x64
		{259B8658-3EA1-4C9B-BF6E-EF315768BD3E}.WinRelease|x64.Build.0 = WinRelease|x64
		{259B8658-3EA1-4C9B-BF6E-EF315768BD3E}.WPFDebug|x64.ActiveCfg = WPFDebug|x64
		{259B8658-3EA1-4C9B-BF6E-EF315768BD3E}.WPFDebug|x64.Build.0 = WPFDebug|x64
		{259B8658-3EA1-4C9B-BF6E-EF315768BD3E}.WPFRelease|x64.ActiveCfg = WPFRelease|x64
		{259B8658-3EA1-4C9B-BF6E-EF315768BD3E}.WPFRelease|x64.Build.0 = WPFRelease|x64
		{39A2FA47-5227-46EA-A7EE-D7666DA6021A}.Debug|x64.ActiveCfg = WinDebug|x64
		{39A2FA47-5227-46EA-A7EE-D7666DA6021A}.Debug|x64.Build.0 = WinDebug|x64
		{39A2FA47-5227-46EA-A7EE-D7666DA6021A}.LinuxDebug|x64.ActiveCfg = WinDebug|x64
		{39A2FA47-5227-46EA-A7EE-D7666DA6021A}.LinuxDebug|x64.Build.0 = WinDebug|x64
		{39A2FA47-5227-46EA-A7EE-D7666DA6021A}.LinuxRelease|x64.ActiveCfg = WinDebug|x64
		{39A2FA47-5227-46EA-A7EE-D7666DA6021A}.LinuxRelease|x64.Build.0 = WinDebug|x64
		{39A2FA47-5227-46EA-A7EE-D7666DA6021A}.MacDebug|x64.ActiveCfg = WinDebug|x64
		{39A2FA47-5227-46EA-A7EE-D7666DA6021A}.MacDebug|x64.Build.0 = WinDebug|x64
		{39A2FA47-5227-46EA-A7EE-D7666DA6021A}.MacRelease|x64.ActiveCfg = WinDebug|x64
		{39A2FA47-5227-46EA-A7EE-D7666DA6021A}.MacRelease|x64.Build.0 = WinDebug|x64
		{39A2FA47-5227-46EA-A7EE-D7666DA6021A}.Profile|x64.ActiveCfg = WinRelease|x64
		{39A2FA47-5227-46EA-A7EE-D7666DA6021A}.Profile|x64.Build.0 = WinRelease|x64
		{39A2FA47-5227-46EA-A7EE-D7666DA6021A}.Release|x64.ActiveCfg = WinAzureRelease|x64
		{39A2FA47-5227-46EA-A7EE-D7666DA6021A}.Release|x64.Build.0 = WinAzureRelease|x64
		{39A2FA47-5227-46EA-A7EE-D7666DA6021A}.WinAzureRelease|x64.ActiveCfg = WinAzureRelease|x64
		{39A2FA47-5227-46EA-A7EE-D7666DA6021A}.WinAzureRelease|x64.Build.0 = WinAzureRelease|x64
		{39A2FA47-5227-46EA-A7EE-D7666DA6021A}.WinAzureTest|x64.ActiveCfg = WinAzureTest|x64
		{39A2FA47-5227-46EA-A7EE-D7666DA6021A}.WinAzureTest|x64.Build.0 = WinAzureTest|x64
		{39A2FA47-5227-46EA-A7EE-D7666DA6021A}.WinDebug|x64.ActiveCfg = WinDebug|x64
		{39A2FA47-5227-46EA-A7EE-D7666DA6021A}.WinDebug|x64.Build.0 = WinDebug|x64
		{39A2FA47-5227-46EA-A7EE-D7666DA6021A}.WinRelease|x64.ActiveCfg = WinRelease|x64
		{39A2FA47-5227-46EA-A7EE-D7666DA6021A}.WinRelease|x64.Build.0 = WinRelease|x64
		{39A2FA47-5227-46EA-A7EE-D7666DA6021A}.WPFDebug|x64.ActiveCfg = WinDebug|x64
		{39A2FA47-5227-46EA-A7EE-D7666DA6021A}.WPFDebug|x64.Build.0 = WinDebug|x64
		{39A2FA47-5227-46EA-A7EE-D7666DA6021A}.WPFRelease|x64.ActiveCfg = WinDebug|x64
		{39A2FA47-5227-46EA-A7EE-D7666DA6021A}.WPFRelease|x64.Build.0 = WinDebug|x64
		{DEF62ED6-781B-40F9-841B-93151806712C}.Debug|x64.ActiveCfg = WinDebug|x64
		{DEF62ED6-781B-40F9-841B-93151806712C}.Debug|x64.Build.0 = WinDebug|x64
		{DEF62ED6-781B-40F9-841B-93151806712C}.LinuxDebug|x64.ActiveCfg = WinDebug|x64
		{DEF62ED6-781B-40F9-841B-93151806712C}.LinuxDebug|x64.Build.0 = WinDebug|x64
		{DEF62ED6-781B-40F9-841B-93151806712C}.LinuxRelease|x64.ActiveCfg = WinDebug|x64
		{DEF62ED6-781B-40F9-841B-93151806712C}.LinuxRelease|x64.Build.0 = WinDebug|x64
		{DEF62ED6-781B-40F9-841B-93151806712C}.MacDebug|x64.ActiveCfg = WinDebug|x64
		{DEF62ED6-781B-40F9-841B-93151806712C}.MacDebug|x64.Build.0 = WinDebug|x64
		{DEF62ED6-781B-40F9-841B-93151806712C}.MacRelease|x64.ActiveCfg = WinDebug|x64
		{DEF62ED6-781B-40F9-841B-93151806712C}.MacRelease|x64.Build.0 = WinDebug|x64
		{DEF62ED6-781B-40F9-841B-93151806712C}.Profile|x64.ActiveCfg = WinRelease|x64
		{DEF62ED6-781B-40F9-841B-93151806712C}.Profile|x64.Build.0 = WinRelease|x64
		{DEF62ED6-781B-40F9-841B-93151806712C}.Release|x64.ActiveCfg = WinAzureRelease|x64
		{DEF62ED6-781B-40F9-841B-93151806712C}.Release|x64.Build.0 = WinAzureRelease|x64
		{DEF62ED6-781B-40F9-841B-93151806712C}.WinAzureRelease|x64.ActiveCfg = WinAzureRelease|x64
		{DEF62ED6-781B-40F9-841B-93151806712C}.WinAzureRelease|x64.Build.0 = WinAzureRelease|x64
		{DEF62ED6-781B-40F9-841B-93151806712C}.WinAzureTest|x64.ActiveCfg = WinAzureTest|x64
		{DEF62ED6-781B-40F9-841B-93151806712C}.WinAzureTest|x64.Build.0 = WinAzureTest|x64
		{DEF62ED6-781B-40F9-841B-93151806712C}.WinDebug|x64.ActiveCfg = WinDebug|x64
		{DEF62ED6-781B-40F9-841B-93151806712C}.WinDebug|x64.Build.0 = WinDebug|x64
		{DEF62ED6-781B-40F9-841B-93151806712C}.WinRelease|x64.ActiveCfg = WinRelease|x64
		{DEF62ED6-781B-40F9-841B-93151806712C}.WinRelease|x64.Build.0 = WinRelease|x64
		{DEF62ED6-781B-40F9-841B-93151806712C}.WPFDebug|x64.ActiveCfg = WinDebug|x64
		{DEF62ED6-781B-40F9-841B-93151806712C}.WPFDebug|x64.Build.0 = WinDebug|x64
		{DEF62ED6-781B-40F9-841B-93151806712C}.WPFRelease|x64.ActiveCfg = WinDebug|x64
		{DEF62ED6-781B-40F9-841B-93151806712C}.WPFRelease|x64.Build.0 = WinDebug|x64
		{6879519E-198F-40D5-9CCB-F108DA1609A1}.Debug|x64.ActiveCfg = WinDebug|x64
		{6879519E-198F-40D5-9CCB-F108DA1609A1}.Debug|x64.Build.0 = WinDebug|x64
		{6879519E-198F-40D5-9CCB-F108DA1609A1}.LinuxDebug|x64.ActiveCfg = WinDebug|x64
		{6879519E-198F-40D5-9CCB-F108DA1609A1}.LinuxDebug|x64.Build.0 = WinDebug|x64
		{6879519E-198F-40D5-9CCB-F108DA1609A1}.LinuxRelease|x64.ActiveCfg = WinDebug|x64
		{6879519E-198F-40D5-9CCB-F108DA1609A1}.LinuxRelease|x64.Build.0 = WinDebug|x64
		{6879519E-198F-40D5-9CCB-F108DA1609A1}.MacDebug|x64.ActiveCfg = WinDebug|x64
		{6879519E-198F-40D5-9CCB-F108DA1609A1}.MacDebug|x64.Build.0 = WinDebug|x64
		{6879519E-198F-40D5-9CCB-F108DA1609A1}.MacRelease|x64.ActiveCfg = WinDebug|x64
		{6879519E-198F-40D5-9CCB-F108DA1609A1}.MacRelease|x64.Build.0 = WinDebug|x64
		{6879519E-198F-40D5-9CCB-F108DA1609A1}.Profile|x64.ActiveCfg = WinRelease|x64
		{6879519E-198F-40D5-9CCB-F108DA1609A1}.Profile|x64.Build.0 = WinRelease|x64
		{6879519E-198F-40D5-9CCB-F108DA1609A1}.Release|x64.ActiveCfg = WinAzureRelease|x64
		{6879519E-198F-40D5-9CCB-F108DA1609A1}.Release|x64.Build.0 = WinAzureRelease|x64
		{6879519E-198F-40D5-9CCB-F108DA1609A1}.WinAzureRelease|x64.ActiveCfg = WinAzureRelease|x64
		{6879519E-198F-40D5-9CCB-F108DA1609A1}.WinAzureRelease|x64.Build.0 = WinAzureRelease|x64
		{6879519E-198F-40D5-9CCB-F108DA1609A1}.WinAzureTest|x64.ActiveCfg = WinAzureTest|x64
		{6879519E-198F-40D5-9CCB-F108DA1609A1}.WinAzureTest|x64.Build.0 = WinAzureTest|x64
		{6879519E-198F-40D5-9CCB-F108DA1609A1}.WinDebug|x64.ActiveCfg = WinDebug|x64
		{6879519E-198F-40D5-9CCB-F108DA1609A1}.WinDebug|x64.Build.0 = WinDebug|x64
		{6879519E-198F-40D5-9CCB-F108DA1609A1}.WinRelease|x64.ActiveCfg = WinRelease|x64
		{6879519E-198F-40D5-9CCB-F108DA1609A1}.WinRelease|x64.Build.0 = WinRelease|x64
		{6879519E-198F-40D5-9CCB-F108DA1609A1}.WPFDebug|x64.ActiveCfg = WinDebug|x64
		{6879519E-198F-40D5-9CCB-F108DA1609A1}.WPFDebug|x64.Build.0 = WinDebug|x64
		{6879519E-198F-40D5-9CCB-F108DA1609A1}.WPFRelease|x64.ActiveCfg = WinDebug|x64
		{6879519E-198F-40D5-9CCB-F108DA1609A1}.WPFRelease|x64.Build.0 = WinDebug|x64
		{8B3E290F-A415-46EA-B8E3-708DE9620ABD}.Debug|x64.ActiveCfg = WinDebug|x64
		{8B3E290F-A415-46EA-B8E3-708DE9620ABD}.Debug|x64.Build.0 = WinDebug|x64
		{8B3E290F-A415-46EA-B8E3-708DE9620ABD}.LinuxDebug|x64.ActiveCfg = WinDebug|x64
		{8B3E290F-A415-46EA-B8E3-708DE9620ABD}.LinuxDebug|x64.Build.0 = WinDebug|x64
		{8B3E290F-A415-46EA-B8E3-708DE9620ABD}.LinuxRelease|x64.ActiveCfg = WinDebug|x64
		{8B3E290F-A415-46EA-B8E3-708DE9620ABD}.LinuxRelease|x64.Build.0 = WinDebug|x64
		{8B3E290F-A415-46EA-B8E3-708DE9620ABD}.MacDebug|x64.ActiveCfg = WinDebug|x64
		{8B3E290F-A415-46EA-B8E3-708DE9620ABD}.MacDebug|x64.Build.0 = WinDebug|x64
		{8B3E290F-A415-46EA-B8E3-708DE9620ABD}.MacRelease|x64.ActiveCfg = WinDebug|x64
		{8B3E290F-A415-46EA-B8E3-708DE9620ABD}.MacRelease|x64.Build.0 = WinDebug|x64
		{8B3E290F-A415-46EA-B8E3-708DE9620ABD}.Profile|x64.ActiveCfg = WinRelease|x64
		{8B3E290F-A415-46EA-B8E3-708DE9620ABD}.Profile|x64.Build.0 = WinRelease|x64
		{8B3E290F-A415-46EA-B8E3-708DE9620ABD}.Release|x64.ActiveCfg = WinAzureRelease|x64
		{8B3E290F-A415-46EA-B8E3-708DE9620ABD}.Release|x64.Build.0 = WinAzureRelease|x64
		{8B3E290F-A415-46EA-B8E3-708DE9620ABD}.WinAzureRelease|x64.ActiveCfg = WinAzureRelease|x64
		{8B3E290F-A415-46EA-B8E3-708DE9620ABD}.WinAzureRelease|x64.Build.0 = WinAzureRelease|x64
		{8B3E290F-A415-46EA-B8E3-708DE9620ABD}.WinAzureTest|x64.ActiveCfg = WinAzureTest|x64
		{8B3E290F-A415-46EA-B8E3-708DE9620ABD}.WinAzureTest|x64.Build.0 = WinAzureTest|x64
		{8B3E290F-A415-46EA-B8E3-708DE9620ABD}.WinDebug|x64.ActiveCfg = WinDebug|x64
		{8B3E290F-A415-46EA-B8E3-708DE9620ABD}.WinDebug|x64.Build.0 = WinDebug|x64
		{8B3E290F-A415-46EA-B8E3-708DE9620ABD}.WinRelease|x64.ActiveCfg = WinRelease|x64
		{8B3E290F-A415-46EA-B8E3-708DE9620ABD}.WinRelease|x64.Build.0 = WinRelease|x64
		{8B3E290F-A415-46EA-B8E3-708DE9620ABD}.WPFDebug|x64.ActiveCfg = WinDebug|x64
		{8B3E290F-A415-46EA-B8E3-708DE9620ABD}.WPFDebug|x64.Build.0 = WinDebug|x64
		{8B3E290F-A415-46EA-B8E3-708DE9620ABD}.WPFRelease|x64.ActiveCfg = WinDebug|x64
		{8B3E290F-A415-46EA-B8E3-708DE9620ABD}.WPFRelease|x64.Build.0 = WinDebug|x64
		{06E31FB6-17D2-477D-81D1-5EB4A908E88B}.Debug|x64.ActiveCfg = WinDebug|x64
		{06E31FB6-17D2-477D-81D1-5EB4A908E88B}.Debug|x64.Build.0 = WinDebug|x64
		{06E31FB6-17D2-477D-81D1-5EB4A908E88B}.LinuxDebug|x64.ActiveCfg = WinDebug|x64
		{06E31FB6-17D2-477D-81D1-5EB4A908E88B}.LinuxDebug|x64.Build.0 = WinDebug|x64
		{06E31FB6-17D2-477D-81D1-5EB4A908E88B}.LinuxRelease|x64.ActiveCfg = WinDebug|x64
		{06E31FB6-17D2-477D-81D1-5EB4A908E88B}.LinuxRelease|x64.Build.0 = WinDebug|x64
		{06E31FB6-17D2-477D-81D1-5EB4A908E88B}.MacDebug|x64.ActiveCfg = WinDebug|x64
		{06E31FB6-17D2-477D-81D1-5EB4A908E88B}.MacDebug|x64.Build.0 = WinDebug|x64
		{06E31FB6-17D2-477D-81D1-5EB4A908E88B}.MacRelease|x64.ActiveCfg = WinDebug|x64
		{06E31FB6-17D2-477D-81D1-5EB4A908E88B}.MacRelease|x64.Build.0 = WinDebug|x64
		{06E31FB6-17D2-477D-81D1-5EB4A908E88B}.Profile|x64.ActiveCfg = WinRelease|x64
		{06E31FB6-17D2-477D-81D1-5EB4A908E88B}.Profile|x64.Build.0 = WinRelease|x64
		{06E31FB6-17D2-477D-81D1-5EB4A908E88B}.Release|x64.ActiveCfg = WinAzureRelease|x64
		{06E31FB6-17D2-477D-81D1-5EB4A908E88B}.Release|x64.Build.0 = WinAzureRelease|x64
		{06E31FB6-17D2-477D-81D1-5EB4A908E88B}.WinAzureRelease|x64.ActiveCfg = WinAzureRelease|x64
		{06E31FB6-17D2-477D-81D1-5EB4A908E88B}.WinAzureTest|x64.ActiveCfg = WinAzureTest|x64
		{06E31FB6-17D2-477D-81D1-5EB4A908E88B}.WinAzureTest|x64.Build.0 = WinAzureTest|x64
		{06E31FB6-17D2-477D-81D1-5EB4A908E88B}.WinDebug|x64.ActiveCfg = WinDebug|x64
		{06E31FB6-17D2-477D-81D1-5EB4A908E88B}.WinDebug|x64.Build.0 = WinDebug|x64
		{06E31FB6-17D2-477D-81D1-5EB4A908E88B}.WinRelease|x64.ActiveCfg = WinRelease|x64
		{06E31FB6-17D2-477D-81D1-5EB4A908E88B}.WPFDebug|x64.ActiveCfg = WinDebug|x64
		{06E31FB6-17D2-477D-81D1-5EB4A908E88B}.WPFDebug|x64.Build.0 = WinDebug|x64
		{06E31FB6-17D2-477D-81D1-5EB4A908E88B}.WPFRelease|x64.ActiveCfg = WinDebug|x64
		{06E31FB6-17D2-477D-81D1-5EB4A908E88B}.WPFRelease|x64.Build.0 = WinDebug|x64
		{371B9FA9-4C90-4AC6-A123-ACED756D6C77}.Debug|x64.ActiveCfg = WinDebug|x64
		{371B9FA9-4C90-4AC6-A123-ACED756D6C77}.Debug|x64.Build.0 = WinDebug|x64
		{371B9FA9-4C90-4AC6-A123-ACED756D6C77}.LinuxDebug|x64.ActiveCfg = WinDebug|x64
		{371B9FA9-4C90-4AC6-A123-ACED756D6C77}.LinuxRelease|x64.ActiveCfg = WinRelease|x64
		{371B9FA9-4C90-4AC6-A123-ACED756D6C77}.MacDebug|x64.ActiveCfg = WinDebug|x64
		{371B9FA9-4C90-4AC6-A123-ACED756D6C77}.MacRelease|x64.ActiveCfg = WinRelease|x64
		{371B9FA9-4C90-4AC6-A123-ACED756D6C77}.Profile|x64.ActiveCfg = WinDebug|x64
		{371B9FA9-4C90-4AC6-A123-ACED756D6C77}.Release|x64.ActiveCfg = WinAzureRelease|x64
		{371B9FA9-4C90-4AC6-A123-ACED756D6C77}.Release|x64.Build.0 = WinAzureRelease|x64
		{371B9FA9-4C90-4AC6-A123-ACED756D6C77}.WinAzureRelease|x64.ActiveCfg = WinAzureRelease|x64
		{371B9FA9-4C90-4AC6-A123-ACED756D6C77}.WinAzureRelease|x64.Build.0 = WinAzureRelease|x64
		{371B9FA9-4C90-4AC6-A123-ACED756D6C77}.WinAzureTest|x64.ActiveCfg = WinDebug|x64
		{371B9FA9-4C90-4AC6-A123-ACED756D6C77}.WinDebug|x64.ActiveCfg = WinDebug|x64
		{371B9FA9-4C90-4AC6-A123-ACED756D6C77}.WinDebug|x64.Build.0 = WinDebug|x64
		{371B9FA9-4C90-4AC6-A123-ACED756D6C77}.WinRelease|x64.ActiveCfg = WinRelease|x64
		{371B9FA9-4C90-4AC6-A123-ACED756D6C77}.WinRelease|x64.Build.0 = WinRelease|x64
		{371B9FA9-4C90-4AC6-A123-ACED756D6C77}.WPFDebug|x64.ActiveCfg = WinDebug|x64
		{371B9FA9-4C90-4AC6-A123-ACED756D6C77}.WPFDebug|x64.Build.0 = WinDebug|x64
		{371B9FA9-4C90-4AC6-A123-ACED756D6C77}.WPFRelease|x64.ActiveCfg = WinRelease|x64
		{371B9FA9-4C90-4AC6-A123-ACED756D6C77}.WPFRelease|x64.Build.0 = WinRelease|x64
		{BE144A0B-A717-4E0C-8D5D-D596B1D5BB71}.Debug|x64.ActiveCfg = Debug|x64
		{BE144A0B-A717-4E0C-8D5D-D596B1D5BB71}.Debug|x64.Build.0 = Debug|x64
		{BE144A0B-A717-4E0C-8D5D-D596B1D5BB71}.LinuxDebug|x64.ActiveCfg = Debug|x64
		{BE144A0B-A717-4E0C-8D5D-D596B1D5BB71}.LinuxRelease|x64.ActiveCfg = Release|x64
		{BE144A0B-A717-4E0C-8D5D-D596B1D5BB71}.MacDebug|x64.ActiveCfg = Debug|x64
		{BE144A0B-A717-4E0C-8D5D-D596B1D5BB71}.MacRelease|x64.ActiveCfg = Release|x64
		{BE144A0B-A717-4E0C-8D5D-D596B1D5BB71}.Profile|x64.ActiveCfg = Debug|x64
		{BE144A0B-A717-4E0C-8D5D-D596B1D5BB71}.Release|x64.ActiveCfg = Release|x64
		{BE144A0B-A717-4E0C-8D5D-D596B1D5BB71}.Release|x64.Build.0 = Release|x64
		{BE144A0B-A717-4E0C-8D5D-D596B1D5BB71}.WinAzureRelease|x64.ActiveCfg = Release|x64
		{BE144A0B-A717-4E0C-8D5D-D596B1D5BB71}.WinAzureTest|x64.ActiveCfg = Debug|x64
		{BE144A0B-A717-4E0C-8D5D-D596B1D5BB71}.WinDebug|x64.ActiveCfg = Debug|x64
		{BE144A0B-A717-4E0C-8D5D-D596B1D5BB71}.WinDebug|x64.Build.0 = Debug|x64
		{BE144A0B-A717-4E0C-8D5D-D596B1D5BB71}.WinRelease|x64.ActiveCfg = Release|x64
		{BE144A0B-A717-4E0C-8D5D-D596B1D5BB71}.WPFDebug|x64.ActiveCfg = Debug|x64
		{BE144A0B-A717-4E0C-8D5D-D596B1D5BB71}.WPFRelease|x64.ActiveCfg = Release|x64
		{42899445-4768-4C24-A83A-E76CF39DBE7B}.Debug|x64.ActiveCfg = Debug|x64
		{42899445-4768-4C24-A83A-E76CF39DBE7B}.Debug|x64.Build.0 = Debug|x64
		{42899445-4768-4C24-A83A-E76CF39DBE7B}.LinuxDebug|x64.ActiveCfg = Debug|x64
		{42899445-4768-4C24-A83A-E76CF39DBE7B}.LinuxRelease|x64.ActiveCfg = Release|x64
		{42899445-4768-4C24-A83A-E76CF39DBE7B}.MacDebug|x64.ActiveCfg = Debug|x64
		{42899445-4768-4C24-A83A-E76CF39DBE7B}.MacRelease|x64.ActiveCfg = Release|x64
		{42899445-4768-4C24-A83A-E76CF39DBE7B}.Profile|x64.ActiveCfg = Debug|x64
		{42899445-4768-4C24-A83A-E76CF39DBE7B}.Release|x64.ActiveCfg = Release|x64
		{42899445-4768-4C24-A83A-E76CF39DBE7B}.Release|x64.Build.0 = Release|x64
		{42899445-4768-4C24-A83A-E76CF39DBE7B}.WinAzureRelease|x64.ActiveCfg = Release|x64
		{42899445-4768-4C24-A83A-E76CF39DBE7B}.WinAzureRelease|x64.Build.0 = Release|x64
		{42899445-4768-4C24-A83A-E76CF39DBE7B}.WinAzureTest|x64.ActiveCfg = Debug|x64
		{42899445-4768-4C24-A83A-E76CF39DBE7B}.WinDebug|x64.ActiveCfg = Debug|x64
		{42899445-4768-4C24-A83A-E76CF39DBE7B}.WinDebug|x64.Build.0 = Debug|x64
		{42899445-4768-4C24-A83A-E76CF39DBE7B}.WinRelease|x64.ActiveCfg = Release|x64
		{42899445-4768-4C24-A83A-E76CF39DBE7B}.WinRelease|x64.Build.0 = Release|x64
		{42899445-4768-4C24-A83A-E76CF39DBE7B}.WPFDebug|x64.ActiveCfg = Debug|x64
		{42899445-4768-4C24-A83A-E76CF39DBE7B}.WPFRelease|x64.ActiveCfg = Release|x64
		{92EFE80D-478C-4FB1-9D1A-5495A0CF6C81}.Debug|x64.ActiveCfg = Debug|x64
		{92EFE80D-478C-4FB1-9D1A-5495A0CF6C81}.LinuxDebug|x64.ActiveCfg = Debug|x64
		{92EFE80D-478C-4FB1-9D1A-5495A0CF6C81}.LinuxRelease|x64.ActiveCfg = Release|x64
		{92EFE80D-478C-4FB1-9D1A-5495A0CF6C81}.MacDebug|x64.ActiveCfg = Debug|x64
		{92EFE80D-478C-4FB1-9D1A-5495A0CF6C81}.MacRelease|x64.ActiveCfg = Release|x64
		{92EFE80D-478C-4FB1-9D1A-5495A0CF6C81}.Profile|x64.ActiveCfg = Debug|x64
		{92EFE80D-478C-4FB1-9D1A-5495A0CF6C81}.Release|x64.ActiveCfg = Release|x64
		{92EFE80D-478C-4FB1-9D1A-5495A0CF6C81}.WinAzureRelease|x64.ActiveCfg = Release|x64
		{92EFE80D-478C-4FB1-9D1A-5495A0CF6C81}.WinAzureTest|x64.ActiveCfg = Debug|x64
		{92EFE80D-478C-4FB1-9D1A-5495A0CF6C81}.WinDebug|x64.ActiveCfg = Debug|x64
		{92EFE80D-478C-4FB1-9D1A-5495A0CF6C81}.WinDebug|x64.Build.0 = Debug|x64
		{92EFE80D-478C-4FB1-9D1A-5495A0CF6C81}.WinRelease|x64.ActiveCfg = Release|x64
		{92EFE80D-478C-4FB1-9D1A-5495A0CF6C81}.WPFDebug|x64.ActiveCfg = Debug|x64
		{92EFE80D-478C-4FB1-9D1A-5495A0CF6C81}.WPFRelease|x64.ActiveCfg = Release|x64
		{BF251A45-7189-4E2C-AA08-0308F0E309A7}.Debug|x64.ActiveCfg = Debug|Any CPU
		{BF251A45-7189-4E2C-AA08-0308F0E309A7}.Debug|x64.Build.0 = Debug|Any CPU
		{BF251A45-7189-4E2C-AA08-0308F0E309A7}.LinuxDebug|x64.ActiveCfg = Debug|Any CPU
		{BF251A45-7189-4E2C-AA08-0308F0E309A7}.LinuxDebug|x64.Build.0 = Debug|Any CPU
		{BF251A45-7189-4E2C-AA08-0308F0E309A7}.LinuxRelease|x64.ActiveCfg = Release|Any CPU
		{BF251A45-7189-4E2C-AA08-0308F0E309A7}.LinuxRelease|x64.Build.0 = Release|Any CPU
		{BF251A45-7189-4E2C-AA08-0308F0E309A7}.MacDebug|x64.ActiveCfg = Debug|Any CPU
		{BF251A45-7189-4E2C-AA08-0308F0E309A7}.MacDebug|x64.Build.0 = Debug|Any CPU
		{BF251A45-7189-4E2C-AA08-0308F0E309A7}.MacRelease|x64.ActiveCfg = Release|Any CPU
		{BF251A45-7189-4E2C-AA08-0308F0E309A7}.MacRelease|x64.Build.0 = Release|Any CPU
		{BF251A45-7189-4E2C-AA08-0308F0E309A7}.Profile|x64.ActiveCfg = Debug|Any CPU
		{BF251A45-7189-4E2C-AA08-0308F0E309A7}.Profile|x64.Build.0 = Debug|Any CPU
		{BF251A45-7189-4E2C-AA08-0308F0E309A7}.Release|x64.ActiveCfg = Release|Any CPU
		{BF251A45-7189-4E2C-AA08-0308F0E309A7}.Release|x64.Build.0 = Release|Any CPU
		{BF251A45-7189-4E2C-AA08-0308F0E309A7}.WinAzureRelease|x64.ActiveCfg = Release|Any CPU
		{BF251A45-7189-4E2C-AA08-0308F0E309A7}.WinAzureRelease|x64.Build.0 = Release|Any CPU
		{BF251A45-7189-4E2C-AA08-0308F0E309A7}.WinAzureTest|x64.ActiveCfg = Debug|Any CPU
		{BF251A45-7189-4E2C-AA08-0308F0E309A7}.WinAzureTest|x64.Build.0 = Debug|Any CPU
		{BF251A45-7189-4E2C-AA08-0308F0E309A7}.WinDebug|x64.ActiveCfg = Debug|Any CPU
		{BF251A45-7189-4E2C-AA08-0308F0E309A7}.WinDebug|x64.Build.0 = Debug|Any CPU
		{BF251A45-7189-4E2C-AA08-0308F0E309A7}.WinRelease|x64.ActiveCfg = Release|Any CPU
		{BF251A45-7189-4E2C-AA08-0308F0E309A7}.WinRelease|x64.Build.0 = Release|Any CPU
		{BF251A45-7189-4E2C-AA08-0308F0E309A7}.WPFDebug|x64.ActiveCfg = Debug|Any CPU
		{BF251A45-7189-4E2C-AA08-0308F0E309A7}.WPFDebug|x64.Build.0 = Debug|Any CPU
		{BF251A45-7189-4E2C-AA08-0308F0E309A7}.WPFRelease|x64.ActiveCfg = Release|Any CPU
		{BF251A45-7189-4E2C-AA08-0308F0E309A7}.WPFRelease|x64.Build.0 = Release|Any CPU
	EndGlobalSection
	GlobalSection(SolutionProperties) = preSolution
		HideSolutionNode = FALSE
	EndGlobalSection
	GlobalSection(ExtensibilityGlobals) = postSolution
		SolutionGuid = {9CF2BAC3-D8BD-40B2-91B2-883CB1B869E6}
	EndGlobalSection
EndGlobal
