Microsoft Visual Studio Solution File, Format Version 12.00
# Visual Studio Version 16
VisualStudioVersion = 16.0.28803.352
MinimumVisualStudioVersion = 10.0.40219.1
Project("{FAE04EC0-301F-11D3-BF4B-00C04F79EFBC}") = "ME3Explorer", "ME3Explorer\ME3Explorer.csproj", "{60E91B60-FCEE-4B36-967E-4022D8A54F2F}"
	ProjectSection(ProjectDependencies) = postProject
		{947A6918-AD71-4F61-BC63-8DA7997E10E6} = {947A6918-AD71-4F61-BC63-8DA7997E10E6}
	EndProjectSection
EndProject
Project("{9A19103F-16F7-4668-BE54-9A1E7A4F7556}") = "Be.Windows.Forms.HexBox", "..\SharedProjects\Be.Windows.Forms.HexBox\Be.Windows.Forms.HexBox.csproj", "{26C5F25F-B450-4CAF-AD8B-B8D11AE73457}"
EndProject
Project("{9A19103F-16F7-4668-BE54-9A1E7A4F7556}") = "Piccolo", "..\SharedProjects\Piccolo\Piccolo.csproj", "{DAF03684-BB0B-4528-BFEE-8A3FBFC9FC4A}"
EndProject
Project("{9A19103F-16F7-4668-BE54-9A1E7A4F7556}") = "HexConverterWPF", "..\SharedProjects\HexConverterWPF\HexConverterWPF.csproj", "{947A6918-AD71-4F61-BC63-8DA7997E10E6}"
EndProject
Project("{9A19103F-16F7-4668-BE54-9A1E7A4F7556}") = "Helpers", "Helpers\Helpers.csproj", "{CCF590B8-E6BF-4D31-85BF-AFEA7D075EDF}"
EndProject
Project("{9A19103F-16F7-4668-BE54-9A1E7A4F7556}") = "Direct3D9 Shader Model 3 Disassembler", "..\SharedProjects\Direct3D9 Shader Model 3 Disassembler\Direct3D9 Shader Model 3 Disassembler.csproj", "{53AF9E1D-16BC-47A5-884E-5CE72ADCB805}"
EndProject
Project("{9A19103F-16F7-4668-BE54-9A1E7A4F7556}") = "ME3ExplorerCore", "ME3ExplorerCore\ME3ExplorerCore.csproj", "{0C43CF93-CE9F-4BEC-A7CC-D45C161C3BE4}"
EndProject
Project("{9A19103F-16F7-4668-BE54-9A1E7A4F7556}") = "SharpDX.Mathematics", "SharpDX.Mathematics\SharpDX.Mathematics.csproj", "{9118FCD1-EA08-45AD-A2F7-C2FBBBAF924E}"
EndProject
Project("{9A19103F-16F7-4668-BE54-9A1E7A4F7556}") = "ME3ExplorerCore.Tests", "ME3ExplorerCore.Tests\ME3ExplorerCore.Tests.csproj", "{4F89E27F-AEE8-40C9-935C-DB33FF5100FA}"
EndProject
Project("{8BC9CEB8-8B4A-11D0-8D11-00A0C91BC942}") = "TexConverter", "TexConverter\TexConverter.vcxproj", "{371B9FA9-4C90-4AC6-A123-ACED756D6C77}"
EndProject
Global
	GlobalSection(SolutionConfigurationPlatforms) = preSolution
		Debug|Any CPU = Debug|Any CPU
		Debug|x64 = Debug|x64
		Debug|x86 = Debug|x86
		LinuxDebug|Any CPU = LinuxDebug|Any CPU
		LinuxDebug|x64 = LinuxDebug|x64
		LinuxDebug|x86 = LinuxDebug|x86
		LinuxRelease|Any CPU = LinuxRelease|Any CPU
		LinuxRelease|x64 = LinuxRelease|x64
		LinuxRelease|x86 = LinuxRelease|x86
		MacDebug|Any CPU = MacDebug|Any CPU
		MacDebug|x64 = MacDebug|x64
		MacDebug|x86 = MacDebug|x86
		MacRelease|Any CPU = MacRelease|Any CPU
		MacRelease|x64 = MacRelease|x64
		MacRelease|x86 = MacRelease|x86
		Profile|Any CPU = Profile|Any CPU
		Profile|x64 = Profile|x64
		Profile|x86 = Profile|x86
		Release|Any CPU = Release|Any CPU
		Release|x64 = Release|x64
		Release|x86 = Release|x86
		WinAzureRelease|Any CPU = WinAzureRelease|Any CPU
		WinAzureRelease|x64 = WinAzureRelease|x64
		WinAzureRelease|x86 = WinAzureRelease|x86
		WinAzureTest|Any CPU = WinAzureTest|Any CPU
		WinAzureTest|x64 = WinAzureTest|x64
		WinAzureTest|x86 = WinAzureTest|x86
		WinDebug|Any CPU = WinDebug|Any CPU
		WinDebug|x64 = WinDebug|x64
		WinDebug|x86 = WinDebug|x86
		WinRelease|Any CPU = WinRelease|Any CPU
		WinRelease|x64 = WinRelease|x64
		WinRelease|x86 = WinRelease|x86
		WPFDebug|Any CPU = WPFDebug|Any CPU
		WPFDebug|x64 = WPFDebug|x64
		WPFDebug|x86 = WPFDebug|x86
		WPFRelease|Any CPU = WPFRelease|Any CPU
		WPFRelease|x64 = WPFRelease|x64
		WPFRelease|x86 = WPFRelease|x86
	EndGlobalSection
	GlobalSection(ProjectConfigurationPlatforms) = postSolution
		{60E91B60-FCEE-4B36-967E-4022D8A54F2F}.Debug|Any CPU.ActiveCfg = WinDebug|x64
		{60E91B60-FCEE-4B36-967E-4022D8A54F2F}.Debug|Any CPU.Build.0 = WinDebug|x64
		{60E91B60-FCEE-4B36-967E-4022D8A54F2F}.Debug|x64.ActiveCfg = WinDebug|x64
		{60E91B60-FCEE-4B36-967E-4022D8A54F2F}.Debug|x64.Build.0 = WinDebug|x64
		{60E91B60-FCEE-4B36-967E-4022D8A54F2F}.Debug|x86.ActiveCfg = WinDebug|x64
		{60E91B60-FCEE-4B36-967E-4022D8A54F2F}.Debug|x86.Build.0 = WinDebug|x64
		{60E91B60-FCEE-4B36-967E-4022D8A54F2F}.LinuxDebug|Any CPU.ActiveCfg = WinRelease|x64
		{60E91B60-FCEE-4B36-967E-4022D8A54F2F}.LinuxDebug|Any CPU.Build.0 = WinRelease|x64
		{60E91B60-FCEE-4B36-967E-4022D8A54F2F}.LinuxDebug|x64.ActiveCfg = WinRelease|x64
		{60E91B60-FCEE-4B36-967E-4022D8A54F2F}.LinuxDebug|x64.Build.0 = WinRelease|x64
		{60E91B60-FCEE-4B36-967E-4022D8A54F2F}.LinuxDebug|x86.ActiveCfg = WinDebug|x64
		{60E91B60-FCEE-4B36-967E-4022D8A54F2F}.LinuxDebug|x86.Build.0 = WinDebug|x64
		{60E91B60-FCEE-4B36-967E-4022D8A54F2F}.LinuxRelease|Any CPU.ActiveCfg = WinRelease|x64
		{60E91B60-FCEE-4B36-967E-4022D8A54F2F}.LinuxRelease|Any CPU.Build.0 = WinRelease|x64
		{60E91B60-FCEE-4B36-967E-4022D8A54F2F}.LinuxRelease|x64.ActiveCfg = WinRelease|x64
		{60E91B60-FCEE-4B36-967E-4022D8A54F2F}.LinuxRelease|x64.Build.0 = WinRelease|x64
		{60E91B60-FCEE-4B36-967E-4022D8A54F2F}.LinuxRelease|x86.ActiveCfg = WinDebug|x64
		{60E91B60-FCEE-4B36-967E-4022D8A54F2F}.LinuxRelease|x86.Build.0 = WinDebug|x64
		{60E91B60-FCEE-4B36-967E-4022D8A54F2F}.MacDebug|Any CPU.ActiveCfg = WinRelease|x64
		{60E91B60-FCEE-4B36-967E-4022D8A54F2F}.MacDebug|Any CPU.Build.0 = WinRelease|x64
		{60E91B60-FCEE-4B36-967E-4022D8A54F2F}.MacDebug|x64.ActiveCfg = WinRelease|x64
		{60E91B60-FCEE-4B36-967E-4022D8A54F2F}.MacDebug|x64.Build.0 = WinRelease|x64
		{60E91B60-FCEE-4B36-967E-4022D8A54F2F}.MacDebug|x86.ActiveCfg = WinDebug|x64
		{60E91B60-FCEE-4B36-967E-4022D8A54F2F}.MacDebug|x86.Build.0 = WinDebug|x64
		{60E91B60-FCEE-4B36-967E-4022D8A54F2F}.MacRelease|Any CPU.ActiveCfg = WinRelease|x64
		{60E91B60-FCEE-4B36-967E-4022D8A54F2F}.MacRelease|Any CPU.Build.0 = WinRelease|x64
		{60E91B60-FCEE-4B36-967E-4022D8A54F2F}.MacRelease|x64.ActiveCfg = WinRelease|x64
		{60E91B60-FCEE-4B36-967E-4022D8A54F2F}.MacRelease|x64.Build.0 = WinRelease|x64
		{60E91B60-FCEE-4B36-967E-4022D8A54F2F}.MacRelease|x86.ActiveCfg = WinDebug|x64
		{60E91B60-FCEE-4B36-967E-4022D8A54F2F}.MacRelease|x86.Build.0 = WinDebug|x64
		{60E91B60-FCEE-4B36-967E-4022D8A54F2F}.Profile|Any CPU.ActiveCfg = WinDebug|x64
		{60E91B60-FCEE-4B36-967E-4022D8A54F2F}.Profile|Any CPU.Build.0 = WinDebug|x64
		{60E91B60-FCEE-4B36-967E-4022D8A54F2F}.Profile|x64.ActiveCfg = WinDebug|x64
		{60E91B60-FCEE-4B36-967E-4022D8A54F2F}.Profile|x64.Build.0 = WinDebug|x64
		{60E91B60-FCEE-4B36-967E-4022D8A54F2F}.Profile|x86.ActiveCfg = WinDebug|x64
		{60E91B60-FCEE-4B36-967E-4022D8A54F2F}.Profile|x86.Build.0 = WinDebug|x64
		{60E91B60-FCEE-4B36-967E-4022D8A54F2F}.Release|Any CPU.ActiveCfg = WinDebug|x64
		{60E91B60-FCEE-4B36-967E-4022D8A54F2F}.Release|Any CPU.Build.0 = WinDebug|x64
		{60E91B60-FCEE-4B36-967E-4022D8A54F2F}.Release|x64.ActiveCfg = WinAzureRelease|x64
		{60E91B60-FCEE-4B36-967E-4022D8A54F2F}.Release|x64.Build.0 = WinAzureRelease|x64
		{60E91B60-FCEE-4B36-967E-4022D8A54F2F}.Release|x86.ActiveCfg = WinDebug|x64
		{60E91B60-FCEE-4B36-967E-4022D8A54F2F}.Release|x86.Build.0 = WinDebug|x64
		{60E91B60-FCEE-4B36-967E-4022D8A54F2F}.WinAzureRelease|Any CPU.ActiveCfg = WinAzureRelease|x64
		{60E91B60-FCEE-4B36-967E-4022D8A54F2F}.WinAzureRelease|x64.ActiveCfg = WinAzureRelease|x64
		{60E91B60-FCEE-4B36-967E-4022D8A54F2F}.WinAzureRelease|x64.Build.0 = WinAzureRelease|x64
		{60E91B60-FCEE-4B36-967E-4022D8A54F2F}.WinAzureRelease|x86.ActiveCfg = WinAzureRelease|x64
		{60E91B60-FCEE-4B36-967E-4022D8A54F2F}.WinAzureTest|Any CPU.ActiveCfg = WinAzureTest|x64
		{60E91B60-FCEE-4B36-967E-4022D8A54F2F}.WinAzureTest|x64.ActiveCfg = WinAzureTest|x64
		{60E91B60-FCEE-4B36-967E-4022D8A54F2F}.WinAzureTest|x64.Build.0 = WinAzureTest|x64
		{60E91B60-FCEE-4B36-967E-4022D8A54F2F}.WinAzureTest|x86.ActiveCfg = WinAzureTest|x64
		{60E91B60-FCEE-4B36-967E-4022D8A54F2F}.WinDebug|Any CPU.ActiveCfg = WinDebug|x64
		{60E91B60-FCEE-4B36-967E-4022D8A54F2F}.WinDebug|x64.ActiveCfg = WinDebug|x64
		{60E91B60-FCEE-4B36-967E-4022D8A54F2F}.WinDebug|x64.Build.0 = WinDebug|x64
		{60E91B60-FCEE-4B36-967E-4022D8A54F2F}.WinDebug|x86.ActiveCfg = WinDebug|x64
		{60E91B60-FCEE-4B36-967E-4022D8A54F2F}.WinRelease|Any CPU.ActiveCfg = WinRelease|x64
		{60E91B60-FCEE-4B36-967E-4022D8A54F2F}.WinRelease|x64.ActiveCfg = WinRelease|x64
		{60E91B60-FCEE-4B36-967E-4022D8A54F2F}.WinRelease|x64.Build.0 = WinRelease|x64
		{60E91B60-FCEE-4B36-967E-4022D8A54F2F}.WinRelease|x86.ActiveCfg = WinRelease|x64
		{60E91B60-FCEE-4B36-967E-4022D8A54F2F}.WPFDebug|Any CPU.ActiveCfg = WinRelease|x64
		{60E91B60-FCEE-4B36-967E-4022D8A54F2F}.WPFDebug|Any CPU.Build.0 = WinRelease|x64
		{60E91B60-FCEE-4B36-967E-4022D8A54F2F}.WPFDebug|x64.ActiveCfg = WinRelease|x64
		{60E91B60-FCEE-4B36-967E-4022D8A54F2F}.WPFDebug|x64.Build.0 = WinRelease|x64
		{60E91B60-FCEE-4B36-967E-4022D8A54F2F}.WPFDebug|x86.ActiveCfg = WinDebug|x64
		{60E91B60-FCEE-4B36-967E-4022D8A54F2F}.WPFDebug|x86.Build.0 = WinDebug|x64
		{60E91B60-FCEE-4B36-967E-4022D8A54F2F}.WPFRelease|Any CPU.ActiveCfg = WinRelease|x64
		{60E91B60-FCEE-4B36-967E-4022D8A54F2F}.WPFRelease|Any CPU.Build.0 = WinRelease|x64
		{60E91B60-FCEE-4B36-967E-4022D8A54F2F}.WPFRelease|x64.ActiveCfg = WinRelease|x64
		{60E91B60-FCEE-4B36-967E-4022D8A54F2F}.WPFRelease|x64.Build.0 = WinRelease|x64
		{60E91B60-FCEE-4B36-967E-4022D8A54F2F}.WPFRelease|x86.ActiveCfg = WinDebug|x64
		{60E91B60-FCEE-4B36-967E-4022D8A54F2F}.WPFRelease|x86.Build.0 = WinDebug|x64
		{26C5F25F-B450-4CAF-AD8B-B8D11AE73457}.Debug|Any CPU.ActiveCfg = WinDebug|x64
		{26C5F25F-B450-4CAF-AD8B-B8D11AE73457}.Debug|Any CPU.Build.0 = WinDebug|x64
		{26C5F25F-B450-4CAF-AD8B-B8D11AE73457}.Debug|x64.ActiveCfg = WinDebug|x64
		{26C5F25F-B450-4CAF-AD8B-B8D11AE73457}.Debug|x64.Build.0 = WinDebug|x64
		{26C5F25F-B450-4CAF-AD8B-B8D11AE73457}.Debug|x86.ActiveCfg = WinDebug|x64
		{26C5F25F-B450-4CAF-AD8B-B8D11AE73457}.Debug|x86.Build.0 = WinDebug|x64
		{26C5F25F-B450-4CAF-AD8B-B8D11AE73457}.LinuxDebug|Any CPU.ActiveCfg = WinRelease|x64
		{26C5F25F-B450-4CAF-AD8B-B8D11AE73457}.LinuxDebug|Any CPU.Build.0 = WinRelease|x64
		{26C5F25F-B450-4CAF-AD8B-B8D11AE73457}.LinuxDebug|x64.ActiveCfg = WinRelease|x64
		{26C5F25F-B450-4CAF-AD8B-B8D11AE73457}.LinuxDebug|x64.Build.0 = WinRelease|x64
		{26C5F25F-B450-4CAF-AD8B-B8D11AE73457}.LinuxDebug|x86.ActiveCfg = WinDebug|x64
		{26C5F25F-B450-4CAF-AD8B-B8D11AE73457}.LinuxDebug|x86.Build.0 = WinDebug|x64
		{26C5F25F-B450-4CAF-AD8B-B8D11AE73457}.LinuxRelease|Any CPU.ActiveCfg = WinRelease|x64
		{26C5F25F-B450-4CAF-AD8B-B8D11AE73457}.LinuxRelease|Any CPU.Build.0 = WinRelease|x64
		{26C5F25F-B450-4CAF-AD8B-B8D11AE73457}.LinuxRelease|x64.ActiveCfg = WinRelease|x64
		{26C5F25F-B450-4CAF-AD8B-B8D11AE73457}.LinuxRelease|x64.Build.0 = WinRelease|x64
		{26C5F25F-B450-4CAF-AD8B-B8D11AE73457}.LinuxRelease|x86.ActiveCfg = WinDebug|x64
		{26C5F25F-B450-4CAF-AD8B-B8D11AE73457}.LinuxRelease|x86.Build.0 = WinDebug|x64
		{26C5F25F-B450-4CAF-AD8B-B8D11AE73457}.MacDebug|Any CPU.ActiveCfg = WinRelease|x64
		{26C5F25F-B450-4CAF-AD8B-B8D11AE73457}.MacDebug|Any CPU.Build.0 = WinRelease|x64
		{26C5F25F-B450-4CAF-AD8B-B8D11AE73457}.MacDebug|x64.ActiveCfg = WinRelease|x64
		{26C5F25F-B450-4CAF-AD8B-B8D11AE73457}.MacDebug|x64.Build.0 = WinRelease|x64
		{26C5F25F-B450-4CAF-AD8B-B8D11AE73457}.MacDebug|x86.ActiveCfg = WinDebug|x64
		{26C5F25F-B450-4CAF-AD8B-B8D11AE73457}.MacDebug|x86.Build.0 = WinDebug|x64
		{26C5F25F-B450-4CAF-AD8B-B8D11AE73457}.MacRelease|Any CPU.ActiveCfg = WinRelease|x64
		{26C5F25F-B450-4CAF-AD8B-B8D11AE73457}.MacRelease|Any CPU.Build.0 = WinRelease|x64
		{26C5F25F-B450-4CAF-AD8B-B8D11AE73457}.MacRelease|x64.ActiveCfg = WinRelease|x64
		{26C5F25F-B450-4CAF-AD8B-B8D11AE73457}.MacRelease|x64.Build.0 = WinRelease|x64
		{26C5F25F-B450-4CAF-AD8B-B8D11AE73457}.MacRelease|x86.ActiveCfg = WinDebug|x64
		{26C5F25F-B450-4CAF-AD8B-B8D11AE73457}.MacRelease|x86.Build.0 = WinDebug|x64
		{26C5F25F-B450-4CAF-AD8B-B8D11AE73457}.Profile|Any CPU.ActiveCfg = WinDebug|x64
		{26C5F25F-B450-4CAF-AD8B-B8D11AE73457}.Profile|Any CPU.Build.0 = WinDebug|x64
		{26C5F25F-B450-4CAF-AD8B-B8D11AE73457}.Profile|x64.ActiveCfg = WinDebug|x64
		{26C5F25F-B450-4CAF-AD8B-B8D11AE73457}.Profile|x64.Build.0 = WinDebug|x64
		{26C5F25F-B450-4CAF-AD8B-B8D11AE73457}.Profile|x86.ActiveCfg = WinDebug|x64
		{26C5F25F-B450-4CAF-AD8B-B8D11AE73457}.Profile|x86.Build.0 = WinDebug|x64
		{26C5F25F-B450-4CAF-AD8B-B8D11AE73457}.Release|Any CPU.ActiveCfg = WinDebug|x64
		{26C5F25F-B450-4CAF-AD8B-B8D11AE73457}.Release|Any CPU.Build.0 = WinDebug|x64
		{26C5F25F-B450-4CAF-AD8B-B8D11AE73457}.Release|x64.ActiveCfg = WinAzureRelease|x64
		{26C5F25F-B450-4CAF-AD8B-B8D11AE73457}.Release|x64.Build.0 = WinAzureRelease|x64
		{26C5F25F-B450-4CAF-AD8B-B8D11AE73457}.Release|x86.ActiveCfg = WinDebug|x64
		{26C5F25F-B450-4CAF-AD8B-B8D11AE73457}.Release|x86.Build.0 = WinDebug|x64
		{26C5F25F-B450-4CAF-AD8B-B8D11AE73457}.WinAzureRelease|Any CPU.ActiveCfg = WinAzureRelease|x64
		{26C5F25F-B450-4CAF-AD8B-B8D11AE73457}.WinAzureRelease|x64.ActiveCfg = WinAzureRelease|x64
		{26C5F25F-B450-4CAF-AD8B-B8D11AE73457}.WinAzureRelease|x64.Build.0 = WinAzureRelease|x64
		{26C5F25F-B450-4CAF-AD8B-B8D11AE73457}.WinAzureRelease|x86.ActiveCfg = WinAzureRelease|x64
		{26C5F25F-B450-4CAF-AD8B-B8D11AE73457}.WinAzureTest|Any CPU.ActiveCfg = WinAzureTest|x64
		{26C5F25F-B450-4CAF-AD8B-B8D11AE73457}.WinAzureTest|x64.ActiveCfg = WinAzureTest|x64
		{26C5F25F-B450-4CAF-AD8B-B8D11AE73457}.WinAzureTest|x64.Build.0 = WinAzureTest|x64
		{26C5F25F-B450-4CAF-AD8B-B8D11AE73457}.WinAzureTest|x86.ActiveCfg = WinAzureTest|x64
		{26C5F25F-B450-4CAF-AD8B-B8D11AE73457}.WinDebug|Any CPU.ActiveCfg = WinDebug|x64
		{26C5F25F-B450-4CAF-AD8B-B8D11AE73457}.WinDebug|x64.ActiveCfg = WinDebug|x64
		{26C5F25F-B450-4CAF-AD8B-B8D11AE73457}.WinDebug|x64.Build.0 = WinDebug|x64
		{26C5F25F-B450-4CAF-AD8B-B8D11AE73457}.WinDebug|x86.ActiveCfg = WinDebug|x64
		{26C5F25F-B450-4CAF-AD8B-B8D11AE73457}.WinRelease|Any CPU.ActiveCfg = WinRelease|x64
		{26C5F25F-B450-4CAF-AD8B-B8D11AE73457}.WinRelease|x64.ActiveCfg = WinRelease|x64
		{26C5F25F-B450-4CAF-AD8B-B8D11AE73457}.WinRelease|x64.Build.0 = WinRelease|x64
		{26C5F25F-B450-4CAF-AD8B-B8D11AE73457}.WinRelease|x86.ActiveCfg = WinRelease|x64
		{26C5F25F-B450-4CAF-AD8B-B8D11AE73457}.WPFDebug|Any CPU.ActiveCfg = WinRelease|x64
		{26C5F25F-B450-4CAF-AD8B-B8D11AE73457}.WPFDebug|Any CPU.Build.0 = WinRelease|x64
		{26C5F25F-B450-4CAF-AD8B-B8D11AE73457}.WPFDebug|x64.ActiveCfg = WinRelease|x64
		{26C5F25F-B450-4CAF-AD8B-B8D11AE73457}.WPFDebug|x64.Build.0 = WinRelease|x64
		{26C5F25F-B450-4CAF-AD8B-B8D11AE73457}.WPFDebug|x86.ActiveCfg = WinDebug|x64
		{26C5F25F-B450-4CAF-AD8B-B8D11AE73457}.WPFDebug|x86.Build.0 = WinDebug|x64
		{26C5F25F-B450-4CAF-AD8B-B8D11AE73457}.WPFRelease|Any CPU.ActiveCfg = WinRelease|x64
		{26C5F25F-B450-4CAF-AD8B-B8D11AE73457}.WPFRelease|Any CPU.Build.0 = WinRelease|x64
		{26C5F25F-B450-4CAF-AD8B-B8D11AE73457}.WPFRelease|x64.ActiveCfg = WinRelease|x64
		{26C5F25F-B450-4CAF-AD8B-B8D11AE73457}.WPFRelease|x64.Build.0 = WinRelease|x64
		{26C5F25F-B450-4CAF-AD8B-B8D11AE73457}.WPFRelease|x86.ActiveCfg = WinDebug|x64
		{26C5F25F-B450-4CAF-AD8B-B8D11AE73457}.WPFRelease|x86.Build.0 = WinDebug|x64
		{DAF03684-BB0B-4528-BFEE-8A3FBFC9FC4A}.Debug|Any CPU.ActiveCfg = WinDebug|x64
		{DAF03684-BB0B-4528-BFEE-8A3FBFC9FC4A}.Debug|Any CPU.Build.0 = WinDebug|x64
		{DAF03684-BB0B-4528-BFEE-8A3FBFC9FC4A}.Debug|x64.ActiveCfg = WinDebug|x64
		{DAF03684-BB0B-4528-BFEE-8A3FBFC9FC4A}.Debug|x64.Build.0 = WinDebug|x64
		{DAF03684-BB0B-4528-BFEE-8A3FBFC9FC4A}.Debug|x86.ActiveCfg = WinDebug|x64
		{DAF03684-BB0B-4528-BFEE-8A3FBFC9FC4A}.Debug|x86.Build.0 = WinDebug|x64
		{DAF03684-BB0B-4528-BFEE-8A3FBFC9FC4A}.LinuxDebug|Any CPU.ActiveCfg = WinRelease|x64
		{DAF03684-BB0B-4528-BFEE-8A3FBFC9FC4A}.LinuxDebug|Any CPU.Build.0 = WinRelease|x64
		{DAF03684-BB0B-4528-BFEE-8A3FBFC9FC4A}.LinuxDebug|x64.ActiveCfg = WinRelease|x64
		{DAF03684-BB0B-4528-BFEE-8A3FBFC9FC4A}.LinuxDebug|x64.Build.0 = WinRelease|x64
		{DAF03684-BB0B-4528-BFEE-8A3FBFC9FC4A}.LinuxDebug|x86.ActiveCfg = WinDebug|x64
		{DAF03684-BB0B-4528-BFEE-8A3FBFC9FC4A}.LinuxDebug|x86.Build.0 = WinDebug|x64
		{DAF03684-BB0B-4528-BFEE-8A3FBFC9FC4A}.LinuxRelease|Any CPU.ActiveCfg = WinRelease|x64
		{DAF03684-BB0B-4528-BFEE-8A3FBFC9FC4A}.LinuxRelease|Any CPU.Build.0 = WinRelease|x64
		{DAF03684-BB0B-4528-BFEE-8A3FBFC9FC4A}.LinuxRelease|x64.ActiveCfg = WinRelease|x64
		{DAF03684-BB0B-4528-BFEE-8A3FBFC9FC4A}.LinuxRelease|x64.Build.0 = WinRelease|x64
		{DAF03684-BB0B-4528-BFEE-8A3FBFC9FC4A}.LinuxRelease|x86.ActiveCfg = WinDebug|x64
		{DAF03684-BB0B-4528-BFEE-8A3FBFC9FC4A}.LinuxRelease|x86.Build.0 = WinDebug|x64
		{DAF03684-BB0B-4528-BFEE-8A3FBFC9FC4A}.MacDebug|Any CPU.ActiveCfg = WinRelease|x64
		{DAF03684-BB0B-4528-BFEE-8A3FBFC9FC4A}.MacDebug|Any CPU.Build.0 = WinRelease|x64
		{DAF03684-BB0B-4528-BFEE-8A3FBFC9FC4A}.MacDebug|x64.ActiveCfg = WinRelease|x64
		{DAF03684-BB0B-4528-BFEE-8A3FBFC9FC4A}.MacDebug|x64.Build.0 = WinRelease|x64
		{DAF03684-BB0B-4528-BFEE-8A3FBFC9FC4A}.MacDebug|x86.ActiveCfg = WinDebug|x64
		{DAF03684-BB0B-4528-BFEE-8A3FBFC9FC4A}.MacDebug|x86.Build.0 = WinDebug|x64
		{DAF03684-BB0B-4528-BFEE-8A3FBFC9FC4A}.MacRelease|Any CPU.ActiveCfg = WinRelease|x64
		{DAF03684-BB0B-4528-BFEE-8A3FBFC9FC4A}.MacRelease|Any CPU.Build.0 = WinRelease|x64
		{DAF03684-BB0B-4528-BFEE-8A3FBFC9FC4A}.MacRelease|x64.ActiveCfg = WinRelease|x64
		{DAF03684-BB0B-4528-BFEE-8A3FBFC9FC4A}.MacRelease|x64.Build.0 = WinRelease|x64
		{DAF03684-BB0B-4528-BFEE-8A3FBFC9FC4A}.MacRelease|x86.ActiveCfg = WinDebug|x64
		{DAF03684-BB0B-4528-BFEE-8A3FBFC9FC4A}.MacRelease|x86.Build.0 = WinDebug|x64
		{DAF03684-BB0B-4528-BFEE-8A3FBFC9FC4A}.Profile|Any CPU.ActiveCfg = WinDebug|x64
		{DAF03684-BB0B-4528-BFEE-8A3FBFC9FC4A}.Profile|Any CPU.Build.0 = WinDebug|x64
		{DAF03684-BB0B-4528-BFEE-8A3FBFC9FC4A}.Profile|x64.ActiveCfg = WinDebug|x64
		{DAF03684-BB0B-4528-BFEE-8A3FBFC9FC4A}.Profile|x64.Build.0 = WinDebug|x64
		{DAF03684-BB0B-4528-BFEE-8A3FBFC9FC4A}.Profile|x86.ActiveCfg = WinDebug|x64
		{DAF03684-BB0B-4528-BFEE-8A3FBFC9FC4A}.Profile|x86.Build.0 = WinDebug|x64
		{DAF03684-BB0B-4528-BFEE-8A3FBFC9FC4A}.Release|Any CPU.ActiveCfg = WinDebug|x64
		{DAF03684-BB0B-4528-BFEE-8A3FBFC9FC4A}.Release|Any CPU.Build.0 = WinDebug|x64
		{DAF03684-BB0B-4528-BFEE-8A3FBFC9FC4A}.Release|x64.ActiveCfg = WinAzureRelease|x64
		{DAF03684-BB0B-4528-BFEE-8A3FBFC9FC4A}.Release|x64.Build.0 = WinAzureRelease|x64
		{DAF03684-BB0B-4528-BFEE-8A3FBFC9FC4A}.Release|x86.ActiveCfg = WinDebug|x64
		{DAF03684-BB0B-4528-BFEE-8A3FBFC9FC4A}.Release|x86.Build.0 = WinDebug|x64
		{DAF03684-BB0B-4528-BFEE-8A3FBFC9FC4A}.WinAzureRelease|Any CPU.ActiveCfg = WinAzureRelease|x64
		{DAF03684-BB0B-4528-BFEE-8A3FBFC9FC4A}.WinAzureRelease|x64.ActiveCfg = WinAzureRelease|x64
		{DAF03684-BB0B-4528-BFEE-8A3FBFC9FC4A}.WinAzureRelease|x64.Build.0 = WinAzureRelease|x64
		{DAF03684-BB0B-4528-BFEE-8A3FBFC9FC4A}.WinAzureRelease|x86.ActiveCfg = WinAzureRelease|x64
		{DAF03684-BB0B-4528-BFEE-8A3FBFC9FC4A}.WinAzureTest|Any CPU.ActiveCfg = WinAzureTest|x64
		{DAF03684-BB0B-4528-BFEE-8A3FBFC9FC4A}.WinAzureTest|x64.ActiveCfg = WinAzureTest|x64
		{DAF03684-BB0B-4528-BFEE-8A3FBFC9FC4A}.WinAzureTest|x64.Build.0 = WinAzureTest|x64
		{DAF03684-BB0B-4528-BFEE-8A3FBFC9FC4A}.WinAzureTest|x86.ActiveCfg = WinAzureTest|x64
		{DAF03684-BB0B-4528-BFEE-8A3FBFC9FC4A}.WinDebug|Any CPU.ActiveCfg = WinDebug|x64
		{DAF03684-BB0B-4528-BFEE-8A3FBFC9FC4A}.WinDebug|x64.ActiveCfg = WinDebug|x64
		{DAF03684-BB0B-4528-BFEE-8A3FBFC9FC4A}.WinDebug|x64.Build.0 = WinDebug|x64
		{DAF03684-BB0B-4528-BFEE-8A3FBFC9FC4A}.WinDebug|x86.ActiveCfg = WinDebug|x64
		{DAF03684-BB0B-4528-BFEE-8A3FBFC9FC4A}.WinRelease|Any CPU.ActiveCfg = WinRelease|x64
		{DAF03684-BB0B-4528-BFEE-8A3FBFC9FC4A}.WinRelease|x64.ActiveCfg = WinRelease|x64
		{DAF03684-BB0B-4528-BFEE-8A3FBFC9FC4A}.WinRelease|x64.Build.0 = WinRelease|x64
		{DAF03684-BB0B-4528-BFEE-8A3FBFC9FC4A}.WinRelease|x86.ActiveCfg = WinRelease|x64
		{DAF03684-BB0B-4528-BFEE-8A3FBFC9FC4A}.WPFDebug|Any CPU.ActiveCfg = WinRelease|x64
		{DAF03684-BB0B-4528-BFEE-8A3FBFC9FC4A}.WPFDebug|Any CPU.Build.0 = WinRelease|x64
		{DAF03684-BB0B-4528-BFEE-8A3FBFC9FC4A}.WPFDebug|x64.ActiveCfg = WinRelease|x64
		{DAF03684-BB0B-4528-BFEE-8A3FBFC9FC4A}.WPFDebug|x64.Build.0 = WinRelease|x64
		{DAF03684-BB0B-4528-BFEE-8A3FBFC9FC4A}.WPFDebug|x86.ActiveCfg = WinDebug|x64
		{DAF03684-BB0B-4528-BFEE-8A3FBFC9FC4A}.WPFDebug|x86.Build.0 = WinDebug|x64
		{DAF03684-BB0B-4528-BFEE-8A3FBFC9FC4A}.WPFRelease|Any CPU.ActiveCfg = WinRelease|x64
		{DAF03684-BB0B-4528-BFEE-8A3FBFC9FC4A}.WPFRelease|Any CPU.Build.0 = WinRelease|x64
		{DAF03684-BB0B-4528-BFEE-8A3FBFC9FC4A}.WPFRelease|x64.ActiveCfg = WinRelease|x64
		{DAF03684-BB0B-4528-BFEE-8A3FBFC9FC4A}.WPFRelease|x64.Build.0 = WinRelease|x64
		{DAF03684-BB0B-4528-BFEE-8A3FBFC9FC4A}.WPFRelease|x86.ActiveCfg = WinDebug|x64
		{DAF03684-BB0B-4528-BFEE-8A3FBFC9FC4A}.WPFRelease|x86.Build.0 = WinDebug|x64
		{947A6918-AD71-4F61-BC63-8DA7997E10E6}.Debug|Any CPU.ActiveCfg = WinDebug|x64
		{947A6918-AD71-4F61-BC63-8DA7997E10E6}.Debug|Any CPU.Build.0 = WinDebug|x64
		{947A6918-AD71-4F61-BC63-8DA7997E10E6}.Debug|x64.ActiveCfg = WinDebug|x64
		{947A6918-AD71-4F61-BC63-8DA7997E10E6}.Debug|x64.Build.0 = WinDebug|x64
		{947A6918-AD71-4F61-BC63-8DA7997E10E6}.Debug|x86.ActiveCfg = WinDebug|x64
		{947A6918-AD71-4F61-BC63-8DA7997E10E6}.Debug|x86.Build.0 = WinDebug|x64
		{947A6918-AD71-4F61-BC63-8DA7997E10E6}.LinuxDebug|Any CPU.ActiveCfg = WinRelease|x64
		{947A6918-AD71-4F61-BC63-8DA7997E10E6}.LinuxDebug|Any CPU.Build.0 = WinRelease|x64
		{947A6918-AD71-4F61-BC63-8DA7997E10E6}.LinuxDebug|x64.ActiveCfg = WinRelease|x64
		{947A6918-AD71-4F61-BC63-8DA7997E10E6}.LinuxDebug|x64.Build.0 = WinRelease|x64
		{947A6918-AD71-4F61-BC63-8DA7997E10E6}.LinuxDebug|x86.ActiveCfg = WinDebug|x64
		{947A6918-AD71-4F61-BC63-8DA7997E10E6}.LinuxDebug|x86.Build.0 = WinDebug|x64
		{947A6918-AD71-4F61-BC63-8DA7997E10E6}.LinuxRelease|Any CPU.ActiveCfg = WinRelease|x64
		{947A6918-AD71-4F61-BC63-8DA7997E10E6}.LinuxRelease|Any CPU.Build.0 = WinRelease|x64
		{947A6918-AD71-4F61-BC63-8DA7997E10E6}.LinuxRelease|x64.ActiveCfg = WinRelease|x64
		{947A6918-AD71-4F61-BC63-8DA7997E10E6}.LinuxRelease|x64.Build.0 = WinRelease|x64
		{947A6918-AD71-4F61-BC63-8DA7997E10E6}.LinuxRelease|x86.ActiveCfg = WinDebug|x64
		{947A6918-AD71-4F61-BC63-8DA7997E10E6}.LinuxRelease|x86.Build.0 = WinDebug|x64
		{947A6918-AD71-4F61-BC63-8DA7997E10E6}.MacDebug|Any CPU.ActiveCfg = WinRelease|x64
		{947A6918-AD71-4F61-BC63-8DA7997E10E6}.MacDebug|Any CPU.Build.0 = WinRelease|x64
		{947A6918-AD71-4F61-BC63-8DA7997E10E6}.MacDebug|x64.ActiveCfg = WinRelease|x64
		{947A6918-AD71-4F61-BC63-8DA7997E10E6}.MacDebug|x64.Build.0 = WinRelease|x64
		{947A6918-AD71-4F61-BC63-8DA7997E10E6}.MacDebug|x86.ActiveCfg = WinDebug|x64
		{947A6918-AD71-4F61-BC63-8DA7997E10E6}.MacDebug|x86.Build.0 = WinDebug|x64
		{947A6918-AD71-4F61-BC63-8DA7997E10E6}.MacRelease|Any CPU.ActiveCfg = WinRelease|x64
		{947A6918-AD71-4F61-BC63-8DA7997E10E6}.MacRelease|Any CPU.Build.0 = WinRelease|x64
		{947A6918-AD71-4F61-BC63-8DA7997E10E6}.MacRelease|x64.ActiveCfg = WinRelease|x64
		{947A6918-AD71-4F61-BC63-8DA7997E10E6}.MacRelease|x64.Build.0 = WinRelease|x64
		{947A6918-AD71-4F61-BC63-8DA7997E10E6}.MacRelease|x86.ActiveCfg = WinDebug|x64
		{947A6918-AD71-4F61-BC63-8DA7997E10E6}.MacRelease|x86.Build.0 = WinDebug|x64
		{947A6918-AD71-4F61-BC63-8DA7997E10E6}.Profile|Any CPU.ActiveCfg = WinDebug|x64
		{947A6918-AD71-4F61-BC63-8DA7997E10E6}.Profile|Any CPU.Build.0 = WinDebug|x64
		{947A6918-AD71-4F61-BC63-8DA7997E10E6}.Profile|x64.ActiveCfg = WinDebug|x64
		{947A6918-AD71-4F61-BC63-8DA7997E10E6}.Profile|x64.Build.0 = WinDebug|x64
		{947A6918-AD71-4F61-BC63-8DA7997E10E6}.Profile|x86.ActiveCfg = WinDebug|x64
		{947A6918-AD71-4F61-BC63-8DA7997E10E6}.Profile|x86.Build.0 = WinDebug|x64
		{947A6918-AD71-4F61-BC63-8DA7997E10E6}.Release|Any CPU.ActiveCfg = WinDebug|x64
		{947A6918-AD71-4F61-BC63-8DA7997E10E6}.Release|Any CPU.Build.0 = WinDebug|x64
		{947A6918-AD71-4F61-BC63-8DA7997E10E6}.Release|x64.ActiveCfg = WinAzureRelease|x64
		{947A6918-AD71-4F61-BC63-8DA7997E10E6}.Release|x64.Build.0 = WinAzureRelease|x64
		{947A6918-AD71-4F61-BC63-8DA7997E10E6}.Release|x86.ActiveCfg = WinDebug|x64
		{947A6918-AD71-4F61-BC63-8DA7997E10E6}.Release|x86.Build.0 = WinDebug|x64
		{947A6918-AD71-4F61-BC63-8DA7997E10E6}.WinAzureRelease|Any CPU.ActiveCfg = WinAzureRelease|x64
		{947A6918-AD71-4F61-BC63-8DA7997E10E6}.WinAzureRelease|x64.ActiveCfg = WinAzureRelease|x64
		{947A6918-AD71-4F61-BC63-8DA7997E10E6}.WinAzureRelease|x64.Build.0 = WinAzureRelease|x64
		{947A6918-AD71-4F61-BC63-8DA7997E10E6}.WinAzureRelease|x86.ActiveCfg = WinAzureRelease|x64
		{947A6918-AD71-4F61-BC63-8DA7997E10E6}.WinAzureTest|Any CPU.ActiveCfg = WinAzureTest|x64
		{947A6918-AD71-4F61-BC63-8DA7997E10E6}.WinAzureTest|x64.ActiveCfg = WinAzureTest|x64
		{947A6918-AD71-4F61-BC63-8DA7997E10E6}.WinAzureTest|x64.Build.0 = WinAzureTest|x64
		{947A6918-AD71-4F61-BC63-8DA7997E10E6}.WinAzureTest|x86.ActiveCfg = WinAzureTest|x64
		{947A6918-AD71-4F61-BC63-8DA7997E10E6}.WinDebug|Any CPU.ActiveCfg = WinDebug|x64
		{947A6918-AD71-4F61-BC63-8DA7997E10E6}.WinDebug|x64.ActiveCfg = WinDebug|x64
		{947A6918-AD71-4F61-BC63-8DA7997E10E6}.WinDebug|x64.Build.0 = WinDebug|x64
		{947A6918-AD71-4F61-BC63-8DA7997E10E6}.WinDebug|x86.ActiveCfg = WinDebug|x64
		{947A6918-AD71-4F61-BC63-8DA7997E10E6}.WinRelease|Any CPU.ActiveCfg = WinRelease|x64
		{947A6918-AD71-4F61-BC63-8DA7997E10E6}.WinRelease|x64.ActiveCfg = WinRelease|x64
		{947A6918-AD71-4F61-BC63-8DA7997E10E6}.WinRelease|x64.Build.0 = WinRelease|x64
		{947A6918-AD71-4F61-BC63-8DA7997E10E6}.WinRelease|x86.ActiveCfg = WinRelease|x64
		{947A6918-AD71-4F61-BC63-8DA7997E10E6}.WPFDebug|Any CPU.ActiveCfg = WinRelease|x64
		{947A6918-AD71-4F61-BC63-8DA7997E10E6}.WPFDebug|Any CPU.Build.0 = WinRelease|x64
		{947A6918-AD71-4F61-BC63-8DA7997E10E6}.WPFDebug|x64.ActiveCfg = WinRelease|x64
		{947A6918-AD71-4F61-BC63-8DA7997E10E6}.WPFDebug|x64.Build.0 = WinRelease|x64
		{947A6918-AD71-4F61-BC63-8DA7997E10E6}.WPFDebug|x86.ActiveCfg = WinDebug|x64
		{947A6918-AD71-4F61-BC63-8DA7997E10E6}.WPFDebug|x86.Build.0 = WinDebug|x64
		{947A6918-AD71-4F61-BC63-8DA7997E10E6}.WPFRelease|Any CPU.ActiveCfg = WinRelease|x64
		{947A6918-AD71-4F61-BC63-8DA7997E10E6}.WPFRelease|Any CPU.Build.0 = WinRelease|x64
		{947A6918-AD71-4F61-BC63-8DA7997E10E6}.WPFRelease|x64.ActiveCfg = WinRelease|x64
		{947A6918-AD71-4F61-BC63-8DA7997E10E6}.WPFRelease|x64.Build.0 = WinRelease|x64
		{947A6918-AD71-4F61-BC63-8DA7997E10E6}.WPFRelease|x86.ActiveCfg = WinDebug|x64
		{947A6918-AD71-4F61-BC63-8DA7997E10E6}.WPFRelease|x86.Build.0 = WinDebug|x64
		{CCF590B8-E6BF-4D31-85BF-AFEA7D075EDF}.Debug|Any CPU.ActiveCfg = WinDebug|x64
		{CCF590B8-E6BF-4D31-85BF-AFEA7D075EDF}.Debug|Any CPU.Build.0 = WinDebug|x64
		{CCF590B8-E6BF-4D31-85BF-AFEA7D075EDF}.Debug|x64.ActiveCfg = WinDebug|x64
		{CCF590B8-E6BF-4D31-85BF-AFEA7D075EDF}.Debug|x64.Build.0 = WinDebug|x64
		{CCF590B8-E6BF-4D31-85BF-AFEA7D075EDF}.Debug|x86.ActiveCfg = WinDebug|x64
		{CCF590B8-E6BF-4D31-85BF-AFEA7D075EDF}.Debug|x86.Build.0 = WinDebug|x64
		{CCF590B8-E6BF-4D31-85BF-AFEA7D075EDF}.LinuxDebug|Any CPU.ActiveCfg = WinRelease|x64
		{CCF590B8-E6BF-4D31-85BF-AFEA7D075EDF}.LinuxDebug|Any CPU.Build.0 = WinRelease|x64
		{CCF590B8-E6BF-4D31-85BF-AFEA7D075EDF}.LinuxDebug|x64.ActiveCfg = WinRelease|x64
		{CCF590B8-E6BF-4D31-85BF-AFEA7D075EDF}.LinuxDebug|x64.Build.0 = WinRelease|x64
		{CCF590B8-E6BF-4D31-85BF-AFEA7D075EDF}.LinuxDebug|x86.ActiveCfg = WinDebug|x64
		{CCF590B8-E6BF-4D31-85BF-AFEA7D075EDF}.LinuxDebug|x86.Build.0 = WinDebug|x64
		{CCF590B8-E6BF-4D31-85BF-AFEA7D075EDF}.LinuxRelease|Any CPU.ActiveCfg = WinRelease|x64
		{CCF590B8-E6BF-4D31-85BF-AFEA7D075EDF}.LinuxRelease|Any CPU.Build.0 = WinRelease|x64
		{CCF590B8-E6BF-4D31-85BF-AFEA7D075EDF}.LinuxRelease|x64.ActiveCfg = WinRelease|x64
		{CCF590B8-E6BF-4D31-85BF-AFEA7D075EDF}.LinuxRelease|x64.Build.0 = WinRelease|x64
		{CCF590B8-E6BF-4D31-85BF-AFEA7D075EDF}.LinuxRelease|x86.ActiveCfg = WinDebug|x64
		{CCF590B8-E6BF-4D31-85BF-AFEA7D075EDF}.LinuxRelease|x86.Build.0 = WinDebug|x64
		{CCF590B8-E6BF-4D31-85BF-AFEA7D075EDF}.MacDebug|Any CPU.ActiveCfg = WinRelease|x64
		{CCF590B8-E6BF-4D31-85BF-AFEA7D075EDF}.MacDebug|Any CPU.Build.0 = WinRelease|x64
		{CCF590B8-E6BF-4D31-85BF-AFEA7D075EDF}.MacDebug|x64.ActiveCfg = WinRelease|x64
		{CCF590B8-E6BF-4D31-85BF-AFEA7D075EDF}.MacDebug|x64.Build.0 = WinRelease|x64
		{CCF590B8-E6BF-4D31-85BF-AFEA7D075EDF}.MacDebug|x86.ActiveCfg = WinDebug|x64
		{CCF590B8-E6BF-4D31-85BF-AFEA7D075EDF}.MacDebug|x86.Build.0 = WinDebug|x64
		{CCF590B8-E6BF-4D31-85BF-AFEA7D075EDF}.MacRelease|Any CPU.ActiveCfg = WinRelease|x64
		{CCF590B8-E6BF-4D31-85BF-AFEA7D075EDF}.MacRelease|Any CPU.Build.0 = WinRelease|x64
		{CCF590B8-E6BF-4D31-85BF-AFEA7D075EDF}.MacRelease|x64.ActiveCfg = WinRelease|x64
		{CCF590B8-E6BF-4D31-85BF-AFEA7D075EDF}.MacRelease|x64.Build.0 = WinRelease|x64
		{CCF590B8-E6BF-4D31-85BF-AFEA7D075EDF}.MacRelease|x86.ActiveCfg = WinDebug|x64
		{CCF590B8-E6BF-4D31-85BF-AFEA7D075EDF}.MacRelease|x86.Build.0 = WinDebug|x64
		{CCF590B8-E6BF-4D31-85BF-AFEA7D075EDF}.Profile|Any CPU.ActiveCfg = WinDebug|x64
		{CCF590B8-E6BF-4D31-85BF-AFEA7D075EDF}.Profile|Any CPU.Build.0 = WinDebug|x64
		{CCF590B8-E6BF-4D31-85BF-AFEA7D075EDF}.Profile|x64.ActiveCfg = WinDebug|x64
		{CCF590B8-E6BF-4D31-85BF-AFEA7D075EDF}.Profile|x64.Build.0 = WinDebug|x64
		{CCF590B8-E6BF-4D31-85BF-AFEA7D075EDF}.Profile|x86.ActiveCfg = WinDebug|x64
		{CCF590B8-E6BF-4D31-85BF-AFEA7D075EDF}.Profile|x86.Build.0 = WinDebug|x64
		{CCF590B8-E6BF-4D31-85BF-AFEA7D075EDF}.Release|Any CPU.ActiveCfg = WinDebug|x64
		{CCF590B8-E6BF-4D31-85BF-AFEA7D075EDF}.Release|Any CPU.Build.0 = WinDebug|x64
		{CCF590B8-E6BF-4D31-85BF-AFEA7D075EDF}.Release|x64.ActiveCfg = WinAzureRelease|x64
		{CCF590B8-E6BF-4D31-85BF-AFEA7D075EDF}.Release|x64.Build.0 = WinAzureRelease|x64
		{CCF590B8-E6BF-4D31-85BF-AFEA7D075EDF}.Release|x86.ActiveCfg = WinDebug|x64
		{CCF590B8-E6BF-4D31-85BF-AFEA7D075EDF}.Release|x86.Build.0 = WinDebug|x64
		{CCF590B8-E6BF-4D31-85BF-AFEA7D075EDF}.WinAzureRelease|Any CPU.ActiveCfg = WinAzureRelease|x64
		{CCF590B8-E6BF-4D31-85BF-AFEA7D075EDF}.WinAzureRelease|x64.ActiveCfg = WinAzureRelease|x64
		{CCF590B8-E6BF-4D31-85BF-AFEA7D075EDF}.WinAzureRelease|x64.Build.0 = WinAzureRelease|x64
		{CCF590B8-E6BF-4D31-85BF-AFEA7D075EDF}.WinAzureRelease|x86.ActiveCfg = WinAzureRelease|x64
		{CCF590B8-E6BF-4D31-85BF-AFEA7D075EDF}.WinAzureTest|Any CPU.ActiveCfg = WinAzureTest|x64
		{CCF590B8-E6BF-4D31-85BF-AFEA7D075EDF}.WinAzureTest|x64.ActiveCfg = WinAzureTest|x64
		{CCF590B8-E6BF-4D31-85BF-AFEA7D075EDF}.WinAzureTest|x64.Build.0 = WinAzureTest|x64
		{CCF590B8-E6BF-4D31-85BF-AFEA7D075EDF}.WinAzureTest|x86.ActiveCfg = WinAzureTest|x64
		{CCF590B8-E6BF-4D31-85BF-AFEA7D075EDF}.WinDebug|Any CPU.ActiveCfg = WinDebug|x64
		{CCF590B8-E6BF-4D31-85BF-AFEA7D075EDF}.WinDebug|x64.ActiveCfg = WinDebug|x64
		{CCF590B8-E6BF-4D31-85BF-AFEA7D075EDF}.WinDebug|x64.Build.0 = WinDebug|x64
		{CCF590B8-E6BF-4D31-85BF-AFEA7D075EDF}.WinDebug|x86.ActiveCfg = WinDebug|x64
		{CCF590B8-E6BF-4D31-85BF-AFEA7D075EDF}.WinRelease|Any CPU.ActiveCfg = WinRelease|x64
		{CCF590B8-E6BF-4D31-85BF-AFEA7D075EDF}.WinRelease|x64.ActiveCfg = WinRelease|x64
		{CCF590B8-E6BF-4D31-85BF-AFEA7D075EDF}.WinRelease|x64.Build.0 = WinRelease|x64
		{CCF590B8-E6BF-4D31-85BF-AFEA7D075EDF}.WinRelease|x86.ActiveCfg = WinRelease|x64
		{CCF590B8-E6BF-4D31-85BF-AFEA7D075EDF}.WPFDebug|Any CPU.ActiveCfg = WinRelease|x64
		{CCF590B8-E6BF-4D31-85BF-AFEA7D075EDF}.WPFDebug|Any CPU.Build.0 = WinRelease|x64
		{CCF590B8-E6BF-4D31-85BF-AFEA7D075EDF}.WPFDebug|x64.ActiveCfg = WinRelease|x64
		{CCF590B8-E6BF-4D31-85BF-AFEA7D075EDF}.WPFDebug|x64.Build.0 = WinRelease|x64
		{CCF590B8-E6BF-4D31-85BF-AFEA7D075EDF}.WPFDebug|x86.ActiveCfg = WinDebug|x64
		{CCF590B8-E6BF-4D31-85BF-AFEA7D075EDF}.WPFDebug|x86.Build.0 = WinDebug|x64
		{CCF590B8-E6BF-4D31-85BF-AFEA7D075EDF}.WPFRelease|Any CPU.ActiveCfg = WinRelease|x64
		{CCF590B8-E6BF-4D31-85BF-AFEA7D075EDF}.WPFRelease|Any CPU.Build.0 = WinRelease|x64
		{CCF590B8-E6BF-4D31-85BF-AFEA7D075EDF}.WPFRelease|x64.ActiveCfg = WinRelease|x64
		{CCF590B8-E6BF-4D31-85BF-AFEA7D075EDF}.WPFRelease|x64.Build.0 = WinRelease|x64
		{CCF590B8-E6BF-4D31-85BF-AFEA7D075EDF}.WPFRelease|x86.ActiveCfg = WinDebug|x64
		{CCF590B8-E6BF-4D31-85BF-AFEA7D075EDF}.WPFRelease|x86.Build.0 = WinDebug|x64
		{53AF9E1D-16BC-47A5-884E-5CE72ADCB805}.Debug|Any CPU.ActiveCfg = WinDebug|x64
		{53AF9E1D-16BC-47A5-884E-5CE72ADCB805}.Debug|Any CPU.Build.0 = WinDebug|x64
		{53AF9E1D-16BC-47A5-884E-5CE72ADCB805}.Debug|x64.ActiveCfg = WinDebug|x64
		{53AF9E1D-16BC-47A5-884E-5CE72ADCB805}.Debug|x64.Build.0 = WinDebug|x64
		{53AF9E1D-16BC-47A5-884E-5CE72ADCB805}.Debug|x86.ActiveCfg = WinDebug|x64
		{53AF9E1D-16BC-47A5-884E-5CE72ADCB805}.Debug|x86.Build.0 = WinDebug|x64
		{53AF9E1D-16BC-47A5-884E-5CE72ADCB805}.LinuxDebug|Any CPU.ActiveCfg = WinRelease|x64
		{53AF9E1D-16BC-47A5-884E-5CE72ADCB805}.LinuxDebug|Any CPU.Build.0 = WinRelease|x64
		{53AF9E1D-16BC-47A5-884E-5CE72ADCB805}.LinuxDebug|x64.ActiveCfg = WinRelease|x64
		{53AF9E1D-16BC-47A5-884E-5CE72ADCB805}.LinuxDebug|x64.Build.0 = WinRelease|x64
		{53AF9E1D-16BC-47A5-884E-5CE72ADCB805}.LinuxDebug|x86.ActiveCfg = WinDebug|x64
		{53AF9E1D-16BC-47A5-884E-5CE72ADCB805}.LinuxDebug|x86.Build.0 = WinDebug|x64
		{53AF9E1D-16BC-47A5-884E-5CE72ADCB805}.LinuxRelease|Any CPU.ActiveCfg = WinRelease|x64
		{53AF9E1D-16BC-47A5-884E-5CE72ADCB805}.LinuxRelease|Any CPU.Build.0 = WinRelease|x64
		{53AF9E1D-16BC-47A5-884E-5CE72ADCB805}.LinuxRelease|x64.ActiveCfg = WinRelease|x64
		{53AF9E1D-16BC-47A5-884E-5CE72ADCB805}.LinuxRelease|x64.Build.0 = WinRelease|x64
		{53AF9E1D-16BC-47A5-884E-5CE72ADCB805}.LinuxRelease|x86.ActiveCfg = WinDebug|x64
		{53AF9E1D-16BC-47A5-884E-5CE72ADCB805}.LinuxRelease|x86.Build.0 = WinDebug|x64
		{53AF9E1D-16BC-47A5-884E-5CE72ADCB805}.MacDebug|Any CPU.ActiveCfg = WinRelease|x64
		{53AF9E1D-16BC-47A5-884E-5CE72ADCB805}.MacDebug|Any CPU.Build.0 = WinRelease|x64
		{53AF9E1D-16BC-47A5-884E-5CE72ADCB805}.MacDebug|x64.ActiveCfg = WinRelease|x64
		{53AF9E1D-16BC-47A5-884E-5CE72ADCB805}.MacDebug|x64.Build.0 = WinRelease|x64
		{53AF9E1D-16BC-47A5-884E-5CE72ADCB805}.MacDebug|x86.ActiveCfg = WinDebug|x64
		{53AF9E1D-16BC-47A5-884E-5CE72ADCB805}.MacDebug|x86.Build.0 = WinDebug|x64
		{53AF9E1D-16BC-47A5-884E-5CE72ADCB805}.MacRelease|Any CPU.ActiveCfg = WinRelease|x64
		{53AF9E1D-16BC-47A5-884E-5CE72ADCB805}.MacRelease|Any CPU.Build.0 = WinRelease|x64
		{53AF9E1D-16BC-47A5-884E-5CE72ADCB805}.MacRelease|x64.ActiveCfg = WinRelease|x64
		{53AF9E1D-16BC-47A5-884E-5CE72ADCB805}.MacRelease|x64.Build.0 = WinRelease|x64
		{53AF9E1D-16BC-47A5-884E-5CE72ADCB805}.MacRelease|x86.ActiveCfg = WinDebug|x64
		{53AF9E1D-16BC-47A5-884E-5CE72ADCB805}.MacRelease|x86.Build.0 = WinDebug|x64
		{53AF9E1D-16BC-47A5-884E-5CE72ADCB805}.Profile|Any CPU.ActiveCfg = WinDebug|x64
		{53AF9E1D-16BC-47A5-884E-5CE72ADCB805}.Profile|Any CPU.Build.0 = WinDebug|x64
		{53AF9E1D-16BC-47A5-884E-5CE72ADCB805}.Profile|x64.ActiveCfg = WinDebug|x64
		{53AF9E1D-16BC-47A5-884E-5CE72ADCB805}.Profile|x64.Build.0 = WinDebug|x64
		{53AF9E1D-16BC-47A5-884E-5CE72ADCB805}.Profile|x86.ActiveCfg = WinDebug|x64
		{53AF9E1D-16BC-47A5-884E-5CE72ADCB805}.Profile|x86.Build.0 = WinDebug|x64
		{53AF9E1D-16BC-47A5-884E-5CE72ADCB805}.Release|Any CPU.ActiveCfg = WinDebug|x64
		{53AF9E1D-16BC-47A5-884E-5CE72ADCB805}.Release|Any CPU.Build.0 = WinDebug|x64
		{53AF9E1D-16BC-47A5-884E-5CE72ADCB805}.Release|x64.ActiveCfg = WinAzureRelease|x64
		{53AF9E1D-16BC-47A5-884E-5CE72ADCB805}.Release|x64.Build.0 = WinAzureRelease|x64
		{53AF9E1D-16BC-47A5-884E-5CE72ADCB805}.Release|x86.ActiveCfg = WinDebug|x64
		{53AF9E1D-16BC-47A5-884E-5CE72ADCB805}.Release|x86.Build.0 = WinDebug|x64
		{53AF9E1D-16BC-47A5-884E-5CE72ADCB805}.WinAzureRelease|Any CPU.ActiveCfg = WinAzureRelease|x64
		{53AF9E1D-16BC-47A5-884E-5CE72ADCB805}.WinAzureRelease|x64.ActiveCfg = WinAzureRelease|x64
		{53AF9E1D-16BC-47A5-884E-5CE72ADCB805}.WinAzureRelease|x64.Build.0 = WinAzureRelease|x64
		{53AF9E1D-16BC-47A5-884E-5CE72ADCB805}.WinAzureRelease|x86.ActiveCfg = WinAzureRelease|x64
		{53AF9E1D-16BC-47A5-884E-5CE72ADCB805}.WinAzureTest|Any CPU.ActiveCfg = WinAzureTest|x64
		{53AF9E1D-16BC-47A5-884E-5CE72ADCB805}.WinAzureTest|x64.ActiveCfg = WinAzureTest|x64
		{53AF9E1D-16BC-47A5-884E-5CE72ADCB805}.WinAzureTest|x64.Build.0 = WinAzureTest|x64
		{53AF9E1D-16BC-47A5-884E-5CE72ADCB805}.WinAzureTest|x86.ActiveCfg = WinAzureTest|x64
		{53AF9E1D-16BC-47A5-884E-5CE72ADCB805}.WinDebug|Any CPU.ActiveCfg = WinDebug|x64
		{53AF9E1D-16BC-47A5-884E-5CE72ADCB805}.WinDebug|x64.ActiveCfg = WinDebug|x64
		{53AF9E1D-16BC-47A5-884E-5CE72ADCB805}.WinDebug|x64.Build.0 = WinDebug|x64
		{53AF9E1D-16BC-47A5-884E-5CE72ADCB805}.WinDebug|x86.ActiveCfg = WinDebug|x64
		{53AF9E1D-16BC-47A5-884E-5CE72ADCB805}.WinRelease|Any CPU.ActiveCfg = WinRelease|x64
		{53AF9E1D-16BC-47A5-884E-5CE72ADCB805}.WinRelease|x64.ActiveCfg = WinRelease|x64
		{53AF9E1D-16BC-47A5-884E-5CE72ADCB805}.WinRelease|x64.Build.0 = WinRelease|x64
		{53AF9E1D-16BC-47A5-884E-5CE72ADCB805}.WinRelease|x86.ActiveCfg = WinRelease|x64
		{53AF9E1D-16BC-47A5-884E-5CE72ADCB805}.WPFDebug|Any CPU.ActiveCfg = WinRelease|x64
		{53AF9E1D-16BC-47A5-884E-5CE72ADCB805}.WPFDebug|Any CPU.Build.0 = WinRelease|x64
		{53AF9E1D-16BC-47A5-884E-5CE72ADCB805}.WPFDebug|x64.ActiveCfg = WinRelease|x64
		{53AF9E1D-16BC-47A5-884E-5CE72ADCB805}.WPFDebug|x64.Build.0 = WinRelease|x64
		{53AF9E1D-16BC-47A5-884E-5CE72ADCB805}.WPFDebug|x86.ActiveCfg = WinDebug|x64
		{53AF9E1D-16BC-47A5-884E-5CE72ADCB805}.WPFDebug|x86.Build.0 = WinDebug|x64
		{53AF9E1D-16BC-47A5-884E-5CE72ADCB805}.WPFRelease|Any CPU.ActiveCfg = WinRelease|x64
		{53AF9E1D-16BC-47A5-884E-5CE72ADCB805}.WPFRelease|Any CPU.Build.0 = WinRelease|x64
		{53AF9E1D-16BC-47A5-884E-5CE72ADCB805}.WPFRelease|x64.ActiveCfg = WinRelease|x64
		{53AF9E1D-16BC-47A5-884E-5CE72ADCB805}.WPFRelease|x64.Build.0 = WinRelease|x64
		{53AF9E1D-16BC-47A5-884E-5CE72ADCB805}.WPFRelease|x86.ActiveCfg = WinDebug|x64
		{53AF9E1D-16BC-47A5-884E-5CE72ADCB805}.WPFRelease|x86.Build.0 = WinDebug|x64
		{0C43CF93-CE9F-4BEC-A7CC-D45C161C3BE4}.Debug|Any CPU.ActiveCfg = WPFRelease|x64
		{0C43CF93-CE9F-4BEC-A7CC-D45C161C3BE4}.Debug|Any CPU.Build.0 = WPFRelease|x64
		{0C43CF93-CE9F-4BEC-A7CC-D45C161C3BE4}.Debug|x64.ActiveCfg = WPFDebug|x64
		{0C43CF93-CE9F-4BEC-A7CC-D45C161C3BE4}.Debug|x64.Build.0 = WPFDebug|x64
		{0C43CF93-CE9F-4BEC-A7CC-D45C161C3BE4}.Debug|x86.ActiveCfg = WPFRelease|x64
		{0C43CF93-CE9F-4BEC-A7CC-D45C161C3BE4}.Debug|x86.Build.0 = WPFRelease|x64
		{0C43CF93-CE9F-4BEC-A7CC-D45C161C3BE4}.LinuxDebug|Any CPU.ActiveCfg = LinuxDebug|x64
		{0C43CF93-CE9F-4BEC-A7CC-D45C161C3BE4}.LinuxDebug|x64.ActiveCfg = LinuxDebug|x64
		{0C43CF93-CE9F-4BEC-A7CC-D45C161C3BE4}.LinuxDebug|x64.Build.0 = LinuxDebug|x64
		{0C43CF93-CE9F-4BEC-A7CC-D45C161C3BE4}.LinuxDebug|x86.ActiveCfg = LinuxDebug|x64
		{0C43CF93-CE9F-4BEC-A7CC-D45C161C3BE4}.LinuxRelease|Any CPU.ActiveCfg = LinuxRelease|x64
		{0C43CF93-CE9F-4BEC-A7CC-D45C161C3BE4}.LinuxRelease|x64.ActiveCfg = LinuxRelease|x64
		{0C43CF93-CE9F-4BEC-A7CC-D45C161C3BE4}.LinuxRelease|x64.Build.0 = LinuxRelease|x64
		{0C43CF93-CE9F-4BEC-A7CC-D45C161C3BE4}.LinuxRelease|x86.ActiveCfg = LinuxRelease|x64
		{0C43CF93-CE9F-4BEC-A7CC-D45C161C3BE4}.MacDebug|Any CPU.ActiveCfg = MacDebug|x64
		{0C43CF93-CE9F-4BEC-A7CC-D45C161C3BE4}.MacDebug|x64.ActiveCfg = MacDebug|x64
		{0C43CF93-CE9F-4BEC-A7CC-D45C161C3BE4}.MacDebug|x64.Build.0 = MacDebug|x64
		{0C43CF93-CE9F-4BEC-A7CC-D45C161C3BE4}.MacDebug|x86.ActiveCfg = MacDebug|x64
		{0C43CF93-CE9F-4BEC-A7CC-D45C161C3BE4}.MacRelease|Any CPU.ActiveCfg = MacRelease|x64
		{0C43CF93-CE9F-4BEC-A7CC-D45C161C3BE4}.MacRelease|x64.ActiveCfg = MacRelease|x64
		{0C43CF93-CE9F-4BEC-A7CC-D45C161C3BE4}.MacRelease|x64.Build.0 = MacRelease|x64
		{0C43CF93-CE9F-4BEC-A7CC-D45C161C3BE4}.MacRelease|x86.ActiveCfg = MacRelease|x64
		{0C43CF93-CE9F-4BEC-A7CC-D45C161C3BE4}.Profile|Any CPU.ActiveCfg = WPFRelease|x64
		{0C43CF93-CE9F-4BEC-A7CC-D45C161C3BE4}.Profile|Any CPU.Build.0 = WPFRelease|x64
		{0C43CF93-CE9F-4BEC-A7CC-D45C161C3BE4}.Profile|x64.ActiveCfg = WPFRelease|x64
		{0C43CF93-CE9F-4BEC-A7CC-D45C161C3BE4}.Profile|x64.Build.0 = WPFRelease|x64
		{0C43CF93-CE9F-4BEC-A7CC-D45C161C3BE4}.Profile|x86.ActiveCfg = WPFRelease|x64
		{0C43CF93-CE9F-4BEC-A7CC-D45C161C3BE4}.Profile|x86.Build.0 = WPFRelease|x64
		{0C43CF93-CE9F-4BEC-A7CC-D45C161C3BE4}.Release|Any CPU.ActiveCfg = WPFRelease|x64
		{0C43CF93-CE9F-4BEC-A7CC-D45C161C3BE4}.Release|Any CPU.Build.0 = WPFRelease|x64
		{0C43CF93-CE9F-4BEC-A7CC-D45C161C3BE4}.Release|x64.ActiveCfg = WPFRelease|x64
		{0C43CF93-CE9F-4BEC-A7CC-D45C161C3BE4}.Release|x64.Build.0 = WPFRelease|x64
		{0C43CF93-CE9F-4BEC-A7CC-D45C161C3BE4}.Release|x86.ActiveCfg = WPFRelease|x64
		{0C43CF93-CE9F-4BEC-A7CC-D45C161C3BE4}.Release|x86.Build.0 = WPFRelease|x64
		{0C43CF93-CE9F-4BEC-A7CC-D45C161C3BE4}.WinAzureRelease|Any CPU.ActiveCfg = WinAzureRelease|x64
		{0C43CF93-CE9F-4BEC-A7CC-D45C161C3BE4}.WinAzureRelease|x64.ActiveCfg = WinAzureRelease|x64
		{0C43CF93-CE9F-4BEC-A7CC-D45C161C3BE4}.WinAzureRelease|x64.Build.0 = WinAzureRelease|x64
		{0C43CF93-CE9F-4BEC-A7CC-D45C161C3BE4}.WinAzureRelease|x86.ActiveCfg = WinAzureRelease|x64
		{0C43CF93-CE9F-4BEC-A7CC-D45C161C3BE4}.WinAzureTest|Any CPU.ActiveCfg = WinAzureTest|x64
		{0C43CF93-CE9F-4BEC-A7CC-D45C161C3BE4}.WinAzureTest|x64.ActiveCfg = WinAzureTest|x64
		{0C43CF93-CE9F-4BEC-A7CC-D45C161C3BE4}.WinAzureTest|x64.Build.0 = WinAzureTest|x64
		{0C43CF93-CE9F-4BEC-A7CC-D45C161C3BE4}.WinAzureTest|x86.ActiveCfg = WinAzureTest|x64
		{0C43CF93-CE9F-4BEC-A7CC-D45C161C3BE4}.WinDebug|Any CPU.ActiveCfg = WinDebug|x64
		{0C43CF93-CE9F-4BEC-A7CC-D45C161C3BE4}.WinDebug|x64.ActiveCfg = WinDebug|x64
		{0C43CF93-CE9F-4BEC-A7CC-D45C161C3BE4}.WinDebug|x64.Build.0 = WinDebug|x64
		{0C43CF93-CE9F-4BEC-A7CC-D45C161C3BE4}.WinDebug|x86.ActiveCfg = WinDebug|x64
		{0C43CF93-CE9F-4BEC-A7CC-D45C161C3BE4}.WinRelease|Any CPU.ActiveCfg = WinRelease|x64
		{0C43CF93-CE9F-4BEC-A7CC-D45C161C3BE4}.WinRelease|x64.ActiveCfg = WinRelease|x64
		{0C43CF93-CE9F-4BEC-A7CC-D45C161C3BE4}.WinRelease|x64.Build.0 = WinRelease|x64
		{0C43CF93-CE9F-4BEC-A7CC-D45C161C3BE4}.WinRelease|x86.ActiveCfg = WinRelease|x64
		{0C43CF93-CE9F-4BEC-A7CC-D45C161C3BE4}.WPFDebug|Any CPU.ActiveCfg = WPFDebug|x64
		{0C43CF93-CE9F-4BEC-A7CC-D45C161C3BE4}.WPFDebug|x64.ActiveCfg = WPFDebug|x64
		{0C43CF93-CE9F-4BEC-A7CC-D45C161C3BE4}.WPFDebug|x64.Build.0 = WPFDebug|x64
		{0C43CF93-CE9F-4BEC-A7CC-D45C161C3BE4}.WPFDebug|x86.ActiveCfg = WPFDebug|x64
		{0C43CF93-CE9F-4BEC-A7CC-D45C161C3BE4}.WPFRelease|Any CPU.ActiveCfg = WPFRelease|x64
		{0C43CF93-CE9F-4BEC-A7CC-D45C161C3BE4}.WPFRelease|x64.ActiveCfg = WPFRelease|x64
		{0C43CF93-CE9F-4BEC-A7CC-D45C161C3BE4}.WPFRelease|x64.Build.0 = WPFRelease|x64
		{0C43CF93-CE9F-4BEC-A7CC-D45C161C3BE4}.WPFRelease|x86.ActiveCfg = WPFRelease|x64
		{9118FCD1-EA08-45AD-A2F7-C2FBBBAF924E}.Debug|Any CPU.ActiveCfg = WinDebug|x64
		{9118FCD1-EA08-45AD-A2F7-C2FBBBAF924E}.Debug|Any CPU.Build.0 = WinDebug|x64
		{9118FCD1-EA08-45AD-A2F7-C2FBBBAF924E}.Debug|x64.ActiveCfg = WinDebug|x64
		{9118FCD1-EA08-45AD-A2F7-C2FBBBAF924E}.Debug|x64.Build.0 = WinDebug|x64
		{9118FCD1-EA08-45AD-A2F7-C2FBBBAF924E}.Debug|x86.ActiveCfg = WinDebug|x64
		{9118FCD1-EA08-45AD-A2F7-C2FBBBAF924E}.Debug|x86.Build.0 = WinDebug|x64
		{9118FCD1-EA08-45AD-A2F7-C2FBBBAF924E}.LinuxDebug|Any CPU.ActiveCfg = WinRelease|x64
		{9118FCD1-EA08-45AD-A2F7-C2FBBBAF924E}.LinuxDebug|Any CPU.Build.0 = WinRelease|x64
		{9118FCD1-EA08-45AD-A2F7-C2FBBBAF924E}.LinuxDebug|x64.ActiveCfg = WinRelease|x64
		{9118FCD1-EA08-45AD-A2F7-C2FBBBAF924E}.LinuxDebug|x64.Build.0 = WinRelease|x64
		{9118FCD1-EA08-45AD-A2F7-C2FBBBAF924E}.LinuxDebug|x86.ActiveCfg = WinDebug|x64
		{9118FCD1-EA08-45AD-A2F7-C2FBBBAF924E}.LinuxDebug|x86.Build.0 = WinDebug|x64
		{9118FCD1-EA08-45AD-A2F7-C2FBBBAF924E}.LinuxRelease|Any CPU.ActiveCfg = WinRelease|x64
		{9118FCD1-EA08-45AD-A2F7-C2FBBBAF924E}.LinuxRelease|Any CPU.Build.0 = WinRelease|x64
		{9118FCD1-EA08-45AD-A2F7-C2FBBBAF924E}.LinuxRelease|x64.ActiveCfg = WinRelease|x64
		{9118FCD1-EA08-45AD-A2F7-C2FBBBAF924E}.LinuxRelease|x64.Build.0 = WinRelease|x64
		{9118FCD1-EA08-45AD-A2F7-C2FBBBAF924E}.LinuxRelease|x86.ActiveCfg = WinDebug|x64
		{9118FCD1-EA08-45AD-A2F7-C2FBBBAF924E}.LinuxRelease|x86.Build.0 = WinDebug|x64
		{9118FCD1-EA08-45AD-A2F7-C2FBBBAF924E}.MacDebug|Any CPU.ActiveCfg = WinRelease|x64
		{9118FCD1-EA08-45AD-A2F7-C2FBBBAF924E}.MacDebug|Any CPU.Build.0 = WinRelease|x64
		{9118FCD1-EA08-45AD-A2F7-C2FBBBAF924E}.MacDebug|x64.ActiveCfg = WinRelease|x64
		{9118FCD1-EA08-45AD-A2F7-C2FBBBAF924E}.MacDebug|x64.Build.0 = WinRelease|x64
		{9118FCD1-EA08-45AD-A2F7-C2FBBBAF924E}.MacDebug|x86.ActiveCfg = WinDebug|x64
		{9118FCD1-EA08-45AD-A2F7-C2FBBBAF924E}.MacDebug|x86.Build.0 = WinDebug|x64
		{9118FCD1-EA08-45AD-A2F7-C2FBBBAF924E}.MacRelease|Any CPU.ActiveCfg = WinRelease|x64
		{9118FCD1-EA08-45AD-A2F7-C2FBBBAF924E}.MacRelease|Any CPU.Build.0 = WinRelease|x64
		{9118FCD1-EA08-45AD-A2F7-C2FBBBAF924E}.MacRelease|x64.ActiveCfg = WinRelease|x64
		{9118FCD1-EA08-45AD-A2F7-C2FBBBAF924E}.MacRelease|x64.Build.0 = WinRelease|x64
		{9118FCD1-EA08-45AD-A2F7-C2FBBBAF924E}.MacRelease|x86.ActiveCfg = WinDebug|x64
		{9118FCD1-EA08-45AD-A2F7-C2FBBBAF924E}.MacRelease|x86.Build.0 = WinDebug|x64
		{9118FCD1-EA08-45AD-A2F7-C2FBBBAF924E}.Profile|Any CPU.ActiveCfg = WinDebug|x64
		{9118FCD1-EA08-45AD-A2F7-C2FBBBAF924E}.Profile|Any CPU.Build.0 = WinDebug|x64
		{9118FCD1-EA08-45AD-A2F7-C2FBBBAF924E}.Profile|x64.ActiveCfg = WinDebug|x64
		{9118FCD1-EA08-45AD-A2F7-C2FBBBAF924E}.Profile|x64.Build.0 = WinDebug|x64
		{9118FCD1-EA08-45AD-A2F7-C2FBBBAF924E}.Profile|x86.ActiveCfg = WinDebug|x64
		{9118FCD1-EA08-45AD-A2F7-C2FBBBAF924E}.Profile|x86.Build.0 = WinDebug|x64
		{9118FCD1-EA08-45AD-A2F7-C2FBBBAF924E}.Release|Any CPU.ActiveCfg = WinDebug|x64
		{9118FCD1-EA08-45AD-A2F7-C2FBBBAF924E}.Release|Any CPU.Build.0 = WinDebug|x64
		{9118FCD1-EA08-45AD-A2F7-C2FBBBAF924E}.Release|x64.ActiveCfg = WinAzureRelease|x64
		{9118FCD1-EA08-45AD-A2F7-C2FBBBAF924E}.Release|x64.Build.0 = WinAzureRelease|x64
		{9118FCD1-EA08-45AD-A2F7-C2FBBBAF924E}.Release|x86.ActiveCfg = WinDebug|x64
		{9118FCD1-EA08-45AD-A2F7-C2FBBBAF924E}.Release|x86.Build.0 = WinDebug|x64
		{9118FCD1-EA08-45AD-A2F7-C2FBBBAF924E}.WinAzureRelease|Any CPU.ActiveCfg = WinAzureRelease|x64
		{9118FCD1-EA08-45AD-A2F7-C2FBBBAF924E}.WinAzureRelease|x64.ActiveCfg = WinAzureRelease|x64
		{9118FCD1-EA08-45AD-A2F7-C2FBBBAF924E}.WinAzureRelease|x64.Build.0 = WinAzureRelease|x64
		{9118FCD1-EA08-45AD-A2F7-C2FBBBAF924E}.WinAzureRelease|x86.ActiveCfg = WinAzureRelease|x64
		{9118FCD1-EA08-45AD-A2F7-C2FBBBAF924E}.WinAzureTest|Any CPU.ActiveCfg = WinAzureTest|x64
		{9118FCD1-EA08-45AD-A2F7-C2FBBBAF924E}.WinAzureTest|x64.ActiveCfg = WinAzureTest|x64
		{9118FCD1-EA08-45AD-A2F7-C2FBBBAF924E}.WinAzureTest|x64.Build.0 = WinAzureTest|x64
		{9118FCD1-EA08-45AD-A2F7-C2FBBBAF924E}.WinAzureTest|x86.ActiveCfg = WinAzureTest|x64
		{9118FCD1-EA08-45AD-A2F7-C2FBBBAF924E}.WinDebug|Any CPU.ActiveCfg = WinDebug|x64
		{9118FCD1-EA08-45AD-A2F7-C2FBBBAF924E}.WinDebug|x64.ActiveCfg = WinDebug|x64
		{9118FCD1-EA08-45AD-A2F7-C2FBBBAF924E}.WinDebug|x64.Build.0 = WinDebug|x64
		{9118FCD1-EA08-45AD-A2F7-C2FBBBAF924E}.WinDebug|x86.ActiveCfg = WinDebug|x64
		{9118FCD1-EA08-45AD-A2F7-C2FBBBAF924E}.WinRelease|Any CPU.ActiveCfg = WinRelease|x64
		{9118FCD1-EA08-45AD-A2F7-C2FBBBAF924E}.WinRelease|x64.ActiveCfg = WinRelease|x64
		{9118FCD1-EA08-45AD-A2F7-C2FBBBAF924E}.WinRelease|x64.Build.0 = WinRelease|x64
		{9118FCD1-EA08-45AD-A2F7-C2FBBBAF924E}.WinRelease|x86.ActiveCfg = WinRelease|x64
		{9118FCD1-EA08-45AD-A2F7-C2FBBBAF924E}.WPFDebug|Any CPU.ActiveCfg = WinRelease|x64
		{9118FCD1-EA08-45AD-A2F7-C2FBBBAF924E}.WPFDebug|Any CPU.Build.0 = WinRelease|x64
		{9118FCD1-EA08-45AD-A2F7-C2FBBBAF924E}.WPFDebug|x64.ActiveCfg = WinRelease|x64
		{9118FCD1-EA08-45AD-A2F7-C2FBBBAF924E}.WPFDebug|x64.Build.0 = WinRelease|x64
		{9118FCD1-EA08-45AD-A2F7-C2FBBBAF924E}.WPFDebug|x86.ActiveCfg = WinDebug|x64
		{9118FCD1-EA08-45AD-A2F7-C2FBBBAF924E}.WPFDebug|x86.Build.0 = WinDebug|x64
		{9118FCD1-EA08-45AD-A2F7-C2FBBBAF924E}.WPFRelease|Any CPU.ActiveCfg = WinRelease|x64
		{9118FCD1-EA08-45AD-A2F7-C2FBBBAF924E}.WPFRelease|Any CPU.Build.0 = WinRelease|x64
		{9118FCD1-EA08-45AD-A2F7-C2FBBBAF924E}.WPFRelease|x64.ActiveCfg = WinRelease|x64
		{9118FCD1-EA08-45AD-A2F7-C2FBBBAF924E}.WPFRelease|x64.Build.0 = WinRelease|x64
		{9118FCD1-EA08-45AD-A2F7-C2FBBBAF924E}.WPFRelease|x86.ActiveCfg = WinDebug|x64
		{9118FCD1-EA08-45AD-A2F7-C2FBBBAF924E}.WPFRelease|x86.Build.0 = WinDebug|x64
		{4F89E27F-AEE8-40C9-935C-DB33FF5100FA}.Debug|Any CPU.ActiveCfg = WinDebug|x64
		{4F89E27F-AEE8-40C9-935C-DB33FF5100FA}.Debug|Any CPU.Build.0 = WinDebug|x64
		{4F89E27F-AEE8-40C9-935C-DB33FF5100FA}.Debug|x64.ActiveCfg = WinDebug|x64
		{4F89E27F-AEE8-40C9-935C-DB33FF5100FA}.Debug|x64.Build.0 = WinDebug|x64
		{4F89E27F-AEE8-40C9-935C-DB33FF5100FA}.Debug|x86.ActiveCfg = WinDebug|x64
		{4F89E27F-AEE8-40C9-935C-DB33FF5100FA}.Debug|x86.Build.0 = WinDebug|x64
		{4F89E27F-AEE8-40C9-935C-DB33FF5100FA}.LinuxDebug|Any CPU.ActiveCfg = WinRelease|x64
		{4F89E27F-AEE8-40C9-935C-DB33FF5100FA}.LinuxDebug|Any CPU.Build.0 = WinRelease|x64
		{4F89E27F-AEE8-40C9-935C-DB33FF5100FA}.LinuxDebug|x64.ActiveCfg = WinRelease|x64
		{4F89E27F-AEE8-40C9-935C-DB33FF5100FA}.LinuxDebug|x64.Build.0 = WinRelease|x64
		{4F89E27F-AEE8-40C9-935C-DB33FF5100FA}.LinuxDebug|x86.ActiveCfg = WinDebug|x64
		{4F89E27F-AEE8-40C9-935C-DB33FF5100FA}.LinuxDebug|x86.Build.0 = WinDebug|x64
		{4F89E27F-AEE8-40C9-935C-DB33FF5100FA}.LinuxRelease|Any CPU.ActiveCfg = WinRelease|x64
		{4F89E27F-AEE8-40C9-935C-DB33FF5100FA}.LinuxRelease|Any CPU.Build.0 = WinRelease|x64
		{4F89E27F-AEE8-40C9-935C-DB33FF5100FA}.LinuxRelease|x64.ActiveCfg = WinRelease|x64
		{4F89E27F-AEE8-40C9-935C-DB33FF5100FA}.LinuxRelease|x64.Build.0 = WinRelease|x64
		{4F89E27F-AEE8-40C9-935C-DB33FF5100FA}.LinuxRelease|x86.ActiveCfg = WinDebug|x64
		{4F89E27F-AEE8-40C9-935C-DB33FF5100FA}.LinuxRelease|x86.Build.0 = WinDebug|x64
		{4F89E27F-AEE8-40C9-935C-DB33FF5100FA}.MacDebug|Any CPU.ActiveCfg = WinRelease|x64
		{4F89E27F-AEE8-40C9-935C-DB33FF5100FA}.MacDebug|Any CPU.Build.0 = WinRelease|x64
		{4F89E27F-AEE8-40C9-935C-DB33FF5100FA}.MacDebug|x64.ActiveCfg = WinRelease|x64
		{4F89E27F-AEE8-40C9-935C-DB33FF5100FA}.MacDebug|x64.Build.0 = WinRelease|x64
		{4F89E27F-AEE8-40C9-935C-DB33FF5100FA}.MacDebug|x86.ActiveCfg = WinDebug|x64
		{4F89E27F-AEE8-40C9-935C-DB33FF5100FA}.MacDebug|x86.Build.0 = WinDebug|x64
		{4F89E27F-AEE8-40C9-935C-DB33FF5100FA}.MacRelease|Any CPU.ActiveCfg = WinRelease|x64
		{4F89E27F-AEE8-40C9-935C-DB33FF5100FA}.MacRelease|Any CPU.Build.0 = WinRelease|x64
		{4F89E27F-AEE8-40C9-935C-DB33FF5100FA}.MacRelease|x64.ActiveCfg = WinRelease|x64
		{4F89E27F-AEE8-40C9-935C-DB33FF5100FA}.MacRelease|x64.Build.0 = WinRelease|x64
		{4F89E27F-AEE8-40C9-935C-DB33FF5100FA}.MacRelease|x86.ActiveCfg = WinDebug|x64
		{4F89E27F-AEE8-40C9-935C-DB33FF5100FA}.MacRelease|x86.Build.0 = WinDebug|x64
		{4F89E27F-AEE8-40C9-935C-DB33FF5100FA}.Profile|Any CPU.ActiveCfg = WinDebug|x64
		{4F89E27F-AEE8-40C9-935C-DB33FF5100FA}.Profile|Any CPU.Build.0 = WinDebug|x64
		{4F89E27F-AEE8-40C9-935C-DB33FF5100FA}.Profile|x64.ActiveCfg = WinDebug|x64
		{4F89E27F-AEE8-40C9-935C-DB33FF5100FA}.Profile|x64.Build.0 = WinDebug|x64
		{4F89E27F-AEE8-40C9-935C-DB33FF5100FA}.Profile|x86.ActiveCfg = WinDebug|x64
		{4F89E27F-AEE8-40C9-935C-DB33FF5100FA}.Profile|x86.Build.0 = WinDebug|x64
		{4F89E27F-AEE8-40C9-935C-DB33FF5100FA}.Release|Any CPU.ActiveCfg = WinDebug|x64
		{4F89E27F-AEE8-40C9-935C-DB33FF5100FA}.Release|Any CPU.Build.0 = WinDebug|x64
		{4F89E27F-AEE8-40C9-935C-DB33FF5100FA}.Release|x64.ActiveCfg = WinAzureRelease|x64
		{4F89E27F-AEE8-40C9-935C-DB33FF5100FA}.Release|x64.Build.0 = WinAzureRelease|x64
		{4F89E27F-AEE8-40C9-935C-DB33FF5100FA}.Release|x86.ActiveCfg = WinDebug|x64
		{4F89E27F-AEE8-40C9-935C-DB33FF5100FA}.Release|x86.Build.0 = WinDebug|x64
		{4F89E27F-AEE8-40C9-935C-DB33FF5100FA}.WinAzureRelease|Any CPU.ActiveCfg = WinAzureRelease|x64
		{4F89E27F-AEE8-40C9-935C-DB33FF5100FA}.WinAzureRelease|x64.ActiveCfg = WinAzureRelease|x64
		{4F89E27F-AEE8-40C9-935C-DB33FF5100FA}.WinAzureRelease|x64.Build.0 = WinAzureRelease|x64
		{4F89E27F-AEE8-40C9-935C-DB33FF5100FA}.WinAzureRelease|x86.ActiveCfg = WinAzureRelease|x64
		{4F89E27F-AEE8-40C9-935C-DB33FF5100FA}.WinAzureTest|Any CPU.ActiveCfg = WinAzureTest|x64
		{4F89E27F-AEE8-40C9-935C-DB33FF5100FA}.WinAzureTest|x64.ActiveCfg = WinAzureTest|x64
		{4F89E27F-AEE8-40C9-935C-DB33FF5100FA}.WinAzureTest|x64.Build.0 = WinAzureTest|x64
		{4F89E27F-AEE8-40C9-935C-DB33FF5100FA}.WinAzureTest|x86.ActiveCfg = WinAzureTest|x64
		{4F89E27F-AEE8-40C9-935C-DB33FF5100FA}.WinDebug|Any CPU.ActiveCfg = WinDebug|x64
		{4F89E27F-AEE8-40C9-935C-DB33FF5100FA}.WinDebug|x64.ActiveCfg = WinDebug|x64
		{4F89E27F-AEE8-40C9-935C-DB33FF5100FA}.WinDebug|x64.Build.0 = WinDebug|x64
		{4F89E27F-AEE8-40C9-935C-DB33FF5100FA}.WinDebug|x86.ActiveCfg = WinDebug|x64
		{4F89E27F-AEE8-40C9-935C-DB33FF5100FA}.WinRelease|Any CPU.ActiveCfg = WinRelease|x64
		{4F89E27F-AEE8-40C9-935C-DB33FF5100FA}.WinRelease|x64.ActiveCfg = WinRelease|x64
		{4F89E27F-AEE8-40C9-935C-DB33FF5100FA}.WinRelease|x64.Build.0 = WinRelease|x64
		{4F89E27F-AEE8-40C9-935C-DB33FF5100FA}.WinRelease|x86.ActiveCfg = WinRelease|x64
		{4F89E27F-AEE8-40C9-935C-DB33FF5100FA}.WPFDebug|Any CPU.ActiveCfg = WinRelease|x64
		{4F89E27F-AEE8-40C9-935C-DB33FF5100FA}.WPFDebug|Any CPU.Build.0 = WinRelease|x64
		{4F89E27F-AEE8-40C9-935C-DB33FF5100FA}.WPFDebug|x64.ActiveCfg = WinRelease|x64
		{4F89E27F-AEE8-40C9-935C-DB33FF5100FA}.WPFDebug|x64.Build.0 = WinRelease|x64
		{4F89E27F-AEE8-40C9-935C-DB33FF5100FA}.WPFDebug|x86.ActiveCfg = WinDebug|x64
		{4F89E27F-AEE8-40C9-935C-DB33FF5100FA}.WPFDebug|x86.Build.0 = WinDebug|x64
		{4F89E27F-AEE8-40C9-935C-DB33FF5100FA}.WPFRelease|Any CPU.ActiveCfg = WinRelease|x64
		{4F89E27F-AEE8-40C9-935C-DB33FF5100FA}.WPFRelease|Any CPU.Build.0 = WinRelease|x64
		{4F89E27F-AEE8-40C9-935C-DB33FF5100FA}.WPFRelease|x64.ActiveCfg = WinRelease|x64
		{4F89E27F-AEE8-40C9-935C-DB33FF5100FA}.WPFRelease|x64.Build.0 = WinRelease|x64
		{4F89E27F-AEE8-40C9-935C-DB33FF5100FA}.WPFRelease|x86.ActiveCfg = WinDebug|x64
		{4F89E27F-AEE8-40C9-935C-DB33FF5100FA}.WPFRelease|x86.Build.0 = WinDebug|x64
		{371B9FA9-4C90-4AC6-A123-ACED756D6C77}.Debug|Any CPU.ActiveCfg = Debug|x64
		{371B9FA9-4C90-4AC6-A123-ACED756D6C77}.Debug|Any CPU.Build.0 = Debug|x64
		{371B9FA9-4C90-4AC6-A123-ACED756D6C77}.Debug|x64.ActiveCfg = Debug|x64
		{371B9FA9-4C90-4AC6-A123-ACED756D6C77}.Debug|x64.Build.0 = Debug|x64
		{371B9FA9-4C90-4AC6-A123-ACED756D6C77}.Debug|x86.ActiveCfg = Debug|x64
		{371B9FA9-4C90-4AC6-A123-ACED756D6C77}.LinuxDebug|Any CPU.ActiveCfg = Debug|x64
		{371B9FA9-4C90-4AC6-A123-ACED756D6C77}.LinuxDebug|x64.ActiveCfg = Debug|x64
		{371B9FA9-4C90-4AC6-A123-ACED756D6C77}.LinuxDebug|x64.Build.0 = Debug|x64
		{371B9FA9-4C90-4AC6-A123-ACED756D6C77}.LinuxDebug|x86.ActiveCfg = Debug|x64
		{371B9FA9-4C90-4AC6-A123-ACED756D6C77}.LinuxRelease|Any CPU.ActiveCfg = Profile|x64
		{371B9FA9-4C90-4AC6-A123-ACED756D6C77}.LinuxRelease|x64.ActiveCfg = Release|x64
		{371B9FA9-4C90-4AC6-A123-ACED756D6C77}.LinuxRelease|x64.Build.0 = Release|x64
		{371B9FA9-4C90-4AC6-A123-ACED756D6C77}.LinuxRelease|x86.ActiveCfg = Release|x64
		{371B9FA9-4C90-4AC6-A123-ACED756D6C77}.MacDebug|Any CPU.ActiveCfg = Profile|x64
		{371B9FA9-4C90-4AC6-A123-ACED756D6C77}.MacDebug|x64.ActiveCfg = Debug|x64
		{371B9FA9-4C90-4AC6-A123-ACED756D6C77}.MacDebug|x64.Build.0 = Debug|x64
		{371B9FA9-4C90-4AC6-A123-ACED756D6C77}.MacDebug|x86.ActiveCfg = Debug|x64
		{371B9FA9-4C90-4AC6-A123-ACED756D6C77}.MacRelease|Any CPU.ActiveCfg = Profile|x64
		{371B9FA9-4C90-4AC6-A123-ACED756D6C77}.MacRelease|x64.ActiveCfg = Release|x64
		{371B9FA9-4C90-4AC6-A123-ACED756D6C77}.MacRelease|x64.Build.0 = Release|x64
		{371B9FA9-4C90-4AC6-A123-ACED756D6C77}.MacRelease|x86.ActiveCfg = Release|x64
		{371B9FA9-4C90-4AC6-A123-ACED756D6C77}.Profile|Any CPU.ActiveCfg = Profile|x64
		{371B9FA9-4C90-4AC6-A123-ACED756D6C77}.Profile|Any CPU.Build.0 = Profile|x64
		{371B9FA9-4C90-4AC6-A123-ACED756D6C77}.Profile|x64.ActiveCfg = Profile|x64
		{371B9FA9-4C90-4AC6-A123-ACED756D6C77}.Profile|x64.Build.0 = Profile|x64
		{371B9FA9-4C90-4AC6-A123-ACED756D6C77}.Profile|x86.ActiveCfg = Profile|x64
		{371B9FA9-4C90-4AC6-A123-ACED756D6C77}.Release|Any CPU.ActiveCfg = Release|x64
		{371B9FA9-4C90-4AC6-A123-ACED756D6C77}.Release|Any CPU.Build.0 = Release|x64
		{371B9FA9-4C90-4AC6-A123-ACED756D6C77}.Release|x64.ActiveCfg = Release|x64
		{371B9FA9-4C90-4AC6-A123-ACED756D6C77}.Release|x64.Build.0 = Release|x64
		{371B9FA9-4C90-4AC6-A123-ACED756D6C77}.Release|x86.ActiveCfg = Release|x64
		{371B9FA9-4C90-4AC6-A123-ACED756D6C77}.WinAzureRelease|Any CPU.ActiveCfg = Profile|x64
		{371B9FA9-4C90-4AC6-A123-ACED756D6C77}.WinAzureRelease|x64.ActiveCfg = Release|x64
		{371B9FA9-4C90-4AC6-A123-ACED756D6C77}.WinAzureRelease|x64.Build.0 = Release|x64
		{371B9FA9-4C90-4AC6-A123-ACED756D6C77}.WinAzureRelease|x86.ActiveCfg = Profile|x64
		{371B9FA9-4C90-4AC6-A123-ACED756D6C77}.WinAzureTest|Any CPU.ActiveCfg = Profile|x64
		{371B9FA9-4C90-4AC6-A123-ACED756D6C77}.WinAzureTest|x64.ActiveCfg = Profile|x64
		{371B9FA9-4C90-4AC6-A123-ACED756D6C77}.WinAzureTest|x64.Build.0 = Profile|x64
		{371B9FA9-4C90-4AC6-A123-ACED756D6C77}.WinAzureTest|x86.ActiveCfg = Profile|x64
		{371B9FA9-4C90-4AC6-A123-ACED756D6C77}.WinDebug|Any CPU.ActiveCfg = Profile|x64
		{371B9FA9-4C90-4AC6-A123-ACED756D6C77}.WinDebug|x64.ActiveCfg = Debug|x64
		{371B9FA9-4C90-4AC6-A123-ACED756D6C77}.WinDebug|x64.Build.0 = Debug|x64
		{371B9FA9-4C90-4AC6-A123-ACED756D6C77}.WinDebug|x86.ActiveCfg = Profile|x64
		{371B9FA9-4C90-4AC6-A123-ACED756D6C77}.WinRelease|Any CPU.ActiveCfg = Profile|x64
		{371B9FA9-4C90-4AC6-A123-ACED756D6C77}.WinRelease|x64.ActiveCfg = Release|x64
		{371B9FA9-4C90-4AC6-A123-ACED756D6C77}.WinRelease|x64.Build.0 = Release|x64
		{371B9FA9-4C90-4AC6-A123-ACED756D6C77}.WinRelease|x86.ActiveCfg = Profile|x64
		{371B9FA9-4C90-4AC6-A123-ACED756D6C77}.WPFDebug|Any CPU.ActiveCfg = Profile|x64
		{371B9FA9-4C90-4AC6-A123-ACED756D6C77}.WPFDebug|Any CPU.Build.0 = Profile|x64
		{371B9FA9-4C90-4AC6-A123-ACED756D6C77}.WPFDebug|x64.ActiveCfg = Debug|x64
		{371B9FA9-4C90-4AC6-A123-ACED756D6C77}.WPFDebug|x64.Build.0 = Debug|x64
		{371B9FA9-4C90-4AC6-A123-ACED756D6C77}.WPFDebug|x86.ActiveCfg = Profile|x64
		{371B9FA9-4C90-4AC6-A123-ACED756D6C77}.WPFRelease|Any CPU.ActiveCfg = Profile|x64
		{371B9FA9-4C90-4AC6-A123-ACED756D6C77}.WPFRelease|Any CPU.Build.0 = Profile|x64
		{371B9FA9-4C90-4AC6-A123-ACED756D6C77}.WPFRelease|x64.ActiveCfg = Release|x64
		{371B9FA9-4C90-4AC6-A123-ACED756D6C77}.WPFRelease|x64.Build.0 = Release|x64
		{371B9FA9-4C90-4AC6-A123-ACED756D6C77}.WPFRelease|x86.ActiveCfg = Profile|x64
	EndGlobalSection
	GlobalSection(SolutionProperties) = preSolution
		HideSolutionNode = FALSE
	EndGlobalSection
	GlobalSection(ExtensibilityGlobals) = postSolution
		SolutionGuid = {17DE3D1F-A50B-4EFD-9B03-6C0B42D39949}
	EndGlobalSection
	GlobalSection(Performance) = preSolution
		HasPerformanceSessions = true
	EndGlobalSection
	GlobalSection(Performance) = preSolution
		HasPerformanceSessions = true
	EndGlobalSection
	GlobalSection(Performance) = preSolution
		HasPerformanceSessions = true
	EndGlobalSection
	GlobalSection(Performance) = preSolution
		HasPerformanceSessions = true
	EndGlobalSection
	GlobalSection(Performance) = preSolution
		HasPerformanceSessions = true
	EndGlobalSection
	GlobalSection(Performance) = preSolution
		HasPerformanceSessions = true
	EndGlobalSection
EndGlobal
