
Microsoft Visual Studio Solution File, Format Version 11.00
# Visual C# Express 2010
Project("{FAE04EC0-301F-11D3-BF4B-00C04F79EFBC}") = "AmaroK86.MassEffect3.TOCHandler", "AmaroK86.MassEffect3.TOCHandler\AmaroK86.MassEffect3.TOCHandler.csproj", "{FD18702E-C7A4-42A1-AC91-C1671FDF7522}"
EndProject
Project("{FAE04EC0-301F-11D3-BF4B-00C04F79EFBC}") = "Gibbed.IO", "..\Gibbed.IO\Gibbed.IO.csproj", "{047857BA-DAA3-4CA7-AFB8-A1B082B28C6A}"
EndProject
Global
	GlobalSection(SolutionConfigurationPlatforms) = preSolution
		Debug|Any CPU = Debug|Any CPU
		Release|Any CPU = Release|Any CPU
	EndGlobalSection
	GlobalSection(ProjectConfigurationPlatforms) = postSolution
		{FD18702E-C7A4-42A1-AC91-C1671FDF7522}.Debug|Any CPU.ActiveCfg = Debug|Any CPU
		{FD18702E-C7A4-42A1-AC91-C1671FDF7522}.Debug|Any CPU.Build.0 = Debug|Any CPU
		{FD18702E-C7A4-42A1-AC91-C1671FDF7522}.Release|Any CPU.ActiveCfg = Release|Any CPU
		{FD18702E-C7A4-42A1-AC91-C1671FDF7522}.Release|Any CPU.Build.0 = Release|Any CPU
		{047857BA-DAA3-4CA7-AFB8-A1B082B28C6A}.Debug|Any CPU.ActiveCfg = Debug|Any CPU
		{047857BA-DAA3-4CA7-AFB8-A1B082B28C6A}.Debug|Any CPU.Build.0 = Debug|Any CPU
		{047857BA-DAA3-4CA7-AFB8-A1B082B28C6A}.Release|Any CPU.ActiveCfg = Release|Any CPU
		{047857BA-DAA3-4CA7-AFB8-A1B082B28C6A}.Release|Any CPU.Build.0 = Release|Any CPU
	EndGlobalSection
	GlobalSection(SolutionProperties) = preSolution
		HideSolutionNode = FALSE
	EndGlobalSection
EndGlobal
