
Microsoft Visual Studio Solution File, Format Version 10.00
# Visual C# Express 2008
Project("{FAE04EC0-301F-11D3-BF4B-00C04F79EFBC}") = "Transitions", "Transitions\Transitions.csproj", "{95CDE461-0720-4C3B-B5E1-D188391FB7C0}"
EndProject
Project("{FAE04EC0-301F-11D3-BF4B-00C04F79EFBC}") = "TestSample", "TestSample\TestSample.csproj", "{E5B3CEE3-973B-4400-BF81-62EEC02625F4}"
EndProject
Global
	GlobalSection(SolutionConfigurationPlatforms) = preSolution
		Debug|Any CPU = Debug|Any CPU
		Release|Any CPU = Release|Any CPU
	EndGlobalSection
	GlobalSection(ProjectConfigurationPlatforms) = postSolution
		{95CDE461-0720-4C3B-B5E1-D188391FB7C0}.Debug|Any CPU.ActiveCfg = Debug|Any CPU
		{95CDE461-0720-4C3B-B5E1-D188391FB7C0}.Debug|Any CPU.Build.0 = Debug|Any CPU
		{95CDE461-0720-4C3B-B5E1-D188391FB7C0}.Release|Any CPU.ActiveCfg = Release|Any CPU
		{95CDE461-0720-4C3B-B5E1-D188391FB7C0}.Release|Any CPU.Build.0 = Release|Any CPU
		{E5B3CEE3-973B-4400-BF81-62EEC02625F4}.Debug|Any CPU.ActiveCfg = Debug|Any CPU
		{E5B3CEE3-973B-4400-BF81-62EEC02625F4}.Debug|Any CPU.Build.0 = Debug|Any CPU
		{E5B3CEE3-973B-4400-BF81-62EEC02625F4}.Release|Any CPU.ActiveCfg = Release|Any CPU
		{E5B3CEE3-973B-4400-BF81-62EEC02625F4}.Release|Any CPU.Build.0 = Release|Any CPU
	EndGlobalSection
	GlobalSection(SolutionProperties) = preSolution
		HideSolutionNode = FALSE
	EndGlobalSection
EndGlobal
