
Microsoft Visual Studio Solution File, Format Version 11.00
# Visual C# Express 2010
Project("{FAE04EC0-301F-11D3-BF4B-00C04F79EFBC}") = "AmaroK86.ImageFormat", "AmaroK86.ImageFormat\AmaroK86.ImageFormat.csproj", "{F1C6A2A0-5F1A-414A-BE17-A2FDA2A79E7F}"
EndProject
Global
	GlobalSection(SolutionConfigurationPlatforms) = preSolution
		Debug|Any CPU = Debug|Any CPU
		Release|Any CPU = Release|Any CPU
	EndGlobalSection
	GlobalSection(ProjectConfigurationPlatforms) = postSolution
		{F1C6A2A0-5F1A-414A-BE17-A2FDA2A79E7F}.Debug|Any CPU.ActiveCfg = Debug|Any CPU
		{F1C6A2A0-5F1A-414A-BE17-A2FDA2A79E7F}.Debug|Any CPU.Build.0 = Debug|Any CPU
		{F1C6A2A0-5F1A-414A-BE17-A2FDA2A79E7F}.Release|Any CPU.ActiveCfg = Release|Any CPU
		{F1C6A2A0-5F1A-414A-BE17-A2FDA2A79E7F}.Release|Any CPU.Build.0 = Release|Any CPU
	EndGlobalSection
	GlobalSection(SolutionProperties) = preSolution
		HideSolutionNode = FALSE
	EndGlobalSection
EndGlobal
